// !$*UTF8*$!
{
	archiveVersion = 1;
	classes = {
	};
	objectVersion = 52;
	objects = {

/* Begin PBXBuildFile section */
		1515D1121DDA7913008690FD /* SpeakerDetailHeaderCollectionViewCell.swift in Sources */ = {isa = PBXBuildFile; fileRef = 1515D1101DDA7913008690FD /* SpeakerDetailHeaderCollectionViewCell.swift */; };
		1515D1131DDA7913008690FD /* SpeakerDetailHeaderCollectionViewCell.xib in Resources */ = {isa = PBXBuildFile; fileRef = 1515D1111DDA7913008690FD /* SpeakerDetailHeaderCollectionViewCell.xib */; };
		1515D1161DDA9E21008690FD /* SpeakerDetailDescriptionUnit.swift in Sources */ = {isa = PBXBuildFile; fileRef = 1515D1151DDA9E21008690FD /* SpeakerDetailDescriptionUnit.swift */; };
		1515D1191DDA9E34008690FD /* SpeakerDetailDescriptionCollectionViewCell.swift in Sources */ = {isa = PBXBuildFile; fileRef = 1515D1171DDA9E34008690FD /* SpeakerDetailDescriptionCollectionViewCell.swift */; };
		1515D11A1DDA9E34008690FD /* SpeakerDetailDescriptionCollectionViewCell.xib in Resources */ = {isa = PBXBuildFile; fileRef = 1515D1181DDA9E34008690FD /* SpeakerDetailDescriptionCollectionViewCell.xib */; };
		1515D11E1DDCE47A008690FD /* SpeakerDetailSocialCollectionViewCell.swift in Sources */ = {isa = PBXBuildFile; fileRef = 1515D11C1DDCE47A008690FD /* SpeakerDetailSocialCollectionViewCell.swift */; };
		1515D11F1DDCE47A008690FD /* SpeakerDetailSocialCollectionViewCell.xib in Resources */ = {isa = PBXBuildFile; fileRef = 1515D11D1DDCE47A008690FD /* SpeakerDetailSocialCollectionViewCell.xib */; };
		1515D1211DDCE487008690FD /* SpeakerDetailSocialUnit.swift in Sources */ = {isa = PBXBuildFile; fileRef = 1515D1201DDCE487008690FD /* SpeakerDetailSocialUnit.swift */; };
		1515D1231DDCEF11008690FD /* UIColor+Hex.swift in Sources */ = {isa = PBXBuildFile; fileRef = 1515D1221DDCEF11008690FD /* UIColor+Hex.swift */; };
		1519A68E1DE287B50044EE8C /* DetailHeaderCollectionViewCell.swift in Sources */ = {isa = PBXBuildFile; fileRef = 1519A68C1DE287B50044EE8C /* DetailHeaderCollectionViewCell.swift */; };
		1519A68F1DE287B50044EE8C /* DetailHeaderCollectionViewCell.xib in Resources */ = {isa = PBXBuildFile; fileRef = 1519A68D1DE287B50044EE8C /* DetailHeaderCollectionViewCell.xib */; };
		1519A6971DE33A3B0044EE8C /* ConferenceStyleKit.swift in Sources */ = {isa = PBXBuildFile; fileRef = 1519A6961DE33A3B0044EE8C /* ConferenceStyleKit.swift */; };
		1519A6991DE341160044EE8C /* TalkDetailUnits.swift in Sources */ = {isa = PBXBuildFile; fileRef = 1519A6981DE341160044EE8C /* TalkDetailUnits.swift */; };
		1519A69D1DE347E60044EE8C /* TalkDetailDescriptionCollectionViewCell.swift in Sources */ = {isa = PBXBuildFile; fileRef = 1519A69B1DE347E60044EE8C /* TalkDetailDescriptionCollectionViewCell.swift */; };
		1519A69E1DE347E60044EE8C /* TalkDetailDescriptionCollectionViewCell.xib in Resources */ = {isa = PBXBuildFile; fileRef = 1519A69C1DE347E60044EE8C /* TalkDetailDescriptionCollectionViewCell.xib */; };
		1520BD0C1DEA5A5B0080DF4A /* UIViewController+URL.swift in Sources */ = {isa = PBXBuildFile; fileRef = 1520BD0B1DEA5A5B0080DF4A /* UIViewController+URL.swift */; };
		1520BD0F1DEA5C250080DF4A /* CodeOfConductUnit.swift in Sources */ = {isa = PBXBuildFile; fileRef = 1520BD0E1DEA5C250080DF4A /* CodeOfConductUnit.swift */; };
		1520BD121DEA5C570080DF4A /* CodeOfConductCollectionViewCell.swift in Sources */ = {isa = PBXBuildFile; fileRef = 1520BD101DEA5C570080DF4A /* CodeOfConductCollectionViewCell.swift */; };
		1520BD131DEA5C570080DF4A /* CodeOfConductCollectionViewCell.xib in Resources */ = {isa = PBXBuildFile; fileRef = 1520BD111DEA5C570080DF4A /* CodeOfConductCollectionViewCell.xib */; };
		1520BD171DEA64700080DF4A /* EmptyUnit.swift in Sources */ = {isa = PBXBuildFile; fileRef = 1520BD161DEA64700080DF4A /* EmptyUnit.swift */; };
		15256C221DE6A1EA00263E92 /* String+Capitalize.swift in Sources */ = {isa = PBXBuildFile; fileRef = 15256C211DE6A1EA00263E92 /* String+Capitalize.swift */; };
		15256D0E1DE7BCEA00263E92 /* Theme.swift in Sources */ = {isa = PBXBuildFile; fileRef = 15256D0D1DE7BCEA00263E92 /* Theme.swift */; };
		15256D121DE7C4EE00263E92 /* UIImage+Color.swift in Sources */ = {isa = PBXBuildFile; fileRef = 15256D111DE7C4EE00263E92 /* UIImage+Color.swift */; };
		15256D151DE8E7E100263E92 /* EventScene.swift in Sources */ = {isa = PBXBuildFile; fileRef = 15256D141DE8E7E100263E92 /* EventScene.swift */; };
		15256D171DE8E83C00263E92 /* EventMainViewController.swift in Sources */ = {isa = PBXBuildFile; fileRef = 15256D161DE8E83C00263E92 /* EventMainViewController.swift */; };
		15256D191DE8E88B00263E92 /* EventMainView.swift in Sources */ = {isa = PBXBuildFile; fileRef = 15256D181DE8E88B00263E92 /* EventMainView.swift */; };
		15256D1B1DE8EAAF00263E92 /* EventModel.swift in Sources */ = {isa = PBXBuildFile; fileRef = 15256D1A1DE8EAAF00263E92 /* EventModel.swift */; };
		15256D1E1DE8ECC500263E92 /* EventMainState.swift in Sources */ = {isa = PBXBuildFile; fileRef = 15256D1D1DE8ECC500263E92 /* EventMainState.swift */; };
		15256D221DE8ED9000263E92 /* ReminderUnit.swift in Sources */ = {isa = PBXBuildFile; fileRef = 15256D211DE8ED9000263E92 /* ReminderUnit.swift */; };
		15256D251DE8ED9F00263E92 /* ReminderCollectionViewCell.swift in Sources */ = {isa = PBXBuildFile; fileRef = 15256D231DE8ED9F00263E92 /* ReminderCollectionViewCell.swift */; };
		15256D261DE8ED9F00263E92 /* ReminderCollectionViewCell.xib in Resources */ = {isa = PBXBuildFile; fileRef = 15256D241DE8ED9F00263E92 /* ReminderCollectionViewCell.xib */; };
		15256D301DE9F28400263E92 /* MapLocationUnit.swift in Sources */ = {isa = PBXBuildFile; fileRef = 15256D2F1DE9F28400263E92 /* MapLocationUnit.swift */; };
		15256D331DE9F29400263E92 /* MapLocationCollectionViewCell.swift in Sources */ = {isa = PBXBuildFile; fileRef = 15256D311DE9F29400263E92 /* MapLocationCollectionViewCell.swift */; };
		15256D341DE9F29400263E92 /* MapLocationCollectionViewCell.xib in Resources */ = {isa = PBXBuildFile; fileRef = 15256D321DE9F29400263E92 /* MapLocationCollectionViewCell.xib */; };
		15256D381DE9FC4300263E92 /* EventDateCollectionViewCell.swift in Sources */ = {isa = PBXBuildFile; fileRef = 15256D361DE9FC4300263E92 /* EventDateCollectionViewCell.swift */; };
		15256D391DE9FC4300263E92 /* EventDateCollectionViewCell.xib in Resources */ = {isa = PBXBuildFile; fileRef = 15256D371DE9FC4300263E92 /* EventDateCollectionViewCell.xib */; };
		15256D3B1DE9FC5000263E92 /* EventDateUnit.swift in Sources */ = {isa = PBXBuildFile; fileRef = 15256D3A1DE9FC5000263E92 /* EventDateUnit.swift */; };
		15256D3E1DEA152700263E92 /* EventKit.framework in Frameworks */ = {isa = PBXBuildFile; fileRef = 15256D3C1DEA152700263E92 /* EventKit.framework */; };
		15256D3F1DEA152700263E92 /* EventKitUI.framework in Frameworks */ = {isa = PBXBuildFile; fileRef = 15256D3D1DEA152700263E92 /* EventKitUI.framework */; };
		15256D421DEA3BEF00263E92 /* EventFollowOnTwitterUnit.swift in Sources */ = {isa = PBXBuildFile; fileRef = 15256D411DEA3BEF00263E92 /* EventFollowOnTwitterUnit.swift */; };
		15256D451DEA3C9900263E92 /* EventFollowOnTwitterCollectionViewCell.swift in Sources */ = {isa = PBXBuildFile; fileRef = 15256D431DEA3C9900263E92 /* EventFollowOnTwitterCollectionViewCell.swift */; };
		15256D461DEA3C9900263E92 /* EventFollowOnTwitterCollectionViewCell.xib in Resources */ = {isa = PBXBuildFile; fileRef = 15256D441DEA3C9900263E92 /* EventFollowOnTwitterCollectionViewCell.xib */; };
		15256D4A1DEA44E200263E92 /* EventLocationPin.swift in Sources */ = {isa = PBXBuildFile; fileRef = 15256D491DEA44E200263E92 /* EventLocationPin.swift */; };
		152F38C81DCD0C1A00FE9ECF /* TalksScene.swift in Sources */ = {isa = PBXBuildFile; fileRef = 152F38C71DCD0C1A00FE9ECF /* TalksScene.swift */; };
		152F38CA1DCD0C2500FE9ECF /* SponsorsScene.swift in Sources */ = {isa = PBXBuildFile; fileRef = 152F38C91DCD0C2500FE9ECF /* SponsorsScene.swift */; };
		152F38CC1DCD0C3100FE9ECF /* SpeakersScene.swift in Sources */ = {isa = PBXBuildFile; fileRef = 152F38CB1DCD0C3100FE9ECF /* SpeakersScene.swift */; };
		152F38D31DCD0C6B00FE9ECF /* MainTabController.swift in Sources */ = {isa = PBXBuildFile; fileRef = 152F38D21DCD0C6B00FE9ECF /* MainTabController.swift */; };
		152F38D51DCD0C7D00FE9ECF /* MainScene.swift in Sources */ = {isa = PBXBuildFile; fileRef = 152F38D41DCD0C7D00FE9ECF /* MainScene.swift */; };
		152F38D71DCD0C8400FE9ECF /* Scene.swift in Sources */ = {isa = PBXBuildFile; fileRef = 152F38D61DCD0C8400FE9ECF /* Scene.swift */; };
		152F38DB1DCD130C00FE9ECF /* UIStoryboard+Generics.swift in Sources */ = {isa = PBXBuildFile; fileRef = 152F38DA1DCD130C00FE9ECF /* UIStoryboard+Generics.swift */; };
		152F38DD1DCD144800FE9ECF /* TalksDashboardViewController.swift in Sources */ = {isa = PBXBuildFile; fileRef = 152F38DC1DCD144800FE9ECF /* TalksDashboardViewController.swift */; };
		152F38DF1DCD687300FE9ECF /* TalksDashboardView.swift in Sources */ = {isa = PBXBuildFile; fileRef = 152F38DE1DCD687300FE9ECF /* TalksDashboardView.swift */; };
		152F38E21DD110F500FE9ECF /* NetworkFetcher.swift in Sources */ = {isa = PBXBuildFile; fileRef = 152F38E11DD110F500FE9ECF /* NetworkFetcher.swift */; };
		152F38E41DD1113400FE9ECF /* URLSessionFetcher.swift in Sources */ = {isa = PBXBuildFile; fileRef = 152F38E31DD1113400FE9ECF /* URLSessionFetcher.swift */; };
		153313641DE5118100F5F2EA /* SponsorsListViewController.swift in Sources */ = {isa = PBXBuildFile; fileRef = 153313631DE5118100F5F2EA /* SponsorsListViewController.swift */; };
		153313661DE5119200F5F2EA /* SponsorsListView.swift in Sources */ = {isa = PBXBuildFile; fileRef = 153313651DE5119200F5F2EA /* SponsorsListView.swift */; };
		1551775B1DE5168800D9D106 /* SponsorsListState.swift in Sources */ = {isa = PBXBuildFile; fileRef = 1551775A1DE5168800D9D106 /* SponsorsListState.swift */; };
		1551775E1DE51A3A00D9D106 /* SponsorDetailUnit.swift in Sources */ = {isa = PBXBuildFile; fileRef = 1551775D1DE51A3A00D9D106 /* SponsorDetailUnit.swift */; };
		155BF1331DDD302D00985B9F /* LabelUnit.swift in Sources */ = {isa = PBXBuildFile; fileRef = 155BF1321DDD302D00985B9F /* LabelUnit.swift */; };
		155BF1361DDD304200985B9F /* LabelCollectionViewCell.swift in Sources */ = {isa = PBXBuildFile; fileRef = 155BF1341DDD304200985B9F /* LabelCollectionViewCell.swift */; };
		155BF1371DDD304200985B9F /* LabelCollectionViewCell.xib in Resources */ = {isa = PBXBuildFile; fileRef = 155BF1351DDD304200985B9F /* LabelCollectionViewCell.xib */; };
		158F3E5A1DE3CB0E0076CDB6 /* SpeakerDetailSmallTalkCollectionViewCell.swift in Sources */ = {isa = PBXBuildFile; fileRef = 158F3E581DE3CB0E0076CDB6 /* SpeakerDetailSmallTalkCollectionViewCell.swift */; };
		158F3E5B1DE3CB0E0076CDB6 /* SpeakerDetailSmallTalkCollectionViewCell.xib in Resources */ = {isa = PBXBuildFile; fileRef = 158F3E591DE3CB0E0076CDB6 /* SpeakerDetailSmallTalkCollectionViewCell.xib */; };
		158F3E5D1DE3CC890076CDB6 /* SpeakerDetailSmallTalkUnit.swift in Sources */ = {isa = PBXBuildFile; fileRef = 158F3E5C1DE3CC890076CDB6 /* SpeakerDetailSmallTalkUnit.swift */; };
		158F3E611DE3E8EA0076CDB6 /* TalkDetailStatsCollectionViewCell.swift in Sources */ = {isa = PBXBuildFile; fileRef = 158F3E5F1DE3E8EA0076CDB6 /* TalkDetailStatsCollectionViewCell.swift */; };
		158F3E621DE3E8EA0076CDB6 /* TalkDetailStatsCollectionViewCell.xib in Resources */ = {isa = PBXBuildFile; fileRef = 158F3E601DE3E8EA0076CDB6 /* TalkDetailStatsCollectionViewCell.xib */; };
		158F3E661DE4E4B50076CDB6 /* SponsorModel.swift in Sources */ = {isa = PBXBuildFile; fileRef = 158F3E651DE4E4B50076CDB6 /* SponsorModel.swift */; };
		1591645B1DDD370600995EC2 /* TalkDashboardUnits.swift in Sources */ = {isa = PBXBuildFile; fileRef = 1591645A1DDD370600995EC2 /* TalkDashboardUnits.swift */; };
		1591645E1DDD419700995EC2 /* TalkCollectionViewCell.swift in Sources */ = {isa = PBXBuildFile; fileRef = 1591645C1DDD419700995EC2 /* TalkCollectionViewCell.swift */; };
		1591645F1DDD419700995EC2 /* TalkCollectionViewCell.xib in Resources */ = {isa = PBXBuildFile; fileRef = 1591645D1DDD419700995EC2 /* TalkCollectionViewCell.xib */; };
		159164611DDD458800995EC2 /* TalkUnit.swift in Sources */ = {isa = PBXBuildFile; fileRef = 159164601DDD458800995EC2 /* TalkUnit.swift */; };
		15A761AA1DE658E40006333D /* TalkDetailPlayVideoUnit.swift in Sources */ = {isa = PBXBuildFile; fileRef = 15A761A91DE658E40006333D /* TalkDetailPlayVideoUnit.swift */; };
		15A761AD1DE659010006333D /* TalkDetailPlayVideoCollectionViewCell.swift in Sources */ = {isa = PBXBuildFile; fileRef = 15A761AB1DE659010006333D /* TalkDetailPlayVideoCollectionViewCell.swift */; };
		15A761AE1DE659010006333D /* TalkDetailPlayVideoCollectionViewCell.xib in Resources */ = {isa = PBXBuildFile; fileRef = 15A761AC1DE659010006333D /* TalkDetailPlayVideoCollectionViewCell.xib */; };
		15A761B01DE65F7E0006333D /* VideosListView.swift in Sources */ = {isa = PBXBuildFile; fileRef = 15A761AF1DE65F7E0006333D /* VideosListView.swift */; };
		15A761B21DE65FA70006333D /* VideoListViewState.swift in Sources */ = {isa = PBXBuildFile; fileRef = 15A761B11DE65FA70006333D /* VideoListViewState.swift */; };
		15A761B51DE667220006333D /* VideosListViewUnits.swift in Sources */ = {isa = PBXBuildFile; fileRef = 15A761B41DE667220006333D /* VideosListViewUnits.swift */; };
		15BBD8931DD64ABE00A9A45F /* SpeakerListView.swift in Sources */ = {isa = PBXBuildFile; fileRef = 15BBD8921DD64ABE00A9A45F /* SpeakerListView.swift */; };
		15BBD8971DD9E6B000A9A45F /* SpeakersListState.swift in Sources */ = {isa = PBXBuildFile; fileRef = 15BBD8961DD9E6B000A9A45F /* SpeakersListState.swift */; };
		15BBD89A1DD9E9BD00A9A45F /* SpeakerHeroUnit.swift in Sources */ = {isa = PBXBuildFile; fileRef = 15BBD8991DD9E9BD00A9A45F /* SpeakerHeroUnit.swift */; };
		15BBD89D1DD9EA2D00A9A45F /* SpeakerHeroCollectionViewCell.swift in Sources */ = {isa = PBXBuildFile; fileRef = 15BBD89B1DD9EA2D00A9A45F /* SpeakerHeroCollectionViewCell.swift */; };
		15BBD89E1DD9EA2D00A9A45F /* SpeakerHeroCollectionViewCell.xib in Resources */ = {isa = PBXBuildFile; fileRef = 15BBD89C1DD9EA2D00A9A45F /* SpeakerHeroCollectionViewCell.xib */; };
		15BBD8A11DDA232F00A9A45F /* GradientView.swift in Sources */ = {isa = PBXBuildFile; fileRef = 15BBD8A01DDA232F00A9A45F /* GradientView.swift */; };
		15BBD8A51DDA413600A9A45F /* SpeakerDetailViewController.swift in Sources */ = {isa = PBXBuildFile; fileRef = 15BBD8A41DDA413600A9A45F /* SpeakerDetailViewController.swift */; };
		15BBD8A71DDA414200A9A45F /* SpeakerDetailView.swift in Sources */ = {isa = PBXBuildFile; fileRef = 15BBD8A61DDA414200A9A45F /* SpeakerDetailView.swift */; };
		15BBD8AB1DDA415900A9A45F /* SpeakerDetailViewState.swift in Sources */ = {isa = PBXBuildFile; fileRef = 15BBD8AA1DDA415900A9A45F /* SpeakerDetailViewState.swift */; };
		15BBD8AF1DDA493400A9A45F /* SpeakerDetailHeaderUnit.swift in Sources */ = {isa = PBXBuildFile; fileRef = 15BBD8AE1DDA493400A9A45F /* SpeakerDetailHeaderUnit.swift */; };
		15BD915E1DC95DF90088AEB4 /* AppDelegate.swift in Sources */ = {isa = PBXBuildFile; fileRef = 15BD915D1DC95DF90088AEB4 /* AppDelegate.swift */; };
		15BD91601DC95DF90088AEB4 /* ViewController.swift in Sources */ = {isa = PBXBuildFile; fileRef = 15BD915F1DC95DF90088AEB4 /* ViewController.swift */; };
		15BD91651DC95DF90088AEB4 /* Assets.xcassets in Resources */ = {isa = PBXBuildFile; fileRef = 15BD91641DC95DF90088AEB4 /* Assets.xcassets */; };
		15BD91681DC95DF90088AEB4 /* LaunchScreen.storyboard in Resources */ = {isa = PBXBuildFile; fileRef = 15BD91661DC95DF90088AEB4 /* LaunchScreen.storyboard */; };
		15BD91731DC95DF90088AEB4 /* CocoaheadsConfTests.swift in Sources */ = {isa = PBXBuildFile; fileRef = 15BD91721DC95DF90088AEB4 /* CocoaheadsConfTests.swift */; };
		15D88FD91DD34F630055F781 /* Date+Extensions.swift in Sources */ = {isa = PBXBuildFile; fileRef = 15D88FD81DD34F630055F781 /* Date+Extensions.swift */; };
		15D88FDB1DD35E330055F781 /* TimeDisplayUnit.swift in Sources */ = {isa = PBXBuildFile; fileRef = 15D88FDA1DD35E330055F781 /* TimeDisplayUnit.swift */; };
		15D88FDE1DD35E420055F781 /* TimeDisplayCollectionViewCell.swift in Sources */ = {isa = PBXBuildFile; fileRef = 15D88FDC1DD35E420055F781 /* TimeDisplayCollectionViewCell.swift */; };
		15D88FDF1DD35E420055F781 /* TimeDisplayCollectionViewCell.xib in Resources */ = {isa = PBXBuildFile; fileRef = 15D88FDD1DD35E420055F781 /* TimeDisplayCollectionViewCell.xib */; };
		15D88FE11DD360B80055F781 /* DisplayTalkTests.swift in Sources */ = {isa = PBXBuildFile; fileRef = 15D88FE01DD360B80055F781 /* DisplayTalkTests.swift */; };
		15D88FE41DD3741F0055F781 /* NavigationViewController.swift in Sources */ = {isa = PBXBuildFile; fileRef = 15D88FE31DD3741F0055F781 /* NavigationViewController.swift */; };
		15D88FE61DD3795B0055F781 /* SpeakersListViewController.swift in Sources */ = {isa = PBXBuildFile; fileRef = 15D88FE51DD3795B0055F781 /* SpeakersListViewController.swift */; };
		15DDF92A1DD11DA200AD4B93 /* TalkModel.swift in Sources */ = {isa = PBXBuildFile; fileRef = 15DDF9291DD11DA200AD4B93 /* TalkModel.swift */; };
		15DDF92C1DD11DAA00AD4B93 /* SpeakerModel.swift in Sources */ = {isa = PBXBuildFile; fileRef = 15DDF92B1DD11DAA00AD4B93 /* SpeakerModel.swift */; };
		15DDF9301DD11E9300AD4B93 /* RoomModel.swift in Sources */ = {isa = PBXBuildFile; fileRef = 15DDF92F1DD11E9300AD4B93 /* RoomModel.swift */; };
		15DDF9331DD122E700AD4B93 /* LocalData.json in Resources */ = {isa = PBXBuildFile; fileRef = 15DDF9321DD122E700AD4B93 /* LocalData.json */; };
		15DDF9351DD126CA00AD4B93 /* LocalDataFetcher.swift in Sources */ = {isa = PBXBuildFile; fileRef = 15DDF9341DD126CA00AD4B93 /* LocalDataFetcher.swift */; };
		15DDF9381DD1284500AD4B93 /* Cache.swift in Sources */ = {isa = PBXBuildFile; fileRef = 15DDF9371DD1284500AD4B93 /* Cache.swift */; };
		15DDF93A1DD1298800AD4B93 /* Date+Marshal.swift in Sources */ = {isa = PBXBuildFile; fileRef = 15DDF9391DD1298800AD4B93 /* Date+Marshal.swift */; };
		15DDF9411DD1FB8600AD4B93 /* TalksDashboardView.xib in Resources */ = {isa = PBXBuildFile; fileRef = 15DDF9401DD1FB8600AD4B93 /* TalksDashboardView.xib */; };
		15DDF9461DD2B86100AD4B93 /* ParseDataTest.swift in Sources */ = {isa = PBXBuildFile; fileRef = 15DDF9451DD2B86100AD4B93 /* ParseDataTest.swift */; };
		15DDF9491DD2C38400AD4B93 /* CacheUpdatable.swift in Sources */ = {isa = PBXBuildFile; fileRef = 15DDF9481DD2C38400AD4B93 /* CacheUpdatable.swift */; };
		15DDF94B1DD2C4C700AD4B93 /* TalkDashboardViewState.swift in Sources */ = {isa = PBXBuildFile; fileRef = 15DDF94A1DD2C4C700AD4B93 /* TalkDashboardViewState.swift */; };
		15F9E4251DDF7A1F00C05ECC /* TalkDetailViewController.swift in Sources */ = {isa = PBXBuildFile; fileRef = 15F9E4241DDF7A1F00C05ECC /* TalkDetailViewController.swift */; };
		15F9E4271DDF7A4600C05ECC /* TalkDetailView.swift in Sources */ = {isa = PBXBuildFile; fileRef = 15F9E4261DDF7A4600C05ECC /* TalkDetailView.swift */; };
		15F9E42D1DDF85E200C05ECC /* TalkDetailViewState.swift in Sources */ = {isa = PBXBuildFile; fileRef = 15F9E42C1DDF85E200C05ECC /* TalkDetailViewState.swift */; };
		1D07718B234146E200DDEAE9 /* BuildFile in Frameworks */ = {isa = PBXBuildFile; productRef = 1D07718A234146E200DDEAE9 /* SwiftPackageProductDependency */; };
		1FB33EC6A0E4FD8A272779D7 /* Pods_CocoaheadsConf.framework in Frameworks */ = {isa = PBXBuildFile; fileRef = 0668A8CC5476A35E0163F0B6 /* Pods_CocoaheadsConf.framework */; };
		DD3A5AE71DE60A8D0016882D /* VideoModel.swift in Sources */ = {isa = PBXBuildFile; fileRef = DD3A5AE61DE60A8D0016882D /* VideoModel.swift */; };
		DD3A5AEA1DE60D580016882D /* VideosScene.swift in Sources */ = {isa = PBXBuildFile; fileRef = DD3A5AE91DE60D580016882D /* VideosScene.swift */; };
		DD3A5AEF1DE60E130016882D /* VideosViewController.swift in Sources */ = {isa = PBXBuildFile; fileRef = DD3A5AEE1DE60E130016882D /* VideosViewController.swift */; };
		DD3A5B141DE633500016882D /* PlaybackHelper.swift in Sources */ = {isa = PBXBuildFile; fileRef = DD3A5B131DE633500016882D /* PlaybackHelper.swift */; };
		DD86972C1DE76A3D0034DAE8 /* String+CMTime.swift in Sources */ = {isa = PBXBuildFile; fileRef = DD86972B1DE76A3D0034DAE8 /* String+CMTime.swift */; };
		DDABFB111DE72AEC00351DA8 /* UserDefaults+CHConf.swift in Sources */ = {isa = PBXBuildFile; fileRef = DDABFB101DE72AEC00351DA8 /* UserDefaults+CHConf.swift */; };
/* End PBXBuildFile section */

/* Begin PBXContainerItemProxy section */
		15BD916F1DC95DF90088AEB4 /* PBXContainerItemProxy */ = {
			isa = PBXContainerItemProxy;
			containerPortal = 15BD91521DC95DF90088AEB4 /* Project object */;
			proxyType = 1;
			remoteGlobalIDString = 15BD91591DC95DF90088AEB4;
			remoteInfo = CocoaheadsConf;
		};
/* End PBXContainerItemProxy section */

/* Begin PBXFileReference section */
		0668A8CC5476A35E0163F0B6 /* Pods_CocoaheadsConf.framework */ = {isa = PBXFileReference; explicitFileType = wrapper.framework; includeInIndex = 0; path = Pods_CocoaheadsConf.framework; sourceTree = BUILT_PRODUCTS_DIR; };
		1515D1101DDA7913008690FD /* SpeakerDetailHeaderCollectionViewCell.swift */ = {isa = PBXFileReference; fileEncoding = 4; lastKnownFileType = sourcecode.swift; path = SpeakerDetailHeaderCollectionViewCell.swift; sourceTree = "<group>"; };
		1515D1111DDA7913008690FD /* SpeakerDetailHeaderCollectionViewCell.xib */ = {isa = PBXFileReference; fileEncoding = 4; lastKnownFileType = file.xib; path = SpeakerDetailHeaderCollectionViewCell.xib; sourceTree = "<group>"; };
		1515D1151DDA9E21008690FD /* SpeakerDetailDescriptionUnit.swift */ = {isa = PBXFileReference; fileEncoding = 4; lastKnownFileType = sourcecode.swift; path = SpeakerDetailDescriptionUnit.swift; sourceTree = "<group>"; };
		1515D1171DDA9E34008690FD /* SpeakerDetailDescriptionCollectionViewCell.swift */ = {isa = PBXFileReference; fileEncoding = 4; lastKnownFileType = sourcecode.swift; path = SpeakerDetailDescriptionCollectionViewCell.swift; sourceTree = "<group>"; };
		1515D1181DDA9E34008690FD /* SpeakerDetailDescriptionCollectionViewCell.xib */ = {isa = PBXFileReference; fileEncoding = 4; lastKnownFileType = file.xib; path = SpeakerDetailDescriptionCollectionViewCell.xib; sourceTree = "<group>"; };
		1515D11C1DDCE47A008690FD /* SpeakerDetailSocialCollectionViewCell.swift */ = {isa = PBXFileReference; fileEncoding = 4; lastKnownFileType = sourcecode.swift; path = SpeakerDetailSocialCollectionViewCell.swift; sourceTree = "<group>"; };
		1515D11D1DDCE47A008690FD /* SpeakerDetailSocialCollectionViewCell.xib */ = {isa = PBXFileReference; fileEncoding = 4; lastKnownFileType = file.xib; path = SpeakerDetailSocialCollectionViewCell.xib; sourceTree = "<group>"; };
		1515D1201DDCE487008690FD /* SpeakerDetailSocialUnit.swift */ = {isa = PBXFileReference; fileEncoding = 4; lastKnownFileType = sourcecode.swift; path = SpeakerDetailSocialUnit.swift; sourceTree = "<group>"; };
		1515D1221DDCEF11008690FD /* UIColor+Hex.swift */ = {isa = PBXFileReference; fileEncoding = 4; lastKnownFileType = sourcecode.swift; path = "UIColor+Hex.swift"; sourceTree = "<group>"; };
		1519A68C1DE287B50044EE8C /* DetailHeaderCollectionViewCell.swift */ = {isa = PBXFileReference; fileEncoding = 4; lastKnownFileType = sourcecode.swift; path = DetailHeaderCollectionViewCell.swift; sourceTree = "<group>"; };
		1519A68D1DE287B50044EE8C /* DetailHeaderCollectionViewCell.xib */ = {isa = PBXFileReference; fileEncoding = 4; lastKnownFileType = file.xib; path = DetailHeaderCollectionViewCell.xib; sourceTree = "<group>"; };
		1519A6961DE33A3B0044EE8C /* ConferenceStyleKit.swift */ = {isa = PBXFileReference; fileEncoding = 4; lastKnownFileType = sourcecode.swift; path = ConferenceStyleKit.swift; sourceTree = "<group>"; };
		1519A6981DE341160044EE8C /* TalkDetailUnits.swift */ = {isa = PBXFileReference; fileEncoding = 4; lastKnownFileType = sourcecode.swift; path = TalkDetailUnits.swift; sourceTree = "<group>"; };
		1519A69B1DE347E60044EE8C /* TalkDetailDescriptionCollectionViewCell.swift */ = {isa = PBXFileReference; fileEncoding = 4; lastKnownFileType = sourcecode.swift; path = TalkDetailDescriptionCollectionViewCell.swift; sourceTree = "<group>"; };
		1519A69C1DE347E60044EE8C /* TalkDetailDescriptionCollectionViewCell.xib */ = {isa = PBXFileReference; fileEncoding = 4; lastKnownFileType = file.xib; path = TalkDetailDescriptionCollectionViewCell.xib; sourceTree = "<group>"; };
		1520BD0B1DEA5A5B0080DF4A /* UIViewController+URL.swift */ = {isa = PBXFileReference; fileEncoding = 4; lastKnownFileType = sourcecode.swift; path = "UIViewController+URL.swift"; sourceTree = "<group>"; };
		1520BD0E1DEA5C250080DF4A /* CodeOfConductUnit.swift */ = {isa = PBXFileReference; fileEncoding = 4; lastKnownFileType = sourcecode.swift; path = CodeOfConductUnit.swift; sourceTree = "<group>"; };
		1520BD101DEA5C570080DF4A /* CodeOfConductCollectionViewCell.swift */ = {isa = PBXFileReference; fileEncoding = 4; lastKnownFileType = sourcecode.swift; path = CodeOfConductCollectionViewCell.swift; sourceTree = "<group>"; };
		1520BD111DEA5C570080DF4A /* CodeOfConductCollectionViewCell.xib */ = {isa = PBXFileReference; fileEncoding = 4; lastKnownFileType = file.xib; path = CodeOfConductCollectionViewCell.xib; sourceTree = "<group>"; };
		1520BD161DEA64700080DF4A /* EmptyUnit.swift */ = {isa = PBXFileReference; fileEncoding = 4; lastKnownFileType = sourcecode.swift; path = EmptyUnit.swift; sourceTree = "<group>"; };
		15256C211DE6A1EA00263E92 /* String+Capitalize.swift */ = {isa = PBXFileReference; fileEncoding = 4; lastKnownFileType = sourcecode.swift; path = "String+Capitalize.swift"; sourceTree = "<group>"; };
		15256D0D1DE7BCEA00263E92 /* Theme.swift */ = {isa = PBXFileReference; fileEncoding = 4; lastKnownFileType = sourcecode.swift; path = Theme.swift; sourceTree = "<group>"; };
		15256D111DE7C4EE00263E92 /* UIImage+Color.swift */ = {isa = PBXFileReference; fileEncoding = 4; lastKnownFileType = sourcecode.swift; path = "UIImage+Color.swift"; sourceTree = "<group>"; };
		15256D141DE8E7E100263E92 /* EventScene.swift */ = {isa = PBXFileReference; fileEncoding = 4; lastKnownFileType = sourcecode.swift; path = EventScene.swift; sourceTree = "<group>"; };
		15256D161DE8E83C00263E92 /* EventMainViewController.swift */ = {isa = PBXFileReference; fileEncoding = 4; lastKnownFileType = sourcecode.swift; path = EventMainViewController.swift; sourceTree = "<group>"; };
		15256D181DE8E88B00263E92 /* EventMainView.swift */ = {isa = PBXFileReference; fileEncoding = 4; lastKnownFileType = sourcecode.swift; path = EventMainView.swift; sourceTree = "<group>"; };
		15256D1A1DE8EAAF00263E92 /* EventModel.swift */ = {isa = PBXFileReference; fileEncoding = 4; lastKnownFileType = sourcecode.swift; path = EventModel.swift; sourceTree = "<group>"; };
		15256D1D1DE8ECC500263E92 /* EventMainState.swift */ = {isa = PBXFileReference; fileEncoding = 4; lastKnownFileType = sourcecode.swift; path = EventMainState.swift; sourceTree = "<group>"; };
		15256D211DE8ED9000263E92 /* ReminderUnit.swift */ = {isa = PBXFileReference; fileEncoding = 4; lastKnownFileType = sourcecode.swift; path = ReminderUnit.swift; sourceTree = "<group>"; };
		15256D231DE8ED9F00263E92 /* ReminderCollectionViewCell.swift */ = {isa = PBXFileReference; fileEncoding = 4; lastKnownFileType = sourcecode.swift; path = ReminderCollectionViewCell.swift; sourceTree = "<group>"; };
		15256D241DE8ED9F00263E92 /* ReminderCollectionViewCell.xib */ = {isa = PBXFileReference; fileEncoding = 4; lastKnownFileType = file.xib; path = ReminderCollectionViewCell.xib; sourceTree = "<group>"; };
		15256D2F1DE9F28400263E92 /* MapLocationUnit.swift */ = {isa = PBXFileReference; fileEncoding = 4; lastKnownFileType = sourcecode.swift; path = MapLocationUnit.swift; sourceTree = "<group>"; };
		15256D311DE9F29400263E92 /* MapLocationCollectionViewCell.swift */ = {isa = PBXFileReference; fileEncoding = 4; lastKnownFileType = sourcecode.swift; path = MapLocationCollectionViewCell.swift; sourceTree = "<group>"; };
		15256D321DE9F29400263E92 /* MapLocationCollectionViewCell.xib */ = {isa = PBXFileReference; fileEncoding = 4; lastKnownFileType = file.xib; path = MapLocationCollectionViewCell.xib; sourceTree = "<group>"; };
		15256D361DE9FC4300263E92 /* EventDateCollectionViewCell.swift */ = {isa = PBXFileReference; fileEncoding = 4; lastKnownFileType = sourcecode.swift; path = EventDateCollectionViewCell.swift; sourceTree = "<group>"; };
		15256D371DE9FC4300263E92 /* EventDateCollectionViewCell.xib */ = {isa = PBXFileReference; fileEncoding = 4; lastKnownFileType = file.xib; path = EventDateCollectionViewCell.xib; sourceTree = "<group>"; };
		15256D3A1DE9FC5000263E92 /* EventDateUnit.swift */ = {isa = PBXFileReference; fileEncoding = 4; lastKnownFileType = sourcecode.swift; path = EventDateUnit.swift; sourceTree = "<group>"; };
		15256D3C1DEA152700263E92 /* EventKit.framework */ = {isa = PBXFileReference; lastKnownFileType = wrapper.framework; name = EventKit.framework; path = System/Library/Frameworks/EventKit.framework; sourceTree = SDKROOT; };
		15256D3D1DEA152700263E92 /* EventKitUI.framework */ = {isa = PBXFileReference; lastKnownFileType = wrapper.framework; name = EventKitUI.framework; path = System/Library/Frameworks/EventKitUI.framework; sourceTree = SDKROOT; };
		15256D411DEA3BEF00263E92 /* EventFollowOnTwitterUnit.swift */ = {isa = PBXFileReference; fileEncoding = 4; lastKnownFileType = sourcecode.swift; path = EventFollowOnTwitterUnit.swift; sourceTree = "<group>"; };
		15256D431DEA3C9900263E92 /* EventFollowOnTwitterCollectionViewCell.swift */ = {isa = PBXFileReference; fileEncoding = 4; lastKnownFileType = sourcecode.swift; path = EventFollowOnTwitterCollectionViewCell.swift; sourceTree = "<group>"; };
		15256D441DEA3C9900263E92 /* EventFollowOnTwitterCollectionViewCell.xib */ = {isa = PBXFileReference; fileEncoding = 4; lastKnownFileType = file.xib; path = EventFollowOnTwitterCollectionViewCell.xib; sourceTree = "<group>"; };
		15256D491DEA44E200263E92 /* EventLocationPin.swift */ = {isa = PBXFileReference; fileEncoding = 4; lastKnownFileType = sourcecode.swift; path = EventLocationPin.swift; sourceTree = "<group>"; };
		152F38C71DCD0C1A00FE9ECF /* TalksScene.swift */ = {isa = PBXFileReference; fileEncoding = 4; lastKnownFileType = sourcecode.swift; path = TalksScene.swift; sourceTree = "<group>"; };
		152F38C91DCD0C2500FE9ECF /* SponsorsScene.swift */ = {isa = PBXFileReference; fileEncoding = 4; lastKnownFileType = sourcecode.swift; path = SponsorsScene.swift; sourceTree = "<group>"; };
		152F38CB1DCD0C3100FE9ECF /* SpeakersScene.swift */ = {isa = PBXFileReference; fileEncoding = 4; lastKnownFileType = sourcecode.swift; path = SpeakersScene.swift; sourceTree = "<group>"; };
		152F38D21DCD0C6B00FE9ECF /* MainTabController.swift */ = {isa = PBXFileReference; fileEncoding = 4; lastKnownFileType = sourcecode.swift; path = MainTabController.swift; sourceTree = "<group>"; };
		152F38D41DCD0C7D00FE9ECF /* MainScene.swift */ = {isa = PBXFileReference; fileEncoding = 4; lastKnownFileType = sourcecode.swift; path = MainScene.swift; sourceTree = "<group>"; };
		152F38D61DCD0C8400FE9ECF /* Scene.swift */ = {isa = PBXFileReference; fileEncoding = 4; lastKnownFileType = sourcecode.swift; path = Scene.swift; sourceTree = "<group>"; };
		152F38DA1DCD130C00FE9ECF /* UIStoryboard+Generics.swift */ = {isa = PBXFileReference; fileEncoding = 4; lastKnownFileType = sourcecode.swift; path = "UIStoryboard+Generics.swift"; sourceTree = "<group>"; };
		152F38DC1DCD144800FE9ECF /* TalksDashboardViewController.swift */ = {isa = PBXFileReference; fileEncoding = 4; lastKnownFileType = sourcecode.swift; path = TalksDashboardViewController.swift; sourceTree = "<group>"; };
		152F38DE1DCD687300FE9ECF /* TalksDashboardView.swift */ = {isa = PBXFileReference; fileEncoding = 4; lastKnownFileType = sourcecode.swift; path = TalksDashboardView.swift; sourceTree = "<group>"; };
		152F38E11DD110F500FE9ECF /* NetworkFetcher.swift */ = {isa = PBXFileReference; fileEncoding = 4; lastKnownFileType = sourcecode.swift; path = NetworkFetcher.swift; sourceTree = "<group>"; };
		152F38E31DD1113400FE9ECF /* URLSessionFetcher.swift */ = {isa = PBXFileReference; fileEncoding = 4; lastKnownFileType = sourcecode.swift; path = URLSessionFetcher.swift; sourceTree = "<group>"; };
		153313631DE5118100F5F2EA /* SponsorsListViewController.swift */ = {isa = PBXFileReference; fileEncoding = 4; lastKnownFileType = sourcecode.swift; path = SponsorsListViewController.swift; sourceTree = "<group>"; };
		153313651DE5119200F5F2EA /* SponsorsListView.swift */ = {isa = PBXFileReference; fileEncoding = 4; lastKnownFileType = sourcecode.swift; path = SponsorsListView.swift; sourceTree = "<group>"; };
		1551775A1DE5168800D9D106 /* SponsorsListState.swift */ = {isa = PBXFileReference; fileEncoding = 4; lastKnownFileType = sourcecode.swift; path = SponsorsListState.swift; sourceTree = "<group>"; };
		1551775D1DE51A3A00D9D106 /* SponsorDetailUnit.swift */ = {isa = PBXFileReference; fileEncoding = 4; lastKnownFileType = sourcecode.swift; path = SponsorDetailUnit.swift; sourceTree = "<group>"; };
		155BF1321DDD302D00985B9F /* LabelUnit.swift */ = {isa = PBXFileReference; fileEncoding = 4; lastKnownFileType = sourcecode.swift; path = LabelUnit.swift; sourceTree = "<group>"; };
		155BF1341DDD304200985B9F /* LabelCollectionViewCell.swift */ = {isa = PBXFileReference; fileEncoding = 4; lastKnownFileType = sourcecode.swift; path = LabelCollectionViewCell.swift; sourceTree = "<group>"; };
		155BF1351DDD304200985B9F /* LabelCollectionViewCell.xib */ = {isa = PBXFileReference; fileEncoding = 4; lastKnownFileType = file.xib; path = LabelCollectionViewCell.xib; sourceTree = "<group>"; };
		158F3E581DE3CB0E0076CDB6 /* SpeakerDetailSmallTalkCollectionViewCell.swift */ = {isa = PBXFileReference; fileEncoding = 4; lastKnownFileType = sourcecode.swift; path = SpeakerDetailSmallTalkCollectionViewCell.swift; sourceTree = "<group>"; };
		158F3E591DE3CB0E0076CDB6 /* SpeakerDetailSmallTalkCollectionViewCell.xib */ = {isa = PBXFileReference; fileEncoding = 4; lastKnownFileType = file.xib; path = SpeakerDetailSmallTalkCollectionViewCell.xib; sourceTree = "<group>"; };
		158F3E5C1DE3CC890076CDB6 /* SpeakerDetailSmallTalkUnit.swift */ = {isa = PBXFileReference; fileEncoding = 4; lastKnownFileType = sourcecode.swift; path = SpeakerDetailSmallTalkUnit.swift; sourceTree = "<group>"; };
		158F3E5F1DE3E8EA0076CDB6 /* TalkDetailStatsCollectionViewCell.swift */ = {isa = PBXFileReference; fileEncoding = 4; lastKnownFileType = sourcecode.swift; path = TalkDetailStatsCollectionViewCell.swift; sourceTree = "<group>"; };
		158F3E601DE3E8EA0076CDB6 /* TalkDetailStatsCollectionViewCell.xib */ = {isa = PBXFileReference; fileEncoding = 4; lastKnownFileType = file.xib; path = TalkDetailStatsCollectionViewCell.xib; sourceTree = "<group>"; };
		158F3E651DE4E4B50076CDB6 /* SponsorModel.swift */ = {isa = PBXFileReference; fileEncoding = 4; lastKnownFileType = sourcecode.swift; path = SponsorModel.swift; sourceTree = "<group>"; };
		1591645A1DDD370600995EC2 /* TalkDashboardUnits.swift */ = {isa = PBXFileReference; fileEncoding = 4; lastKnownFileType = sourcecode.swift; name = TalkDashboardUnits.swift; path = Units/TalkDashboardUnits.swift; sourceTree = "<group>"; };
		1591645C1DDD419700995EC2 /* TalkCollectionViewCell.swift */ = {isa = PBXFileReference; fileEncoding = 4; lastKnownFileType = sourcecode.swift; path = TalkCollectionViewCell.swift; sourceTree = "<group>"; };
		1591645D1DDD419700995EC2 /* TalkCollectionViewCell.xib */ = {isa = PBXFileReference; fileEncoding = 4; lastKnownFileType = file.xib; path = TalkCollectionViewCell.xib; sourceTree = "<group>"; };
		159164601DDD458800995EC2 /* TalkUnit.swift */ = {isa = PBXFileReference; fileEncoding = 4; lastKnownFileType = sourcecode.swift; path = TalkUnit.swift; sourceTree = "<group>"; };
		15A761A91DE658E40006333D /* TalkDetailPlayVideoUnit.swift */ = {isa = PBXFileReference; fileEncoding = 4; lastKnownFileType = sourcecode.swift; path = TalkDetailPlayVideoUnit.swift; sourceTree = "<group>"; };
		15A761AB1DE659010006333D /* TalkDetailPlayVideoCollectionViewCell.swift */ = {isa = PBXFileReference; fileEncoding = 4; lastKnownFileType = sourcecode.swift; path = TalkDetailPlayVideoCollectionViewCell.swift; sourceTree = "<group>"; };
		15A761AC1DE659010006333D /* TalkDetailPlayVideoCollectionViewCell.xib */ = {isa = PBXFileReference; fileEncoding = 4; lastKnownFileType = file.xib; path = TalkDetailPlayVideoCollectionViewCell.xib; sourceTree = "<group>"; };
		15A761AF1DE65F7E0006333D /* VideosListView.swift */ = {isa = PBXFileReference; fileEncoding = 4; lastKnownFileType = sourcecode.swift; path = VideosListView.swift; sourceTree = "<group>"; };
		15A761B11DE65FA70006333D /* VideoListViewState.swift */ = {isa = PBXFileReference; fileEncoding = 4; lastKnownFileType = sourcecode.swift; path = VideoListViewState.swift; sourceTree = "<group>"; };
		15A761B41DE667220006333D /* VideosListViewUnits.swift */ = {isa = PBXFileReference; fileEncoding = 4; lastKnownFileType = sourcecode.swift; path = VideosListViewUnits.swift; sourceTree = "<group>"; };
		15BBD8921DD64ABE00A9A45F /* SpeakerListView.swift */ = {isa = PBXFileReference; fileEncoding = 4; lastKnownFileType = sourcecode.swift; path = SpeakerListView.swift; sourceTree = "<group>"; };
		15BBD8961DD9E6B000A9A45F /* SpeakersListState.swift */ = {isa = PBXFileReference; fileEncoding = 4; lastKnownFileType = sourcecode.swift; path = SpeakersListState.swift; sourceTree = "<group>"; };
		15BBD8991DD9E9BD00A9A45F /* SpeakerHeroUnit.swift */ = {isa = PBXFileReference; fileEncoding = 4; lastKnownFileType = sourcecode.swift; path = SpeakerHeroUnit.swift; sourceTree = "<group>"; };
		15BBD89B1DD9EA2D00A9A45F /* SpeakerHeroCollectionViewCell.swift */ = {isa = PBXFileReference; fileEncoding = 4; lastKnownFileType = sourcecode.swift; path = SpeakerHeroCollectionViewCell.swift; sourceTree = "<group>"; };
		15BBD89C1DD9EA2D00A9A45F /* SpeakerHeroCollectionViewCell.xib */ = {isa = PBXFileReference; fileEncoding = 4; lastKnownFileType = file.xib; path = SpeakerHeroCollectionViewCell.xib; sourceTree = "<group>"; };
		15BBD8A01DDA232F00A9A45F /* GradientView.swift */ = {isa = PBXFileReference; fileEncoding = 4; lastKnownFileType = sourcecode.swift; path = GradientView.swift; sourceTree = "<group>"; };
		15BBD8A41DDA413600A9A45F /* SpeakerDetailViewController.swift */ = {isa = PBXFileReference; fileEncoding = 4; lastKnownFileType = sourcecode.swift; path = SpeakerDetailViewController.swift; sourceTree = "<group>"; };
		15BBD8A61DDA414200A9A45F /* SpeakerDetailView.swift */ = {isa = PBXFileReference; fileEncoding = 4; lastKnownFileType = sourcecode.swift; path = SpeakerDetailView.swift; sourceTree = "<group>"; };
		15BBD8AA1DDA415900A9A45F /* SpeakerDetailViewState.swift */ = {isa = PBXFileReference; fileEncoding = 4; lastKnownFileType = sourcecode.swift; path = SpeakerDetailViewState.swift; sourceTree = "<group>"; };
		15BBD8AE1DDA493400A9A45F /* SpeakerDetailHeaderUnit.swift */ = {isa = PBXFileReference; fileEncoding = 4; lastKnownFileType = sourcecode.swift; path = SpeakerDetailHeaderUnit.swift; sourceTree = "<group>"; };
		15BD915A1DC95DF90088AEB4 /* CocoaheadsConf.app */ = {isa = PBXFileReference; explicitFileType = wrapper.application; includeInIndex = 0; path = CocoaheadsConf.app; sourceTree = BUILT_PRODUCTS_DIR; };
		15BD915D1DC95DF90088AEB4 /* AppDelegate.swift */ = {isa = PBXFileReference; lastKnownFileType = sourcecode.swift; path = AppDelegate.swift; sourceTree = "<group>"; };
		15BD915F1DC95DF90088AEB4 /* ViewController.swift */ = {isa = PBXFileReference; lastKnownFileType = sourcecode.swift; path = ViewController.swift; sourceTree = "<group>"; };
		15BD91641DC95DF90088AEB4 /* Assets.xcassets */ = {isa = PBXFileReference; lastKnownFileType = folder.assetcatalog; path = Assets.xcassets; sourceTree = "<group>"; };
		15BD91671DC95DF90088AEB4 /* Base */ = {isa = PBXFileReference; lastKnownFileType = file.storyboard; name = Base; path = Base.lproj/LaunchScreen.storyboard; sourceTree = "<group>"; };
		15BD91691DC95DF90088AEB4 /* Info.plist */ = {isa = PBXFileReference; lastKnownFileType = text.plist.xml; path = Info.plist; sourceTree = "<group>"; };
		15BD916E1DC95DF90088AEB4 /* CocoaheadsConfTests.xctest */ = {isa = PBXFileReference; explicitFileType = wrapper.cfbundle; includeInIndex = 0; path = CocoaheadsConfTests.xctest; sourceTree = BUILT_PRODUCTS_DIR; };
		15BD91721DC95DF90088AEB4 /* CocoaheadsConfTests.swift */ = {isa = PBXFileReference; lastKnownFileType = sourcecode.swift; path = CocoaheadsConfTests.swift; sourceTree = "<group>"; };
		15BD91741DC95DF90088AEB4 /* Info.plist */ = {isa = PBXFileReference; lastKnownFileType = text.plist.xml; path = Info.plist; sourceTree = "<group>"; };
		15D88FD81DD34F630055F781 /* Date+Extensions.swift */ = {isa = PBXFileReference; fileEncoding = 4; lastKnownFileType = sourcecode.swift; path = "Date+Extensions.swift"; sourceTree = "<group>"; };
		15D88FDA1DD35E330055F781 /* TimeDisplayUnit.swift */ = {isa = PBXFileReference; fileEncoding = 4; lastKnownFileType = sourcecode.swift; path = TimeDisplayUnit.swift; sourceTree = "<group>"; };
		15D88FDC1DD35E420055F781 /* TimeDisplayCollectionViewCell.swift */ = {isa = PBXFileReference; fileEncoding = 4; lastKnownFileType = sourcecode.swift; path = TimeDisplayCollectionViewCell.swift; sourceTree = "<group>"; };
		15D88FDD1DD35E420055F781 /* TimeDisplayCollectionViewCell.xib */ = {isa = PBXFileReference; fileEncoding = 4; lastKnownFileType = file.xib; path = TimeDisplayCollectionViewCell.xib; sourceTree = "<group>"; };
		15D88FE01DD360B80055F781 /* DisplayTalkTests.swift */ = {isa = PBXFileReference; fileEncoding = 4; lastKnownFileType = sourcecode.swift; path = DisplayTalkTests.swift; sourceTree = "<group>"; };
		15D88FE31DD3741F0055F781 /* NavigationViewController.swift */ = {isa = PBXFileReference; fileEncoding = 4; lastKnownFileType = sourcecode.swift; path = NavigationViewController.swift; sourceTree = "<group>"; };
		15D88FE51DD3795B0055F781 /* SpeakersListViewController.swift */ = {isa = PBXFileReference; fileEncoding = 4; lastKnownFileType = sourcecode.swift; path = SpeakersListViewController.swift; sourceTree = "<group>"; };
		15DDF9291DD11DA200AD4B93 /* TalkModel.swift */ = {isa = PBXFileReference; fileEncoding = 4; lastKnownFileType = sourcecode.swift; path = TalkModel.swift; sourceTree = "<group>"; };
		15DDF92B1DD11DAA00AD4B93 /* SpeakerModel.swift */ = {isa = PBXFileReference; fileEncoding = 4; lastKnownFileType = sourcecode.swift; path = SpeakerModel.swift; sourceTree = "<group>"; };
		15DDF92F1DD11E9300AD4B93 /* RoomModel.swift */ = {isa = PBXFileReference; fileEncoding = 4; lastKnownFileType = sourcecode.swift; path = RoomModel.swift; sourceTree = "<group>"; };
		15DDF9321DD122E700AD4B93 /* LocalData.json */ = {isa = PBXFileReference; fileEncoding = 4; lastKnownFileType = text.json; path = LocalData.json; sourceTree = "<group>"; };
		15DDF9341DD126CA00AD4B93 /* LocalDataFetcher.swift */ = {isa = PBXFileReference; fileEncoding = 4; lastKnownFileType = sourcecode.swift; path = LocalDataFetcher.swift; sourceTree = "<group>"; };
		15DDF9371DD1284500AD4B93 /* Cache.swift */ = {isa = PBXFileReference; fileEncoding = 4; lastKnownFileType = sourcecode.swift; path = Cache.swift; sourceTree = "<group>"; };
		15DDF9391DD1298800AD4B93 /* Date+Marshal.swift */ = {isa = PBXFileReference; fileEncoding = 4; lastKnownFileType = sourcecode.swift; path = "Date+Marshal.swift"; sourceTree = "<group>"; };
		15DDF9401DD1FB8600AD4B93 /* TalksDashboardView.xib */ = {isa = PBXFileReference; fileEncoding = 4; lastKnownFileType = file.xib; path = TalksDashboardView.xib; sourceTree = "<group>"; };
		15DDF9451DD2B86100AD4B93 /* ParseDataTest.swift */ = {isa = PBXFileReference; fileEncoding = 4; lastKnownFileType = sourcecode.swift; path = ParseDataTest.swift; sourceTree = "<group>"; };
		15DDF9481DD2C38400AD4B93 /* CacheUpdatable.swift */ = {isa = PBXFileReference; fileEncoding = 4; lastKnownFileType = sourcecode.swift; path = CacheUpdatable.swift; sourceTree = "<group>"; };
		15DDF94A1DD2C4C700AD4B93 /* TalkDashboardViewState.swift */ = {isa = PBXFileReference; fileEncoding = 4; lastKnownFileType = sourcecode.swift; path = TalkDashboardViewState.swift; sourceTree = "<group>"; };
		15F9E4241DDF7A1F00C05ECC /* TalkDetailViewController.swift */ = {isa = PBXFileReference; fileEncoding = 4; lastKnownFileType = sourcecode.swift; path = TalkDetailViewController.swift; sourceTree = "<group>"; };
		15F9E4261DDF7A4600C05ECC /* TalkDetailView.swift */ = {isa = PBXFileReference; fileEncoding = 4; lastKnownFileType = sourcecode.swift; path = TalkDetailView.swift; sourceTree = "<group>"; };
		15F9E42C1DDF85E200C05ECC /* TalkDetailViewState.swift */ = {isa = PBXFileReference; fileEncoding = 4; lastKnownFileType = sourcecode.swift; path = TalkDetailViewState.swift; sourceTree = "<group>"; };
		6D327FD898FBF26989AC9F44 /* Pods-CocoaheadsConf.release.xcconfig */ = {isa = PBXFileReference; includeInIndex = 1; lastKnownFileType = text.xcconfig; name = "Pods-CocoaheadsConf.release.xcconfig"; path = "Pods/Target Support Files/Pods-CocoaheadsConf/Pods-CocoaheadsConf.release.xcconfig"; sourceTree = "<group>"; };
		A19881DAEC2FFA8E5C75DC4B /* Pods-CocoaheadsConf.debug.xcconfig */ = {isa = PBXFileReference; includeInIndex = 1; lastKnownFileType = text.xcconfig; name = "Pods-CocoaheadsConf.debug.xcconfig"; path = "Pods/Target Support Files/Pods-CocoaheadsConf/Pods-CocoaheadsConf.debug.xcconfig"; sourceTree = "<group>"; };
		DD3A5AE61DE60A8D0016882D /* VideoModel.swift */ = {isa = PBXFileReference; fileEncoding = 4; lastKnownFileType = sourcecode.swift; path = VideoModel.swift; sourceTree = "<group>"; };
		DD3A5AE91DE60D580016882D /* VideosScene.swift */ = {isa = PBXFileReference; fileEncoding = 4; lastKnownFileType = sourcecode.swift; path = VideosScene.swift; sourceTree = "<group>"; };
		DD3A5AEE1DE60E130016882D /* VideosViewController.swift */ = {isa = PBXFileReference; fileEncoding = 4; lastKnownFileType = sourcecode.swift; path = VideosViewController.swift; sourceTree = "<group>"; };
		DD3A5B131DE633500016882D /* PlaybackHelper.swift */ = {isa = PBXFileReference; fileEncoding = 4; lastKnownFileType = sourcecode.swift; path = PlaybackHelper.swift; sourceTree = "<group>"; };
		DD86972B1DE76A3D0034DAE8 /* String+CMTime.swift */ = {isa = PBXFileReference; fileEncoding = 4; lastKnownFileType = sourcecode.swift; path = "String+CMTime.swift"; sourceTree = "<group>"; };
		DDABFB101DE72AEC00351DA8 /* UserDefaults+CHConf.swift */ = {isa = PBXFileReference; fileEncoding = 4; lastKnownFileType = sourcecode.swift; path = "UserDefaults+CHConf.swift"; sourceTree = "<group>"; };
/* End PBXFileReference section */

/* Begin PBXFrameworksBuildPhase section */
		15BD91571DC95DF90088AEB4 /* Frameworks */ = {
			isa = PBXFrameworksBuildPhase;
			buildActionMask = 2147483647;
			files = (
				1D07718B234146E200DDEAE9 /* BuildFile in Frameworks */,
				15256D3E1DEA152700263E92 /* EventKit.framework in Frameworks */,
				15256D3F1DEA152700263E92 /* EventKitUI.framework in Frameworks */,
				1FB33EC6A0E4FD8A272779D7 /* Pods_CocoaheadsConf.framework in Frameworks */,
			);
			runOnlyForDeploymentPostprocessing = 0;
		};
		15BD916B1DC95DF90088AEB4 /* Frameworks */ = {
			isa = PBXFrameworksBuildPhase;
			buildActionMask = 2147483647;
			files = (
			);
			runOnlyForDeploymentPostprocessing = 0;
		};
/* End PBXFrameworksBuildPhase section */

/* Begin PBXGroup section */
		1515D1141DDA9DDF008690FD /* SpeakerDetailDescription */ = {
			isa = PBXGroup;
			children = (
				1515D1151DDA9E21008690FD /* SpeakerDetailDescriptionUnit.swift */,
				1515D1171DDA9E34008690FD /* SpeakerDetailDescriptionCollectionViewCell.swift */,
				1515D1181DDA9E34008690FD /* SpeakerDetailDescriptionCollectionViewCell.xib */,
			);
			name = SpeakerDetailDescription;
			sourceTree = "<group>";
		};
		1515D11B1DDCE462008690FD /* SpeakerDetailSocial */ = {
			isa = PBXGroup;
			children = (
				1515D1201DDCE487008690FD /* SpeakerDetailSocialUnit.swift */,
				1515D11C1DDCE47A008690FD /* SpeakerDetailSocialCollectionViewCell.swift */,
				1515D11D1DDCE47A008690FD /* SpeakerDetailSocialCollectionViewCell.xib */,
			);
			name = SpeakerDetailSocial;
			sourceTree = "<group>";
		};
		1519A68B1DE2879D0044EE8C /* DetailHeaderUnit */ = {
			isa = PBXGroup;
			children = (
				1519A68C1DE287B50044EE8C /* DetailHeaderCollectionViewCell.swift */,
				1519A68D1DE287B50044EE8C /* DetailHeaderCollectionViewCell.xib */,
			);
			name = DetailHeaderUnit;
			sourceTree = "<group>";
		};
		1519A6951DE33A3B0044EE8C /* Theme */ = {
			isa = PBXGroup;
			children = (
				1519A6961DE33A3B0044EE8C /* ConferenceStyleKit.swift */,
				15256D0D1DE7BCEA00263E92 /* Theme.swift */,
			);
			path = Theme;
			sourceTree = "<group>";
		};
		1519A69A1DE347C00044EE8C /* TalkDescriptionUnit */ = {
			isa = PBXGroup;
			children = (
				1519A69B1DE347E60044EE8C /* TalkDetailDescriptionCollectionViewCell.swift */,
				1519A69C1DE347E60044EE8C /* TalkDetailDescriptionCollectionViewCell.xib */,
			);
			name = TalkDescriptionUnit;
			sourceTree = "<group>";
		};
		1520BD0D1DEA5C170080DF4A /* CodeOfConductUnit */ = {
			isa = PBXGroup;
			children = (
				1520BD0E1DEA5C250080DF4A /* CodeOfConductUnit.swift */,
				1520BD101DEA5C570080DF4A /* CodeOfConductCollectionViewCell.swift */,
				1520BD111DEA5C570080DF4A /* CodeOfConductCollectionViewCell.xib */,
			);
			name = CodeOfConductUnit;
			sourceTree = "<group>";
		};
		15256D131DE8E7D600263E92 /* Event */ = {
			isa = PBXGroup;
			children = (
				15256D141DE8E7E100263E92 /* EventScene.swift */,
				15256D1F1DE8ED6700263E92 /* Units */,
				15256D1C1DE8ECB700263E92 /* Main */,
			);
			path = Event;
			sourceTree = "<group>";
		};
		15256D1C1DE8ECB700263E92 /* Main */ = {
			isa = PBXGroup;
			children = (
				15256D161DE8E83C00263E92 /* EventMainViewController.swift */,
				15256D181DE8E88B00263E92 /* EventMainView.swift */,
				15256D1D1DE8ECC500263E92 /* EventMainState.swift */,
			);
			name = Main;
			sourceTree = "<group>";
		};
		15256D1F1DE8ED6700263E92 /* Units */ = {
			isa = PBXGroup;
			children = (
				1520BD0D1DEA5C170080DF4A /* CodeOfConductUnit */,
				15256D401DEA3BD500263E92 /* FollowOnTwitterUnit */,
				15256D351DE9FC2B00263E92 /* EventDateUnit */,
				15256D2E1DE9F26C00263E92 /* MapLocationUnit */,
				15256D201DE8ED6E00263E92 /* ReminderUnit */,
			);
			path = Units;
			sourceTree = "<group>";
		};
		15256D201DE8ED6E00263E92 /* ReminderUnit */ = {
			isa = PBXGroup;
			children = (
				15256D211DE8ED9000263E92 /* ReminderUnit.swift */,
				15256D231DE8ED9F00263E92 /* ReminderCollectionViewCell.swift */,
				15256D241DE8ED9F00263E92 /* ReminderCollectionViewCell.xib */,
			);
			name = ReminderUnit;
			sourceTree = "<group>";
		};
		15256D2E1DE9F26C00263E92 /* MapLocationUnit */ = {
			isa = PBXGroup;
			children = (
				15256D2F1DE9F28400263E92 /* MapLocationUnit.swift */,
				15256D311DE9F29400263E92 /* MapLocationCollectionViewCell.swift */,
				15256D321DE9F29400263E92 /* MapLocationCollectionViewCell.xib */,
				15256D491DEA44E200263E92 /* EventLocationPin.swift */,
			);
			name = MapLocationUnit;
			sourceTree = "<group>";
		};
		15256D351DE9FC2B00263E92 /* EventDateUnit */ = {
			isa = PBXGroup;
			children = (
				15256D3A1DE9FC5000263E92 /* EventDateUnit.swift */,
				15256D361DE9FC4300263E92 /* EventDateCollectionViewCell.swift */,
				15256D371DE9FC4300263E92 /* EventDateCollectionViewCell.xib */,
			);
			name = EventDateUnit;
			sourceTree = "<group>";
		};
		15256D401DEA3BD500263E92 /* FollowOnTwitterUnit */ = {
			isa = PBXGroup;
			children = (
				15256D411DEA3BEF00263E92 /* EventFollowOnTwitterUnit.swift */,
				15256D431DEA3C9900263E92 /* EventFollowOnTwitterCollectionViewCell.swift */,
				15256D441DEA3C9900263E92 /* EventFollowOnTwitterCollectionViewCell.xib */,
			);
			name = FollowOnTwitterUnit;
			sourceTree = "<group>";
		};
		152F38B11DCD0B5600FE9ECF /* Classes */ = {
			isa = PBXGroup;
			children = (
				152F38E01DD110D800FE9ECF /* Network */,
				152F38B21DCD0B5600FE9ECF /* Common */,
				152F38B31DCD0B5600FE9ECF /* Extensions */,
				152F38B41DCD0B5600FE9ECF /* Models */,
				152F38B51DCD0B5600FE9ECF /* Scenes */,
			);
			path = Classes;
			sourceTree = "<group>";
		};
		152F38B21DCD0B5600FE9ECF /* Common */ = {
			isa = PBXGroup;
			children = (
				1519A6951DE33A3B0044EE8C /* Theme */,
				15BBD89F1DDA232500A9A45F /* Views */,
				15D88FE21DD3740D0055F781 /* ViewControllers */,
				15DDF9471DD2C37900AD4B93 /* Protocols */,
				15DDF9421DD201CB00AD4B93 /* Unit */,
				15DDF9361DD1283D00AD4B93 /* Cache */,
				152F38D61DCD0C8400FE9ECF /* Scene.swift */,
			);
			path = Common;
			sourceTree = "<group>";
		};
		152F38B31DCD0B5600FE9ECF /* Extensions */ = {
			isa = PBXGroup;
			children = (
				152F38DA1DCD130C00FE9ECF /* UIStoryboard+Generics.swift */,
				15DDF9391DD1298800AD4B93 /* Date+Marshal.swift */,
				15D88FD81DD34F630055F781 /* Date+Extensions.swift */,
				1515D1221DDCEF11008690FD /* UIColor+Hex.swift */,
				15256C211DE6A1EA00263E92 /* String+Capitalize.swift */,
				DDABFB101DE72AEC00351DA8 /* UserDefaults+CHConf.swift */,
				DD86972B1DE76A3D0034DAE8 /* String+CMTime.swift */,
				15256D111DE7C4EE00263E92 /* UIImage+Color.swift */,
				1520BD0B1DEA5A5B0080DF4A /* UIViewController+URL.swift */,
			);
			path = Extensions;
			sourceTree = "<group>";
		};
		152F38B41DCD0B5600FE9ECF /* Models */ = {
			isa = PBXGroup;
			children = (
				15DDF9291DD11DA200AD4B93 /* TalkModel.swift */,
				15DDF92B1DD11DAA00AD4B93 /* SpeakerModel.swift */,
				15DDF92F1DD11E9300AD4B93 /* RoomModel.swift */,
				158F3E651DE4E4B50076CDB6 /* SponsorModel.swift */,
				DD3A5AE61DE60A8D0016882D /* VideoModel.swift */,
				15256D1A1DE8EAAF00263E92 /* EventModel.swift */,
			);
			path = Models;
			sourceTree = "<group>";
		};
		152F38B51DCD0B5600FE9ECF /* Scenes */ = {
			isa = PBXGroup;
			children = (
				15256D131DE8E7D600263E92 /* Event */,
				152F38D11DCD0C4D00FE9ECF /* Main */,
				152F38B81DCD0B5600FE9ECF /* Speakers */,
				152F38B91DCD0B5600FE9ECF /* Sponsors */,
				152F38BA1DCD0B5600FE9ECF /* Talks */,
				DD3A5AE81DE60D000016882D /* Videos */,
			);
			path = Scenes;
			sourceTree = "<group>";
		};
		152F38B81DCD0B5600FE9ECF /* Speakers */ = {
			isa = PBXGroup;
			children = (
				152F38CB1DCD0C3100FE9ECF /* SpeakersScene.swift */,
				15BBD8A31DDA407700A9A45F /* Detail */,
				15BBD8981DD9E9AB00A9A45F /* Units */,
				15BBD8A21DDA407200A9A45F /* List */,
			);
			path = Speakers;
			sourceTree = "<group>";
		};
		152F38B91DCD0B5600FE9ECF /* Sponsors */ = {
			isa = PBXGroup;
			children = (
				1551775C1DE51A2700D9D106 /* Units */,
				152F38C91DCD0C2500FE9ECF /* SponsorsScene.swift */,
				153313631DE5118100F5F2EA /* SponsorsListViewController.swift */,
				153313651DE5119200F5F2EA /* SponsorsListView.swift */,
				1551775A1DE5168800D9D106 /* SponsorsListState.swift */,
			);
			path = Sponsors;
			sourceTree = "<group>";
		};
		152F38BA1DCD0B5600FE9ECF /* Talks */ = {
			isa = PBXGroup;
			children = (
				152F38C71DCD0C1A00FE9ECF /* TalksScene.swift */,
				15F9E4231DDF79F900C05ECC /* Detail */,
				15D88FC81DD2C8D00055F781 /* Units */,
				15F9E4221DDF24DA00C05ECC /* Timeline */,
			);
			path = Talks;
			sourceTree = "<group>";
		};
		152F38D11DCD0C4D00FE9ECF /* Main */ = {
			isa = PBXGroup;
			children = (
				152F38D21DCD0C6B00FE9ECF /* MainTabController.swift */,
				152F38D41DCD0C7D00FE9ECF /* MainScene.swift */,
			);
			path = Main;
			sourceTree = "<group>";
		};
		152F38E01DD110D800FE9ECF /* Network */ = {
			isa = PBXGroup;
			children = (
				152F38E11DD110F500FE9ECF /* NetworkFetcher.swift */,
				152F38E31DD1113400FE9ECF /* URLSessionFetcher.swift */,
				15DDF9341DD126CA00AD4B93 /* LocalDataFetcher.swift */,
			);
			path = Network;
			sourceTree = "<group>";
		};
		1551775C1DE51A2700D9D106 /* Units */ = {
			isa = PBXGroup;
			children = (
				1551775D1DE51A3A00D9D106 /* SponsorDetailUnit.swift */,
			);
			path = Units;
			sourceTree = "<group>";
		};
		158F3E571DE3CAE90076CDB6 /* SpeakerDetailSmallTalkDisplay */ = {
			isa = PBXGroup;
			children = (
				158F3E5C1DE3CC890076CDB6 /* SpeakerDetailSmallTalkUnit.swift */,
				158F3E581DE3CB0E0076CDB6 /* SpeakerDetailSmallTalkCollectionViewCell.swift */,
				158F3E591DE3CB0E0076CDB6 /* SpeakerDetailSmallTalkCollectionViewCell.xib */,
			);
			name = SpeakerDetailSmallTalkDisplay;
			sourceTree = "<group>";
		};
		158F3E5E1DE3E8C30076CDB6 /* TalkDetailStatsUnit */ = {
			isa = PBXGroup;
			children = (
				158F3E5F1DE3E8EA0076CDB6 /* TalkDetailStatsCollectionViewCell.swift */,
				158F3E601DE3E8EA0076CDB6 /* TalkDetailStatsCollectionViewCell.xib */,
			);
			name = TalkDetailStatsUnit;
			sourceTree = "<group>";
		};
		15A761A81DE658CF0006333D /* TalkDetailPlayVideoUnit */ = {
			isa = PBXGroup;
			children = (
				15A761A91DE658E40006333D /* TalkDetailPlayVideoUnit.swift */,
				15A761AB1DE659010006333D /* TalkDetailPlayVideoCollectionViewCell.swift */,
				15A761AC1DE659010006333D /* TalkDetailPlayVideoCollectionViewCell.xib */,
			);
			name = TalkDetailPlayVideoUnit;
			sourceTree = "<group>";
		};
		15A761B31DE667170006333D /* Units */ = {
			isa = PBXGroup;
			children = (
				15A761B41DE667220006333D /* VideosListViewUnits.swift */,
			);
			path = Units;
			sourceTree = "<group>";
		};
		15BBD8981DD9E9AB00A9A45F /* Units */ = {
			isa = PBXGroup;
			children = (
				158F3E571DE3CAE90076CDB6 /* SpeakerDetailSmallTalkDisplay */,
				1515D11B1DDCE462008690FD /* SpeakerDetailSocial */,
				1515D1141DDA9DDF008690FD /* SpeakerDetailDescription */,
				15BBD8AD1DDA46AB00A9A45F /* SpeakerDetailHeader */,
				15BBD8AC1DDA46A400A9A45F /* SpeakerHero */,
			);
			path = Units;
			sourceTree = "<group>";
		};
		15BBD89F1DDA232500A9A45F /* Views */ = {
			isa = PBXGroup;
			children = (
				15BBD8A01DDA232F00A9A45F /* GradientView.swift */,
			);
			path = Views;
			sourceTree = "<group>";
		};
		15BBD8A21DDA407200A9A45F /* List */ = {
			isa = PBXGroup;
			children = (
				15D88FE51DD3795B0055F781 /* SpeakersListViewController.swift */,
				15BBD8921DD64ABE00A9A45F /* SpeakerListView.swift */,
				15BBD8961DD9E6B000A9A45F /* SpeakersListState.swift */,
			);
			name = List;
			sourceTree = "<group>";
		};
		15BBD8A31DDA407700A9A45F /* Detail */ = {
			isa = PBXGroup;
			children = (
				15BBD8A41DDA413600A9A45F /* SpeakerDetailViewController.swift */,
				15BBD8A61DDA414200A9A45F /* SpeakerDetailView.swift */,
				15BBD8AA1DDA415900A9A45F /* SpeakerDetailViewState.swift */,
			);
			name = Detail;
			sourceTree = "<group>";
		};
		15BBD8AC1DDA46A400A9A45F /* SpeakerHero */ = {
			isa = PBXGroup;
			children = (
				15BBD8991DD9E9BD00A9A45F /* SpeakerHeroUnit.swift */,
				15BBD89B1DD9EA2D00A9A45F /* SpeakerHeroCollectionViewCell.swift */,
				15BBD89C1DD9EA2D00A9A45F /* SpeakerHeroCollectionViewCell.xib */,
			);
			name = SpeakerHero;
			sourceTree = "<group>";
		};
		15BBD8AD1DDA46AB00A9A45F /* SpeakerDetailHeader */ = {
			isa = PBXGroup;
			children = (
				15BBD8AE1DDA493400A9A45F /* SpeakerDetailHeaderUnit.swift */,
				1515D1101DDA7913008690FD /* SpeakerDetailHeaderCollectionViewCell.swift */,
				1515D1111DDA7913008690FD /* SpeakerDetailHeaderCollectionViewCell.xib */,
			);
			name = SpeakerDetailHeader;
			sourceTree = "<group>";
		};
		15BD91511DC95DF90088AEB4 = {
			isa = PBXGroup;
			children = (
				15BD915C1DC95DF90088AEB4 /* CocoaheadsConf */,
				15BD91711DC95DF90088AEB4 /* CocoaheadsConfTests */,
				15BD915B1DC95DF90088AEB4 /* Products */,
				4B6C875008CF0617F4E19934 /* Pods */,
				8ACE603013C1226D6844411D /* Frameworks */,
			);
			sourceTree = "<group>";
		};
		15BD915B1DC95DF90088AEB4 /* Products */ = {
			isa = PBXGroup;
			children = (
				15BD915A1DC95DF90088AEB4 /* CocoaheadsConf.app */,
				15BD916E1DC95DF90088AEB4 /* CocoaheadsConfTests.xctest */,
			);
			name = Products;
			sourceTree = "<group>";
		};
		15BD915C1DC95DF90088AEB4 /* CocoaheadsConf */ = {
			isa = PBXGroup;
			children = (
				15DDF9311DD122CC00AD4B93 /* Support */,
				152F38B11DCD0B5600FE9ECF /* Classes */,
				15BD915D1DC95DF90088AEB4 /* AppDelegate.swift */,
				15BD915F1DC95DF90088AEB4 /* ViewController.swift */,
				15BD91641DC95DF90088AEB4 /* Assets.xcassets */,
				15BD91661DC95DF90088AEB4 /* LaunchScreen.storyboard */,
				15BD91691DC95DF90088AEB4 /* Info.plist */,
			);
			path = CocoaheadsConf;
			sourceTree = "<group>";
		};
		15BD91711DC95DF90088AEB4 /* CocoaheadsConfTests */ = {
			isa = PBXGroup;
			children = (
				15BD91721DC95DF90088AEB4 /* CocoaheadsConfTests.swift */,
				15BD91741DC95DF90088AEB4 /* Info.plist */,
				15DDF9451DD2B86100AD4B93 /* ParseDataTest.swift */,
				15D88FE01DD360B80055F781 /* DisplayTalkTests.swift */,
			);
			path = CocoaheadsConfTests;
			sourceTree = "<group>";
		};
		15D88FC81DD2C8D00055F781 /* Units */ = {
			isa = PBXGroup;
			children = (
				15A761A81DE658CF0006333D /* TalkDetailPlayVideoUnit */,
				158F3E5E1DE3E8C30076CDB6 /* TalkDetailStatsUnit */,
				1519A69A1DE347C00044EE8C /* TalkDescriptionUnit */,
				1519A68B1DE2879D0044EE8C /* DetailHeaderUnit */,
				15E3ABAC1DDFDD2100F7C8F7 /* TalkUnit */,
			);
			path = Units;
			sourceTree = "<group>";
		};
		15D88FE21DD3740D0055F781 /* ViewControllers */ = {
			isa = PBXGroup;
			children = (
				15D88FE31DD3741F0055F781 /* NavigationViewController.swift */,
			);
			path = ViewControllers;
			sourceTree = "<group>";
		};
		15DDF9311DD122CC00AD4B93 /* Support */ = {
			isa = PBXGroup;
			children = (
				15DDF9321DD122E700AD4B93 /* LocalData.json */,
			);
			path = Support;
			sourceTree = "<group>";
		};
		15DDF9361DD1283D00AD4B93 /* Cache */ = {
			isa = PBXGroup;
			children = (
				15DDF9371DD1284500AD4B93 /* Cache.swift */,
			);
			path = Cache;
			sourceTree = "<group>";
		};
		15DDF9421DD201CB00AD4B93 /* Unit */ = {
			isa = PBXGroup;
			children = (
				15D88FDA1DD35E330055F781 /* TimeDisplayUnit.swift */,
				15D88FDC1DD35E420055F781 /* TimeDisplayCollectionViewCell.swift */,
				15D88FDD1DD35E420055F781 /* TimeDisplayCollectionViewCell.xib */,
				155BF1321DDD302D00985B9F /* LabelUnit.swift */,
				155BF1341DDD304200985B9F /* LabelCollectionViewCell.swift */,
				155BF1351DDD304200985B9F /* LabelCollectionViewCell.xib */,
				1520BD161DEA64700080DF4A /* EmptyUnit.swift */,
			);
			path = Unit;
			sourceTree = "<group>";
		};
		15DDF9471DD2C37900AD4B93 /* Protocols */ = {
			isa = PBXGroup;
			children = (
				15DDF9481DD2C38400AD4B93 /* CacheUpdatable.swift */,
			);
			path = Protocols;
			sourceTree = "<group>";
		};
		15E3ABAC1DDFDD2100F7C8F7 /* TalkUnit */ = {
			isa = PBXGroup;
			children = (
				1591645C1DDD419700995EC2 /* TalkCollectionViewCell.swift */,
				1591645D1DDD419700995EC2 /* TalkCollectionViewCell.xib */,
				159164601DDD458800995EC2 /* TalkUnit.swift */,
			);
			name = TalkUnit;
			sourceTree = "<group>";
		};
		15F9E4221DDF24DA00C05ECC /* Timeline */ = {
			isa = PBXGroup;
			children = (
				152F38DC1DCD144800FE9ECF /* TalksDashboardViewController.swift */,
				152F38DE1DCD687300FE9ECF /* TalksDashboardView.swift */,
				15DDF9401DD1FB8600AD4B93 /* TalksDashboardView.xib */,
				15DDF94A1DD2C4C700AD4B93 /* TalkDashboardViewState.swift */,
				1591645A1DDD370600995EC2 /* TalkDashboardUnits.swift */,
			);
			name = Timeline;
			sourceTree = "<group>";
		};
		15F9E4231DDF79F900C05ECC /* Detail */ = {
			isa = PBXGroup;
			children = (
				15F9E4241DDF7A1F00C05ECC /* TalkDetailViewController.swift */,
				15F9E4261DDF7A4600C05ECC /* TalkDetailView.swift */,
				15F9E42C1DDF85E200C05ECC /* TalkDetailViewState.swift */,
				1519A6981DE341160044EE8C /* TalkDetailUnits.swift */,
			);
			name = Detail;
			sourceTree = "<group>";
		};
		4B6C875008CF0617F4E19934 /* Pods */ = {
			isa = PBXGroup;
			children = (
				A19881DAEC2FFA8E5C75DC4B /* Pods-CocoaheadsConf.debug.xcconfig */,
				6D327FD898FBF26989AC9F44 /* Pods-CocoaheadsConf.release.xcconfig */,
			);
			name = Pods;
			sourceTree = "<group>";
		};
		8ACE603013C1226D6844411D /* Frameworks */ = {
			isa = PBXGroup;
			children = (
				15256D3C1DEA152700263E92 /* EventKit.framework */,
				15256D3D1DEA152700263E92 /* EventKitUI.framework */,
				0668A8CC5476A35E0163F0B6 /* Pods_CocoaheadsConf.framework */,
			);
			name = Frameworks;
			sourceTree = "<group>";
		};
		DD3A5AE81DE60D000016882D /* Videos */ = {
			isa = PBXGroup;
			children = (
				15A761B31DE667170006333D /* Units */,
				DD3A5AE91DE60D580016882D /* VideosScene.swift */,
				DD3A5B121DE6333C0016882D /* Helpers */,
				DD3A5AED1DE60DF20016882D /* List */,
			);
			path = Videos;
			sourceTree = "<group>";
		};
		DD3A5AED1DE60DF20016882D /* List */ = {
			isa = PBXGroup;
			children = (
				DD3A5AEE1DE60E130016882D /* VideosViewController.swift */,
				15A761AF1DE65F7E0006333D /* VideosListView.swift */,
				15A761B11DE65FA70006333D /* VideoListViewState.swift */,
			);
			name = List;
			sourceTree = "<group>";
		};
		DD3A5B121DE6333C0016882D /* Helpers */ = {
			isa = PBXGroup;
			children = (
				DD3A5B131DE633500016882D /* PlaybackHelper.swift */,
			);
			name = Helpers;
			sourceTree = "<group>";
		};
/* End PBXGroup section */

/* Begin PBXNativeTarget section */
		15BD91591DC95DF90088AEB4 /* CocoaheadsConf */ = {
			isa = PBXNativeTarget;
			buildConfigurationList = 15BD91771DC95DF90088AEB4 /* Build configuration list for PBXNativeTarget "CocoaheadsConf" */;
			buildPhases = (
				ACFB743E8E1E0DFF922A0057 /* [CP] Check Pods Manifest.lock */,
				15BD91561DC95DF90088AEB4 /* Sources */,
				15BD91571DC95DF90088AEB4 /* Frameworks */,
				15BD91581DC95DF90088AEB4 /* Resources */,
				C9AA7A394D2BF8D8ED28D513 /* [CP] Embed Pods Frameworks */,
			);
			buildRules = (
			);
			dependencies = (
			);
			name = CocoaheadsConf;
			packageProductDependencies = (
				1D07718A234146E200DDEAE9 /* SwiftPackageProductDependency */,
			);
			productName = CocoaheadsConf;
			productReference = 15BD915A1DC95DF90088AEB4 /* CocoaheadsConf.app */;
			productType = "com.apple.product-type.application";
		};
		15BD916D1DC95DF90088AEB4 /* CocoaheadsConfTests */ = {
			isa = PBXNativeTarget;
			buildConfigurationList = 15BD917A1DC95DF90088AEB4 /* Build configuration list for PBXNativeTarget "CocoaheadsConfTests" */;
			buildPhases = (
				15BD916A1DC95DF90088AEB4 /* Sources */,
				15BD916B1DC95DF90088AEB4 /* Frameworks */,
				15BD916C1DC95DF90088AEB4 /* Resources */,
			);
			buildRules = (
			);
			dependencies = (
				15BD91701DC95DF90088AEB4 /* PBXTargetDependency */,
			);
			name = CocoaheadsConfTests;
			productName = CocoaheadsConfTests;
			productReference = 15BD916E1DC95DF90088AEB4 /* CocoaheadsConfTests.xctest */;
			productType = "com.apple.product-type.bundle.unit-test";
		};
/* End PBXNativeTarget section */

/* Begin PBXProject section */
		15BD91521DC95DF90088AEB4 /* Project object */ = {
			isa = PBXProject;
			attributes = {
				LastSwiftUpdateCheck = 0810;
				LastUpgradeCheck = 1110;
				ORGANIZATIONNAME = Cocoaheads;
				TargetAttributes = {
					15BD91591DC95DF90088AEB4 = {
						CreatedOnToolsVersion = 8.1;
						ProvisioningStyle = Automatic;
					};
					15BD916D1DC95DF90088AEB4 = {
						CreatedOnToolsVersion = 8.1;
						DevelopmentTeam = TBUC49Z9VX;
						ProvisioningStyle = Automatic;
						TestTargetID = 15BD91591DC95DF90088AEB4;
					};
				};
			};
			buildConfigurationList = 15BD91551DC95DF90088AEB4 /* Build configuration list for PBXProject "CocoaheadsConf" */;
			compatibilityVersion = "Xcode 3.2";
			developmentRegion = en;
			hasScannedForEncodings = 0;
			knownRegions = (
				en,
				Base,
			);
			mainGroup = 15BD91511DC95DF90088AEB4;
			packageReferences = (
				1D077189234146E200DDEAE9 /* RemoteSwiftPackageReference */,
			);
			productRefGroup = 15BD915B1DC95DF90088AEB4 /* Products */;
			projectDirPath = "";
			projectRoot = "";
			targets = (
				15BD91591DC95DF90088AEB4 /* CocoaheadsConf */,
				15BD916D1DC95DF90088AEB4 /* CocoaheadsConfTests */,
			);
		};
/* End PBXProject section */

/* Begin PBXResourcesBuildPhase section */
		15BD91581DC95DF90088AEB4 /* Resources */ = {
			isa = PBXResourcesBuildPhase;
			buildActionMask = 2147483647;
			files = (
				1515D11F1DDCE47A008690FD /* SpeakerDetailSocialCollectionViewCell.xib in Resources */,
				1519A68F1DE287B50044EE8C /* DetailHeaderCollectionViewCell.xib in Resources */,
				1591645F1DDD419700995EC2 /* TalkCollectionViewCell.xib in Resources */,
				158F3E5B1DE3CB0E0076CDB6 /* SpeakerDetailSmallTalkCollectionViewCell.xib in Resources */,
				15D88FDF1DD35E420055F781 /* TimeDisplayCollectionViewCell.xib in Resources */,
				15BD91681DC95DF90088AEB4 /* LaunchScreen.storyboard in Resources */,
				1519A69E1DE347E60044EE8C /* TalkDetailDescriptionCollectionViewCell.xib in Resources */,
				15256D461DEA3C9900263E92 /* EventFollowOnTwitterCollectionViewCell.xib in Resources */,
				15A761AE1DE659010006333D /* TalkDetailPlayVideoCollectionViewCell.xib in Resources */,
				15DDF9411DD1FB8600AD4B93 /* TalksDashboardView.xib in Resources */,
				155BF1371DDD304200985B9F /* LabelCollectionViewCell.xib in Resources */,
				158F3E621DE3E8EA0076CDB6 /* TalkDetailStatsCollectionViewCell.xib in Resources */,
				15256D261DE8ED9F00263E92 /* ReminderCollectionViewCell.xib in Resources */,
				1515D1131DDA7913008690FD /* SpeakerDetailHeaderCollectionViewCell.xib in Resources */,
				1520BD131DEA5C570080DF4A /* CodeOfConductCollectionViewCell.xib in Resources */,
				15BD91651DC95DF90088AEB4 /* Assets.xcassets in Resources */,
				15BBD89E1DD9EA2D00A9A45F /* SpeakerHeroCollectionViewCell.xib in Resources */,
				15DDF9331DD122E700AD4B93 /* LocalData.json in Resources */,
				15256D341DE9F29400263E92 /* MapLocationCollectionViewCell.xib in Resources */,
				1515D11A1DDA9E34008690FD /* SpeakerDetailDescriptionCollectionViewCell.xib in Resources */,
				15256D391DE9FC4300263E92 /* EventDateCollectionViewCell.xib in Resources */,
			);
			runOnlyForDeploymentPostprocessing = 0;
		};
		15BD916C1DC95DF90088AEB4 /* Resources */ = {
			isa = PBXResourcesBuildPhase;
			buildActionMask = 2147483647;
			files = (
			);
			runOnlyForDeploymentPostprocessing = 0;
		};
/* End PBXResourcesBuildPhase section */

/* Begin PBXShellScriptBuildPhase section */
		ACFB743E8E1E0DFF922A0057 /* [CP] Check Pods Manifest.lock */ = {
			isa = PBXShellScriptBuildPhase;
			buildActionMask = 2147483647;
			files = (
			);
			inputPaths = (
				"${PODS_PODFILE_DIR_PATH}/Podfile.lock",
				"${PODS_ROOT}/Manifest.lock",
			);
			name = "[CP] Check Pods Manifest.lock";
			outputPaths = (
				"$(DERIVED_FILE_DIR)/Pods-CocoaheadsConf-checkManifestLockResult.txt",
			);
			runOnlyForDeploymentPostprocessing = 0;
			shellPath = /bin/sh;
			shellScript = "diff \"${PODS_PODFILE_DIR_PATH}/Podfile.lock\" \"${PODS_ROOT}/Manifest.lock\" > /dev/null\nif [ $? != 0 ] ; then\n    # print error to STDERR\n    echo \"error: The sandbox is not in sync with the Podfile.lock. Run 'pod install' or update your CocoaPods installation.\" >&2\n    exit 1\nfi\n# This output is used by Xcode 'outputs' to avoid re-running this script phase.\necho \"SUCCESS\" > \"${SCRIPT_OUTPUT_FILE_0}\"\n";
			showEnvVarsInLog = 0;
		};
		C9AA7A394D2BF8D8ED28D513 /* [CP] Embed Pods Frameworks */ = {
			isa = PBXShellScriptBuildPhase;
			buildActionMask = 2147483647;
			files = (
			);
			inputPaths = (
				"${PODS_ROOT}/Target Support Files/Pods-CocoaheadsConf/Pods-CocoaheadsConf-frameworks.sh",
				"${BUILT_PRODUCTS_DIR}/Compose/Compose.framework",
				"${BUILT_PRODUCTS_DIR}/Marshal/Marshal.framework",
				"${BUILT_PRODUCTS_DIR}/YoutubeSourceParserKit/YoutubeSourceParserKit.framework",
			);
			name = "[CP] Embed Pods Frameworks";
			outputPaths = (
				"${TARGET_BUILD_DIR}/${FRAMEWORKS_FOLDER_PATH}/Compose.framework",
				"${TARGET_BUILD_DIR}/${FRAMEWORKS_FOLDER_PATH}/Marshal.framework",
				"${TARGET_BUILD_DIR}/${FRAMEWORKS_FOLDER_PATH}/YoutubeSourceParserKit.framework",
			);
			runOnlyForDeploymentPostprocessing = 0;
			shellPath = /bin/sh;
			shellScript = "\"${PODS_ROOT}/Target Support Files/Pods-CocoaheadsConf/Pods-CocoaheadsConf-frameworks.sh\"\n";
			showEnvVarsInLog = 0;
		};
/* End PBXShellScriptBuildPhase section */

/* Begin PBXSourcesBuildPhase section */
		15BD91561DC95DF90088AEB4 /* Sources */ = {
			isa = PBXSourcesBuildPhase;
			buildActionMask = 2147483647;
			files = (
				15A761B51DE667220006333D /* VideosListViewUnits.swift in Sources */,
				152F38DF1DCD687300FE9ECF /* TalksDashboardView.swift in Sources */,
				15DDF92C1DD11DAA00AD4B93 /* SpeakerModel.swift in Sources */,
				15256D4A1DEA44E200263E92 /* EventLocationPin.swift in Sources */,
				152F38E21DD110F500FE9ECF /* NetworkFetcher.swift in Sources */,
				15A761AD1DE659010006333D /* TalkDetailPlayVideoCollectionViewCell.swift in Sources */,
				152F38C81DCD0C1A00FE9ECF /* TalksScene.swift in Sources */,
				152F38D71DCD0C8400FE9ECF /* Scene.swift in Sources */,
				1519A6971DE33A3B0044EE8C /* ConferenceStyleKit.swift in Sources */,
				15256D171DE8E83C00263E92 /* EventMainViewController.swift in Sources */,
				153313661DE5119200F5F2EA /* SponsorsListView.swift in Sources */,
				158F3E5A1DE3CB0E0076CDB6 /* SpeakerDetailSmallTalkCollectionViewCell.swift in Sources */,
				1515D11E1DDCE47A008690FD /* SpeakerDetailSocialCollectionViewCell.swift in Sources */,
				15256C221DE6A1EA00263E92 /* String+Capitalize.swift in Sources */,
				15256D0E1DE7BCEA00263E92 /* Theme.swift in Sources */,
				15BBD8971DD9E6B000A9A45F /* SpeakersListState.swift in Sources */,
				15DDF9381DD1284500AD4B93 /* Cache.swift in Sources */,
				1520BD0C1DEA5A5B0080DF4A /* UIViewController+URL.swift in Sources */,
				15256D381DE9FC4300263E92 /* EventDateCollectionViewCell.swift in Sources */,
				155BF1331DDD302D00985B9F /* LabelUnit.swift in Sources */,
				DD3A5AEF1DE60E130016882D /* VideosViewController.swift in Sources */,
				15D88FE61DD3795B0055F781 /* SpeakersListViewController.swift in Sources */,
				15256D1B1DE8EAAF00263E92 /* EventModel.swift in Sources */,
				15BBD8A71DDA414200A9A45F /* SpeakerDetailView.swift in Sources */,
				15A761AA1DE658E40006333D /* TalkDetailPlayVideoUnit.swift in Sources */,
				15BBD89D1DD9EA2D00A9A45F /* SpeakerHeroCollectionViewCell.swift in Sources */,
				1520BD0F1DEA5C250080DF4A /* CodeOfConductUnit.swift in Sources */,
				DD86972C1DE76A3D0034DAE8 /* String+CMTime.swift in Sources */,
				15BBD8A51DDA413600A9A45F /* SpeakerDetailViewController.swift in Sources */,
				15D88FDE1DD35E420055F781 /* TimeDisplayCollectionViewCell.swift in Sources */,
				15DDF94B1DD2C4C700AD4B93 /* TalkDashboardViewState.swift in Sources */,
				15A761B21DE65FA70006333D /* VideoListViewState.swift in Sources */,
				15D88FE41DD3741F0055F781 /* NavigationViewController.swift in Sources */,
				15D88FD91DD34F630055F781 /* Date+Extensions.swift in Sources */,
				15BBD8A11DDA232F00A9A45F /* GradientView.swift in Sources */,
				152F38D31DCD0C6B00FE9ECF /* MainTabController.swift in Sources */,
				15256D1E1DE8ECC500263E92 /* EventMainState.swift in Sources */,
				DD3A5AE71DE60A8D0016882D /* VideoModel.swift in Sources */,
				1515D1191DDA9E34008690FD /* SpeakerDetailDescriptionCollectionViewCell.swift in Sources */,
				DDABFB111DE72AEC00351DA8 /* UserDefaults+CHConf.swift in Sources */,
				159164611DDD458800995EC2 /* TalkUnit.swift in Sources */,
				15BBD8AF1DDA493400A9A45F /* SpeakerDetailHeaderUnit.swift in Sources */,
				15DDF9351DD126CA00AD4B93 /* LocalDataFetcher.swift in Sources */,
				DD3A5B141DE633500016882D /* PlaybackHelper.swift in Sources */,
				152F38CA1DCD0C2500FE9ECF /* SponsorsScene.swift in Sources */,
				1520BD171DEA64700080DF4A /* EmptyUnit.swift in Sources */,
				15F9E4271DDF7A4600C05ECC /* TalkDetailView.swift in Sources */,
				15256D3B1DE9FC5000263E92 /* EventDateUnit.swift in Sources */,
				15256D451DEA3C9900263E92 /* EventFollowOnTwitterCollectionViewCell.swift in Sources */,
				15256D121DE7C4EE00263E92 /* UIImage+Color.swift in Sources */,
				1519A68E1DE287B50044EE8C /* DetailHeaderCollectionViewCell.swift in Sources */,
				15256D191DE8E88B00263E92 /* EventMainView.swift in Sources */,
				15BBD89A1DD9E9BD00A9A45F /* SpeakerHeroUnit.swift in Sources */,
				1591645B1DDD370600995EC2 /* TalkDashboardUnits.swift in Sources */,
				158F3E611DE3E8EA0076CDB6 /* TalkDetailStatsCollectionViewCell.swift in Sources */,
				15DDF92A1DD11DA200AD4B93 /* TalkModel.swift in Sources */,
				15BD91601DC95DF90088AEB4 /* ViewController.swift in Sources */,
				1515D1161DDA9E21008690FD /* SpeakerDetailDescriptionUnit.swift in Sources */,
				15A761B01DE65F7E0006333D /* VideosListView.swift in Sources */,
				15D88FDB1DD35E330055F781 /* TimeDisplayUnit.swift in Sources */,
				152F38DD1DCD144800FE9ECF /* TalksDashboardViewController.swift in Sources */,
				1515D1231DDCEF11008690FD /* UIColor+Hex.swift in Sources */,
				15256D421DEA3BEF00263E92 /* EventFollowOnTwitterUnit.swift in Sources */,
				152F38D51DCD0C7D00FE9ECF /* MainScene.swift in Sources */,
				15F9E42D1DDF85E200C05ECC /* TalkDetailViewState.swift in Sources */,
				15256D151DE8E7E100263E92 /* EventScene.swift in Sources */,
				152F38CC1DCD0C3100FE9ECF /* SpeakersScene.swift in Sources */,
				15256D301DE9F28400263E92 /* MapLocationUnit.swift in Sources */,
				153313641DE5118100F5F2EA /* SponsorsListViewController.swift in Sources */,
				152F38E41DD1113400FE9ECF /* URLSessionFetcher.swift in Sources */,
				1519A69D1DE347E60044EE8C /* TalkDetailDescriptionCollectionViewCell.swift in Sources */,
				158F3E5D1DE3CC890076CDB6 /* SpeakerDetailSmallTalkUnit.swift in Sources */,
				152F38DB1DCD130C00FE9ECF /* UIStoryboard+Generics.swift in Sources */,
				1551775E1DE51A3A00D9D106 /* SponsorDetailUnit.swift in Sources */,
				1519A6991DE341160044EE8C /* TalkDetailUnits.swift in Sources */,
				15256D251DE8ED9F00263E92 /* ReminderCollectionViewCell.swift in Sources */,
				15256D221DE8ED9000263E92 /* ReminderUnit.swift in Sources */,
				15BBD8AB1DDA415900A9A45F /* SpeakerDetailViewState.swift in Sources */,
				15DDF9301DD11E9300AD4B93 /* RoomModel.swift in Sources */,
				15BD915E1DC95DF90088AEB4 /* AppDelegate.swift in Sources */,
				1520BD121DEA5C570080DF4A /* CodeOfConductCollectionViewCell.swift in Sources */,
				15BBD8931DD64ABE00A9A45F /* SpeakerListView.swift in Sources */,
				15256D331DE9F29400263E92 /* MapLocationCollectionViewCell.swift in Sources */,
				15DDF93A1DD1298800AD4B93 /* Date+Marshal.swift in Sources */,
				155BF1361DDD304200985B9F /* LabelCollectionViewCell.swift in Sources */,
				1591645E1DDD419700995EC2 /* TalkCollectionViewCell.swift in Sources */,
				1551775B1DE5168800D9D106 /* SponsorsListState.swift in Sources */,
				15F9E4251DDF7A1F00C05ECC /* TalkDetailViewController.swift in Sources */,
				DD3A5AEA1DE60D580016882D /* VideosScene.swift in Sources */,
				15DDF9491DD2C38400AD4B93 /* CacheUpdatable.swift in Sources */,
				1515D1211DDCE487008690FD /* SpeakerDetailSocialUnit.swift in Sources */,
				158F3E661DE4E4B50076CDB6 /* SponsorModel.swift in Sources */,
				1515D1121DDA7913008690FD /* SpeakerDetailHeaderCollectionViewCell.swift in Sources */,
			);
			runOnlyForDeploymentPostprocessing = 0;
		};
		15BD916A1DC95DF90088AEB4 /* Sources */ = {
			isa = PBXSourcesBuildPhase;
			buildActionMask = 2147483647;
			files = (
				15BD91731DC95DF90088AEB4 /* CocoaheadsConfTests.swift in Sources */,
				15D88FE11DD360B80055F781 /* DisplayTalkTests.swift in Sources */,
				15DDF9461DD2B86100AD4B93 /* ParseDataTest.swift in Sources */,
			);
			runOnlyForDeploymentPostprocessing = 0;
		};
/* End PBXSourcesBuildPhase section */

/* Begin PBXTargetDependency section */
		15BD91701DC95DF90088AEB4 /* PBXTargetDependency */ = {
			isa = PBXTargetDependency;
			target = 15BD91591DC95DF90088AEB4 /* CocoaheadsConf */;
			targetProxy = 15BD916F1DC95DF90088AEB4 /* PBXContainerItemProxy */;
		};
/* End PBXTargetDependency section */

/* Begin PBXVariantGroup section */
		15BD91661DC95DF90088AEB4 /* LaunchScreen.storyboard */ = {
			isa = PBXVariantGroup;
			children = (
				15BD91671DC95DF90088AEB4 /* Base */,
			);
			name = LaunchScreen.storyboard;
			sourceTree = "<group>";
		};
/* End PBXVariantGroup section */

/* Begin XCBuildConfiguration section */
		15BD91751DC95DF90088AEB4 /* Debug */ = {
			isa = XCBuildConfiguration;
			buildSettings = {
				ALWAYS_SEARCH_USER_PATHS = NO;
				CLANG_ANALYZER_LOCALIZABILITY_NONLOCALIZED = YES;
				CLANG_ANALYZER_NONNULL = YES;
				CLANG_CXX_LANGUAGE_STANDARD = "gnu++0x";
				CLANG_CXX_LIBRARY = "libc++";
				CLANG_ENABLE_MODULES = YES;
				CLANG_ENABLE_OBJC_ARC = YES;
				CLANG_WARN_BLOCK_CAPTURE_AUTORELEASING = YES;
				CLANG_WARN_BOOL_CONVERSION = YES;
				CLANG_WARN_COMMA = YES;
				CLANG_WARN_CONSTANT_CONVERSION = YES;
				CLANG_WARN_DEPRECATED_OBJC_IMPLEMENTATIONS = YES;
				CLANG_WARN_DIRECT_OBJC_ISA_USAGE = YES_ERROR;
				CLANG_WARN_DOCUMENTATION_COMMENTS = YES;
				CLANG_WARN_EMPTY_BODY = YES;
				CLANG_WARN_ENUM_CONVERSION = YES;
				CLANG_WARN_INFINITE_RECURSION = YES;
				CLANG_WARN_INT_CONVERSION = YES;
				CLANG_WARN_NON_LITERAL_NULL_CONVERSION = YES;
				CLANG_WARN_OBJC_IMPLICIT_RETAIN_SELF = YES;
				CLANG_WARN_OBJC_LITERAL_CONVERSION = YES;
				CLANG_WARN_OBJC_ROOT_CLASS = YES_ERROR;
				CLANG_WARN_RANGE_LOOP_ANALYSIS = YES;
				CLANG_WARN_STRICT_PROTOTYPES = YES;
				CLANG_WARN_SUSPICIOUS_MOVE = YES;
				CLANG_WARN_SUSPICIOUS_MOVES = YES;
				CLANG_WARN_UNREACHABLE_CODE = YES;
				CLANG_WARN__DUPLICATE_METHOD_MATCH = YES;
				"CODE_SIGN_IDENTITY[sdk=iphoneos*]" = "iPhone Developer";
				COPY_PHASE_STRIP = NO;
				DEBUG_INFORMATION_FORMAT = dwarf;
				ENABLE_STRICT_OBJC_MSGSEND = YES;
				ENABLE_TESTABILITY = YES;
				GCC_C_LANGUAGE_STANDARD = gnu99;
				GCC_DYNAMIC_NO_PIC = NO;
				GCC_NO_COMMON_BLOCKS = YES;
				GCC_OPTIMIZATION_LEVEL = 0;
				GCC_PREPROCESSOR_DEFINITIONS = (
					"DEBUG=1",
					"$(inherited)",
				);
				GCC_WARN_64_TO_32_BIT_CONVERSION = YES;
				GCC_WARN_ABOUT_RETURN_TYPE = YES_ERROR;
				GCC_WARN_UNDECLARED_SELECTOR = YES;
				GCC_WARN_UNINITIALIZED_AUTOS = YES_AGGRESSIVE;
				GCC_WARN_UNUSED_FUNCTION = YES;
				GCC_WARN_UNUSED_VARIABLE = YES;
				IPHONEOS_DEPLOYMENT_TARGET = 11.2;
				MTL_ENABLE_DEBUG_INFO = YES;
				ONLY_ACTIVE_ARCH = YES;
				SDKROOT = iphoneos;
				SWIFT_ACTIVE_COMPILATION_CONDITIONS = DEBUG;
				SWIFT_OPTIMIZATION_LEVEL = "-Onone";
				SWIFT_VERSION = 5.0;
				TARGETED_DEVICE_FAMILY = "1,2";
			};
			name = Debug;
		};
		15BD91761DC95DF90088AEB4 /* Release */ = {
			isa = XCBuildConfiguration;
			buildSettings = {
				ALWAYS_SEARCH_USER_PATHS = NO;
				CLANG_ANALYZER_LOCALIZABILITY_NONLOCALIZED = YES;
				CLANG_ANALYZER_NONNULL = YES;
				CLANG_CXX_LANGUAGE_STANDARD = "gnu++0x";
				CLANG_CXX_LIBRARY = "libc++";
				CLANG_ENABLE_MODULES = YES;
				CLANG_ENABLE_OBJC_ARC = YES;
				CLANG_WARN_BLOCK_CAPTURE_AUTORELEASING = YES;
				CLANG_WARN_BOOL_CONVERSION = YES;
				CLANG_WARN_COMMA = YES;
				CLANG_WARN_CONSTANT_CONVERSION = YES;
				CLANG_WARN_DEPRECATED_OBJC_IMPLEMENTATIONS = YES;
				CLANG_WARN_DIRECT_OBJC_ISA_USAGE = YES_ERROR;
				CLANG_WARN_DOCUMENTATION_COMMENTS = YES;
				CLANG_WARN_EMPTY_BODY = YES;
				CLANG_WARN_ENUM_CONVERSION = YES;
				CLANG_WARN_INFINITE_RECURSION = YES;
				CLANG_WARN_INT_CONVERSION = YES;
				CLANG_WARN_NON_LITERAL_NULL_CONVERSION = YES;
				CLANG_WARN_OBJC_IMPLICIT_RETAIN_SELF = YES;
				CLANG_WARN_OBJC_LITERAL_CONVERSION = YES;
				CLANG_WARN_OBJC_ROOT_CLASS = YES_ERROR;
				CLANG_WARN_RANGE_LOOP_ANALYSIS = YES;
				CLANG_WARN_STRICT_PROTOTYPES = YES;
				CLANG_WARN_SUSPICIOUS_MOVE = YES;
				CLANG_WARN_SUSPICIOUS_MOVES = YES;
				CLANG_WARN_UNREACHABLE_CODE = YES;
				CLANG_WARN__DUPLICATE_METHOD_MATCH = YES;
				"CODE_SIGN_IDENTITY[sdk=iphoneos*]" = "iPhone Developer";
				COPY_PHASE_STRIP = NO;
				DEBUG_INFORMATION_FORMAT = "dwarf-with-dsym";
				ENABLE_NS_ASSERTIONS = NO;
				ENABLE_STRICT_OBJC_MSGSEND = YES;
				GCC_C_LANGUAGE_STANDARD = gnu99;
				GCC_NO_COMMON_BLOCKS = YES;
				GCC_WARN_64_TO_32_BIT_CONVERSION = YES;
				GCC_WARN_ABOUT_RETURN_TYPE = YES_ERROR;
				GCC_WARN_UNDECLARED_SELECTOR = YES;
				GCC_WARN_UNINITIALIZED_AUTOS = YES_AGGRESSIVE;
				GCC_WARN_UNUSED_FUNCTION = YES;
				GCC_WARN_UNUSED_VARIABLE = YES;
				IPHONEOS_DEPLOYMENT_TARGET = 11.2;
				MTL_ENABLE_DEBUG_INFO = NO;
				SDKROOT = iphoneos;
				SWIFT_COMPILATION_MODE = wholemodule;
				SWIFT_OPTIMIZATION_LEVEL = "-O";
				SWIFT_VERSION = 5.0;
				TARGETED_DEVICE_FAMILY = "1,2";
				VALIDATE_PRODUCT = YES;
			};
			name = Release;
		};
		15BD91781DC95DF90088AEB4 /* Debug */ = {
			isa = XCBuildConfiguration;
			baseConfigurationReference = A19881DAEC2FFA8E5C75DC4B /* Pods-CocoaheadsConf.debug.xcconfig */;
			buildSettings = {
				ASSETCATALOG_COMPILER_APPICON_NAME = AppIcon;
				DEVELOPMENT_TEAM = "";
				INFOPLIST_FILE = CocoaheadsConf/Info.plist;
				IPHONEOS_DEPLOYMENT_TARGET = 11.4;
				LD_RUNPATH_SEARCH_PATHS = (
					"$(inherited)",
					"@executable_path/Frameworks",
				);
				PRODUCT_BUNDLE_IDENTIFIER = br.com.cocoaheads.CocoaheadsConf;
				PRODUCT_NAME = "$(TARGET_NAME)";
				SWIFT_VERSION = 5.0;
				TARGETED_DEVICE_FAMILY = "1,2";
			};
			name = Debug;
		};
		15BD91791DC95DF90088AEB4 /* Release */ = {
			isa = XCBuildConfiguration;
			baseConfigurationReference = 6D327FD898FBF26989AC9F44 /* Pods-CocoaheadsConf.release.xcconfig */;
			buildSettings = {
				ASSETCATALOG_COMPILER_APPICON_NAME = AppIcon;
				DEVELOPMENT_TEAM = "";
				INFOPLIST_FILE = CocoaheadsConf/Info.plist;
				IPHONEOS_DEPLOYMENT_TARGET = 11.4;
				LD_RUNPATH_SEARCH_PATHS = (
					"$(inherited)",
					"@executable_path/Frameworks",
				);
				PRODUCT_BUNDLE_IDENTIFIER = br.com.cocoaheads.CocoaheadsConf;
				PRODUCT_NAME = "$(TARGET_NAME)";
				SWIFT_VERSION = 5.0;
				TARGETED_DEVICE_FAMILY = "1,2";
			};
			name = Release;
		};
		15BD917B1DC95DF90088AEB4 /* Debug */ = {
			isa = XCBuildConfiguration;
			buildSettings = {
				ALWAYS_EMBED_SWIFT_STANDARD_LIBRARIES = YES;
				BUNDLE_LOADER = "$(TEST_HOST)";
				DEVELOPMENT_TEAM = TBUC49Z9VX;
				INFOPLIST_FILE = CocoaheadsConfTests/Info.plist;
				LD_RUNPATH_SEARCH_PATHS = (
					"$(inherited)",
					"@executable_path/Frameworks",
					"@loader_path/Frameworks",
				);
				PRODUCT_BUNDLE_IDENTIFIER = br.com.cocoaheads.CocoaheadsConfTests;
				PRODUCT_NAME = "$(TARGET_NAME)";
				SWIFT_VERSION = 5.0;
				TEST_HOST = "$(BUILT_PRODUCTS_DIR)/CocoaheadsConf.app/CocoaheadsConf";
			};
			name = Debug;
		};
		15BD917C1DC95DF90088AEB4 /* Release */ = {
			isa = XCBuildConfiguration;
			buildSettings = {
				ALWAYS_EMBED_SWIFT_STANDARD_LIBRARIES = YES;
				BUNDLE_LOADER = "$(TEST_HOST)";
				DEVELOPMENT_TEAM = TBUC49Z9VX;
				INFOPLIST_FILE = CocoaheadsConfTests/Info.plist;
				LD_RUNPATH_SEARCH_PATHS = (
					"$(inherited)",
					"@executable_path/Frameworks",
					"@loader_path/Frameworks",
				);
				PRODUCT_BUNDLE_IDENTIFIER = br.com.cocoaheads.CocoaheadsConfTests;
				PRODUCT_NAME = "$(TARGET_NAME)";
				SWIFT_VERSION = 5.0;
				TEST_HOST = "$(BUILT_PRODUCTS_DIR)/CocoaheadsConf.app/CocoaheadsConf";
			};
			name = Release;
		};
/* End XCBuildConfiguration section */

/* Begin XCConfigurationList section */
		15BD91551DC95DF90088AEB4 /* Build configuration list for PBXProject "CocoaheadsConf" */ = {
			isa = XCConfigurationList;
			buildConfigurations = (
				15BD91751DC95DF90088AEB4 /* Debug */,
				15BD91761DC95DF90088AEB4 /* Release */,
			);
			defaultConfigurationIsVisible = 0;
			defaultConfigurationName = Release;
		};
		15BD91771DC95DF90088AEB4 /* Build configuration list for PBXNativeTarget "CocoaheadsConf" */ = {
			isa = XCConfigurationList;
			buildConfigurations = (
				15BD91781DC95DF90088AEB4 /* Debug */,
				15BD91791DC95DF90088AEB4 /* Release */,
			);
			defaultConfigurationIsVisible = 0;
			defaultConfigurationName = Release;
		};
		15BD917A1DC95DF90088AEB4 /* Build configuration list for PBXNativeTarget "CocoaheadsConfTests" */ = {
			isa = XCConfigurationList;
			buildConfigurations = (
				15BD917B1DC95DF90088AEB4 /* Debug */,
				15BD917C1DC95DF90088AEB4 /* Release */,
			);
			defaultConfigurationIsVisible = 0;
			defaultConfigurationName = Release;
		};
/* End XCConfigurationList section */

/* Begin XCRemoteSwiftPackageReference section */
		1D077189234146E200DDEAE9 /* RemoteSwiftPackageReference */ = {
			isa = XCRemoteSwiftPackageReference;
			repositoryURL = "https://github.com/onevcat/Kingfisher.git";
			requirement = {
				branch = master;
				kind = branch;
			};
		};
/* End XCRemoteSwiftPackageReference section */

/* Begin XCSwiftPackageProductDependency section */
		1D07718A234146E200DDEAE9 /* SwiftPackageProductDependency */ = {
			isa = XCSwiftPackageProductDependency;
			package = 1D077189234146E200DDEAE9 /* RemoteSwiftPackageReference */;
			productName = Kingfisher;
		};
/* End XCSwiftPackageProductDependency section */
	};
	rootObject = 15BD91521DC95DF90088AEB4 /* Project object */;
}
