// !$*UTF8*$!
{
	archiveVersion = 1;
	classes = {
	};
	objectVersion = 55;
	objects = {

/* Begin PBXBuildFile section */
		1D0A95312342E87700B2C582 /* Assets.xcassets in Resources */ = {isa = PBXBuildFile; fileRef = 1D0A95302342E87700B2C582 /* Assets.xcassets */; };
		1D0A95342342E87700B2C582 /* Preview Assets.xcassets in Resources */ = {isa = PBXBuildFile; fileRef = 1D0A95332342E87700B2C582 /* Preview Assets.xcassets */; };
		1D0A95372342E87700B2C582 /* LaunchScreen.storyboard in Resources */ = {isa = PBXBuildFile; fileRef = 1D0A95352342E87700B2C582 /* LaunchScreen.storyboard */; };
		6BC95AE12C4C381400BFBF71 /* RatingView.swift in Sources */ = {isa = PBXBuildFile; fileRef = 6BC95AE02C4C381400BFBF71 /* RatingView.swift */; };
		6BC95AE32C4C443600BFBF71 /* CustomCardView.swift in Sources */ = {isa = PBXBuildFile; fileRef = 6BC95AE22C4C443600BFBF71 /* CustomCardView.swift */; };
		6BC95AE52C4C446100BFBF71 /* CustomButton.swift in Sources */ = {isa = PBXBuildFile; fileRef = 6BC95AE42C4C446100BFBF71 /* CustomButton.swift */; };
		6BC95AE72C4C44BA00BFBF71 /* TitleSectionView.swift in Sources */ = {isa = PBXBuildFile; fileRef = 6BC95AE62C4C44BA00BFBF71 /* TitleSectionView.swift */; };
		6BCB43422C4C20350076A6E9 /* NSBrazilConfApp.swift in Sources */ = {isa = PBXBuildFile; fileRef = 6BCB43412C4C20350076A6E9 /* NSBrazilConfApp.swift */; };
		6BCB43452C4C23630076A6E9 /* HomeModule.swift in Sources */ = {isa = PBXBuildFile; fileRef = 6BCB43442C4C23630076A6E9 /* HomeModule.swift */; };
		B409F3B62C5AE0EB00ECF000 /* NSBrazilLib in Frameworks */ = {isa = PBXBuildFile; productRef = B409F3B52C5AE0EB00ECF000 /* NSBrazilLib */; };
		B409F3BA2C5AE3FE00ECF000 /* NSBrazilLib in Frameworks */ = {isa = PBXBuildFile; productRef = B409F3B92C5AE3FE00ECF000 /* NSBrazilLib */; };
		B40D79C625B5B61A009DEE17 /* DownloadCallToAction.swift in Sources */ = {isa = PBXBuildFile; fileRef = B40D79C525B5B61A009DEE17 /* DownloadCallToAction.swift */; };
		B44067B525B1E25700D9DE9B /* NSClipApp.swift in Sources */ = {isa = PBXBuildFile; fileRef = B44067B425B1E25700D9DE9B /* NSClipApp.swift */; };
		B44067BC25B1E25800D9DE9B /* Preview Assets.xcassets in Resources */ = {isa = PBXBuildFile; fileRef = B44067BB25B1E25800D9DE9B /* Preview Assets.xcassets */; };
		B44067C125B1E25800D9DE9B /* NSClip.app in Embed App Clips */ = {isa = PBXBuildFile; fileRef = B44067B225B1E25700D9DE9B /* NSClip.app */; platformFilters = (ios, maccatalyst, ); settings = {ATTRIBUTES = (RemoveHeadersOnCopy, ); }; };
		B44067CB25B1E26900D9DE9B /* Assets.xcassets in Resources */ = {isa = PBXBuildFile; fileRef = 1D0A95302342E87700B2C582 /* Assets.xcassets */; };
		B482AA8A2C5C721600F66F3B /* CocoaHeadsBR_WatchApp.swift in Sources */ = {isa = PBXBuildFile; fileRef = B482AA892C5C721600F66F3B /* CocoaHeadsBR_WatchApp.swift */; };
		B482AA8C2C5C721600F66F3B /* WatchRootView.swift in Sources */ = {isa = PBXBuildFile; fileRef = B482AA8B2C5C721600F66F3B /* WatchRootView.swift */; };
		B482AA8E2C5C721700F66F3B /* Assets.xcassets in Resources */ = {isa = PBXBuildFile; fileRef = B482AA8D2C5C721700F66F3B /* Assets.xcassets */; };
		B482AA912C5C721700F66F3B /* Preview Assets.xcassets in Resources */ = {isa = PBXBuildFile; fileRef = B482AA902C5C721700F66F3B /* Preview Assets.xcassets */; };
		B482AA942C5C721700F66F3B /* CocoaHeadsBR.app in Embed Watch Content */ = {isa = PBXBuildFile; fileRef = B482AA872C5C721600F66F3B /* CocoaHeadsBR.app */; settings = {ATTRIBUTES = (RemoveHeadersOnCopy, ); }; };
		B482AA9A2C5C722C00F66F3B /* NSBrazilLib in Frameworks */ = {isa = PBXBuildFile; productRef = B482AA992C5C722C00F66F3B /* NSBrazilLib */; };
		B4A60BDD2C5C9C1900D2597B /* RealityKitContent in Frameworks */ = {isa = PBXBuildFile; productRef = B4A60BDC2C5C9C1900D2597B /* RealityKitContent */; };
		B4A60BDF2C5C9C1900D2597B /* CocoaHeads_BR_VisionApp.swift in Sources */ = {isa = PBXBuildFile; fileRef = B4A60BDE2C5C9C1900D2597B /* CocoaHeads_BR_VisionApp.swift */; };
		B4A60BE12C5C9C1900D2597B /* ContentView.swift in Sources */ = {isa = PBXBuildFile; fileRef = B4A60BE02C5C9C1900D2597B /* ContentView.swift */; };
		B4A60BE32C5C9C1A00D2597B /* Assets.xcassets in Resources */ = {isa = PBXBuildFile; fileRef = B4A60BE22C5C9C1A00D2597B /* Assets.xcassets */; };
		B4A60BE62C5C9C1A00D2597B /* Preview Assets.xcassets in Resources */ = {isa = PBXBuildFile; fileRef = B4A60BE52C5C9C1A00D2597B /* Preview Assets.xcassets */; };
		B4A60BEC2C5C9C5100D2597B /* NSBrazilLib in Frameworks */ = {isa = PBXBuildFile; productRef = B4A60BEB2C5C9C5100D2597B /* NSBrazilLib */; };
		B4DD00122C6F0536003ADBD9 /* Assets.xcassets in Resources */ = {isa = PBXBuildFile; fileRef = B4DD00112C6F0536003ADBD9 /* Assets.xcassets */; };
/* End PBXBuildFile section */

/* Begin PBXContainerItemProxy section */
		B482AA922C5C721700F66F3B /* PBXContainerItemProxy */ = {
			isa = PBXContainerItemProxy;
			containerPortal = 1D0A951F2342E87500B2C582 /* Project object */;
			proxyType = 1;
			remoteGlobalIDString = B482AA862C5C721600F66F3B;
			remoteInfo = "CocoaHeadsBR Watch Watch App";
		};
/* End PBXContainerItemProxy section */

/* Begin PBXCopyFilesBuildPhase section */
		B44067C225B1E25800D9DE9B /* Embed App Clips */ = {
			isa = PBXCopyFilesBuildPhase;
			buildActionMask = 2147483647;
			dstPath = "$(CONTENTS_FOLDER_PATH)/AppClips";
			dstSubfolderSpec = 16;
			files = (
				B44067C125B1E25800D9DE9B /* NSClip.app in Embed App Clips */,
			);
			name = "Embed App Clips";
			runOnlyForDeploymentPostprocessing = 0;
		};
		B44067E225B1E2D100D9DE9B /* Embed Frameworks */ = {
			isa = PBXCopyFilesBuildPhase;
			buildActionMask = 2147483647;
			dstPath = "";
			dstSubfolderSpec = 10;
			files = (
			);
			name = "Embed Frameworks";
			runOnlyForDeploymentPostprocessing = 0;
		};
		B482AA952C5C721700F66F3B /* Embed Watch Content */ = {
			isa = PBXCopyFilesBuildPhase;
			buildActionMask = 2147483647;
			dstPath = "$(CONTENTS_FOLDER_PATH)/Watch";
			dstSubfolderSpec = 16;
			files = (
				B482AA942C5C721700F66F3B /* CocoaHeadsBR.app in Embed Watch Content */,
			);
			name = "Embed Watch Content";
			runOnlyForDeploymentPostprocessing = 0;
		};
/* End PBXCopyFilesBuildPhase section */

/* Begin PBXFileReference section */
		1D0A95272342E87500B2C582 /* NSBrazil.app */ = {isa = PBXFileReference; explicitFileType = wrapper.application; includeInIndex = 0; path = NSBrazil.app; sourceTree = BUILT_PRODUCTS_DIR; };
		1D0A95302342E87700B2C582 /* Assets.xcassets */ = {isa = PBXFileReference; lastKnownFileType = folder.assetcatalog; path = Assets.xcassets; sourceTree = "<group>"; };
		1D0A95332342E87700B2C582 /* Preview Assets.xcassets */ = {isa = PBXFileReference; lastKnownFileType = folder.assetcatalog; path = "Preview Assets.xcassets"; sourceTree = "<group>"; };
		1D0A95362342E87700B2C582 /* Base */ = {isa = PBXFileReference; lastKnownFileType = file.storyboard; name = Base; path = Base.lproj/LaunchScreen.storyboard; sourceTree = "<group>"; };
		1D0A95382342E87700B2C582 /* Info.plist */ = {isa = PBXFileReference; lastKnownFileType = text.plist.xml; path = Info.plist; sourceTree = "<group>"; };
		6BC95AE02C4C381400BFBF71 /* RatingView.swift */ = {isa = PBXFileReference; lastKnownFileType = sourcecode.swift; path = RatingView.swift; sourceTree = "<group>"; };
		6BC95AE22C4C443600BFBF71 /* CustomCardView.swift */ = {isa = PBXFileReference; lastKnownFileType = sourcecode.swift; path = CustomCardView.swift; sourceTree = "<group>"; };
		6BC95AE42C4C446100BFBF71 /* CustomButton.swift */ = {isa = PBXFileReference; lastKnownFileType = sourcecode.swift; path = CustomButton.swift; sourceTree = "<group>"; };
		6BC95AE62C4C44BA00BFBF71 /* TitleSectionView.swift */ = {isa = PBXFileReference; lastKnownFileType = sourcecode.swift; path = TitleSectionView.swift; sourceTree = "<group>"; };
		6BCB43412C4C20350076A6E9 /* NSBrazilConfApp.swift */ = {isa = PBXFileReference; lastKnownFileType = sourcecode.swift; path = NSBrazilConfApp.swift; sourceTree = "<group>"; };
		6BCB43442C4C23630076A6E9 /* HomeModule.swift */ = {isa = PBXFileReference; lastKnownFileType = sourcecode.swift; path = HomeModule.swift; sourceTree = "<group>"; };
		B40D79C525B5B61A009DEE17 /* DownloadCallToAction.swift */ = {isa = PBXFileReference; lastKnownFileType = sourcecode.swift; path = DownloadCallToAction.swift; sourceTree = "<group>"; };
		B44067B225B1E25700D9DE9B /* NSClip.app */ = {isa = PBXFileReference; explicitFileType = wrapper.application; includeInIndex = 0; path = NSClip.app; sourceTree = BUILT_PRODUCTS_DIR; };
		B44067B425B1E25700D9DE9B /* NSClipApp.swift */ = {isa = PBXFileReference; lastKnownFileType = sourcecode.swift; path = NSClipApp.swift; sourceTree = "<group>"; };
		B44067BB25B1E25800D9DE9B /* Preview Assets.xcassets */ = {isa = PBXFileReference; lastKnownFileType = folder.assetcatalog; path = "Preview Assets.xcassets"; sourceTree = "<group>"; };
		B44067BD25B1E25800D9DE9B /* Info.plist */ = {isa = PBXFileReference; lastKnownFileType = text.plist.xml; path = Info.plist; sourceTree = "<group>"; };
		B44067BE25B1E25800D9DE9B /* NSClip.entitlements */ = {isa = PBXFileReference; lastKnownFileType = text.plist.entitlements; path = NSClip.entitlements; sourceTree = "<group>"; };
		B441A4F62C5ADABD009E7771 /* NSBrazilLib */ = {isa = PBXFileReference; lastKnownFileType = wrapper; path = NSBrazilLib; sourceTree = "<group>"; };
		B482AA872C5C721600F66F3B /* CocoaHeadsBR.app */ = {isa = PBXFileReference; explicitFileType = wrapper.application; includeInIndex = 0; path = CocoaHeadsBR.app; sourceTree = BUILT_PRODUCTS_DIR; };
		B482AA892C5C721600F66F3B /* CocoaHeadsBR_WatchApp.swift */ = {isa = PBXFileReference; lastKnownFileType = sourcecode.swift; path = CocoaHeadsBR_WatchApp.swift; sourceTree = "<group>"; };
		B482AA8B2C5C721600F66F3B /* WatchRootView.swift */ = {isa = PBXFileReference; lastKnownFileType = sourcecode.swift; path = WatchRootView.swift; sourceTree = "<group>"; };
		B482AA8D2C5C721700F66F3B /* Assets.xcassets */ = {isa = PBXFileReference; lastKnownFileType = folder.assetcatalog; path = Assets.xcassets; sourceTree = "<group>"; };
		B482AA902C5C721700F66F3B /* Preview Assets.xcassets */ = {isa = PBXFileReference; lastKnownFileType = folder.assetcatalog; path = "Preview Assets.xcassets"; sourceTree = "<group>"; };
		B48E24C82367A24100193834 /* NSBrazilConf.entitlements */ = {isa = PBXFileReference; lastKnownFileType = text.plist.entitlements; path = NSBrazilConf.entitlements; sourceTree = "<group>"; };
		B4A60BD82C5C9C1900D2597B /* CocoaHeadsBR Vision.app */ = {isa = PBXFileReference; explicitFileType = wrapper.application; includeInIndex = 0; path = "CocoaHeadsBR Vision.app"; sourceTree = BUILT_PRODUCTS_DIR; };
		B4A60BDB2C5C9C1900D2597B /* RealityKitContent */ = {isa = PBXFileReference; lastKnownFileType = wrapper; path = RealityKitContent; sourceTree = "<group>"; };
		B4A60BDE2C5C9C1900D2597B /* CocoaHeads_BR_VisionApp.swift */ = {isa = PBXFileReference; lastKnownFileType = sourcecode.swift; path = CocoaHeads_BR_VisionApp.swift; sourceTree = "<group>"; };
		B4A60BE02C5C9C1900D2597B /* ContentView.swift */ = {isa = PBXFileReference; lastKnownFileType = sourcecode.swift; path = ContentView.swift; sourceTree = "<group>"; };
		B4A60BE22C5C9C1A00D2597B /* Assets.xcassets */ = {isa = PBXFileReference; lastKnownFileType = folder.assetcatalog; path = Assets.xcassets; sourceTree = "<group>"; };
		B4A60BE52C5C9C1A00D2597B /* Preview Assets.xcassets */ = {isa = PBXFileReference; lastKnownFileType = folder.assetcatalog; path = "Preview Assets.xcassets"; sourceTree = "<group>"; };
		B4A60BE72C5C9C1A00D2597B /* Info.plist */ = {isa = PBXFileReference; lastKnownFileType = text.plist.xml; path = Info.plist; sourceTree = "<group>"; };
		B4BAA62D2C61542C0024B351 /* NSBrazilConf.xctestplan */ = {isa = PBXFileReference; lastKnownFileType = text; path = NSBrazilConf.xctestplan; sourceTree = "<group>"; };
		B4C5F8C32C5ADD1C0031246C /* Common */ = {isa = PBXFileReference; lastKnownFileType = wrapper; path = Common; sourceTree = "<group>"; };
		B4DD00112C6F0536003ADBD9 /* Assets.xcassets */ = {isa = PBXFileReference; lastKnownFileType = folder.assetcatalog; path = Assets.xcassets; sourceTree = "<group>"; };
/* End PBXFileReference section */

/* Begin PBXFrameworksBuildPhase section */
		1D0A95242342E87500B2C582 /* Frameworks */ = {
			isa = PBXFrameworksBuildPhase;
			buildActionMask = 2147483647;
			files = (
				B409F3B62C5AE0EB00ECF000 /* NSBrazilLib in Frameworks */,
			);
			runOnlyForDeploymentPostprocessing = 0;
		};
		B44067AF25B1E25700D9DE9B /* Frameworks */ = {
			isa = PBXFrameworksBuildPhase;
			buildActionMask = 2147483647;
			files = (
				B409F3BA2C5AE3FE00ECF000 /* NSBrazilLib in Frameworks */,
			);
			runOnlyForDeploymentPostprocessing = 0;
		};
		B482AA842C5C721600F66F3B /* Frameworks */ = {
			isa = PBXFrameworksBuildPhase;
			buildActionMask = 2147483647;
			files = (
				B482AA9A2C5C722C00F66F3B /* NSBrazilLib in Frameworks */,
			);
			runOnlyForDeploymentPostprocessing = 0;
		};
		B4A60BD52C5C9C1900D2597B /* Frameworks */ = {
			isa = PBXFrameworksBuildPhase;
			buildActionMask = 2147483647;
			files = (
				B4A60BDD2C5C9C1900D2597B /* RealityKitContent in Frameworks */,
				B4A60BEC2C5C9C5100D2597B /* NSBrazilLib in Frameworks */,
			);
			runOnlyForDeploymentPostprocessing = 0;
		};
/* End PBXFrameworksBuildPhase section */

/* Begin PBXGroup section */
		1D0A951E2342E87500B2C582 = {
			isa = PBXGroup;
			children = (
				B4BAA62D2C61542C0024B351 /* NSBrazilConf.xctestplan */,
				B4C5F8C32C5ADD1C0031246C /* Common */,
				B441A4F62C5ADABD009E7771 /* NSBrazilLib */,
				1D0A95292342E87500B2C582 /* NSBrazilConf */,
				B44067B325B1E25700D9DE9B /* NSClip */,
				B482AA882C5C721600F66F3B /* CocoaHeadsBR Watch Watch App */,
				B4A60BD92C5C9C1900D2597B /* CocoaHeads BR Vision */,
				B4A60BDA2C5C9C1900D2597B /* Packages */,
				1D0A95282342E87500B2C582 /* Products */,
				B4451F7A25B5D4BF00901DC3 /* Frameworks */,
			);
			sourceTree = "<group>";
		};
		1D0A95282342E87500B2C582 /* Products */ = {
			isa = PBXGroup;
			children = (
				1D0A95272342E87500B2C582 /* NSBrazil.app */,
				B44067B225B1E25700D9DE9B /* NSClip.app */,
				B482AA872C5C721600F66F3B /* CocoaHeadsBR.app */,
				B4A60BD82C5C9C1900D2597B /* CocoaHeadsBR Vision.app */,
			);
			name = Products;
			sourceTree = "<group>";
		};
		1D0A95292342E87500B2C582 /* NSBrazilConf */ = {
			isa = PBXGroup;
			children = (
				6BC95ADF2C4C380300BFBF71 /* Components */,
				6BCB43432C4C23230076A6E9 /* Modules */,
				B48E24C82367A24100193834 /* NSBrazilConf.entitlements */,
				1D0A95302342E87700B2C582 /* Assets.xcassets */,
				1D0A95352342E87700B2C582 /* LaunchScreen.storyboard */,
				1D0A95382342E87700B2C582 /* Info.plist */,
				1D0A95322342E87700B2C582 /* Preview Content */,
				6BCB43412C4C20350076A6E9 /* NSBrazilConfApp.swift */,
			);
			path = NSBrazilConf;
			sourceTree = "<group>";
		};
		1D0A95322342E87700B2C582 /* Preview Content */ = {
			isa = PBXGroup;
			children = (
				1D0A95332342E87700B2C582 /* Preview Assets.xcassets */,
			);
			path = "Preview Content";
			sourceTree = "<group>";
		};
		6BC95ADF2C4C380300BFBF71 /* Components */ = {
			isa = PBXGroup;
			children = (
				6BC95AE02C4C381400BFBF71 /* RatingView.swift */,
				6BC95AE22C4C443600BFBF71 /* CustomCardView.swift */,
				6BC95AE42C4C446100BFBF71 /* CustomButton.swift */,
				6BC95AE62C4C44BA00BFBF71 /* TitleSectionView.swift */,
			);
			path = Components;
			sourceTree = "<group>";
		};
		6BCB43432C4C23230076A6E9 /* Modules */ = {
			isa = PBXGroup;
			children = (
				6BCB43442C4C23630076A6E9 /* HomeModule.swift */,
			);
			path = Modules;
			sourceTree = "<group>";
		};
		B44067B325B1E25700D9DE9B /* NSClip */ = {
			isa = PBXGroup;
			children = (
				B44067B425B1E25700D9DE9B /* NSClipApp.swift */,
				B44067BD25B1E25800D9DE9B /* Info.plist */,
				B44067BE25B1E25800D9DE9B /* NSClip.entitlements */,
				B44067BA25B1E25800D9DE9B /* Preview Content */,
				B40D79C525B5B61A009DEE17 /* DownloadCallToAction.swift */,
				B4DD00112C6F0536003ADBD9 /* Assets.xcassets */,
			);
			path = NSClip;
			sourceTree = "<group>";
		};
		B44067BA25B1E25800D9DE9B /* Preview Content */ = {
			isa = PBXGroup;
			children = (
				B44067BB25B1E25800D9DE9B /* Preview Assets.xcassets */,
			);
			path = "Preview Content";
			sourceTree = "<group>";
		};
		B4451F7A25B5D4BF00901DC3 /* Frameworks */ = {
			isa = PBXGroup;
			children = (
			);
			name = Frameworks;
			sourceTree = "<group>";
		};
		B482AA882C5C721600F66F3B /* CocoaHeadsBR Watch Watch App */ = {
			isa = PBXGroup;
			children = (
				B482AA892C5C721600F66F3B /* CocoaHeadsBR_WatchApp.swift */,
				B482AA8B2C5C721600F66F3B /* WatchRootView.swift */,
				B482AA8D2C5C721700F66F3B /* Assets.xcassets */,
				B482AA8F2C5C721700F66F3B /* Preview Content */,
			);
			path = "CocoaHeadsBR Watch Watch App";
			sourceTree = "<group>";
		};
		B482AA8F2C5C721700F66F3B /* Preview Content */ = {
			isa = PBXGroup;
			children = (
				B482AA902C5C721700F66F3B /* Preview Assets.xcassets */,
			);
			path = "Preview Content";
			sourceTree = "<group>";
		};
		B4A60BD92C5C9C1900D2597B /* CocoaHeads BR Vision */ = {
			isa = PBXGroup;
			children = (
				B4A60BDE2C5C9C1900D2597B /* CocoaHeads_BR_VisionApp.swift */,
				B4A60BE02C5C9C1900D2597B /* ContentView.swift */,
				B4A60BE22C5C9C1A00D2597B /* Assets.xcassets */,
				B4A60BE72C5C9C1A00D2597B /* Info.plist */,
				B4A60BE42C5C9C1A00D2597B /* Preview Content */,
			);
			name = "CocoaHeads BR Vision";
			path = "CocoaHeadsBR Vision";
			sourceTree = "<group>";
		};
		B4A60BDA2C5C9C1900D2597B /* Packages */ = {
			isa = PBXGroup;
			children = (
				B4A60BDB2C5C9C1900D2597B /* RealityKitContent */,
			);
			path = Packages;
			sourceTree = "<group>";
		};
		B4A60BE42C5C9C1A00D2597B /* Preview Content */ = {
			isa = PBXGroup;
			children = (
				B4A60BE52C5C9C1A00D2597B /* Preview Assets.xcassets */,
			);
			path = "Preview Content";
			sourceTree = "<group>";
		};
/* End PBXGroup section */

/* Begin PBXNativeTarget section */
		1D0A95262342E87500B2C582 /* NSBrazilConf */ = {
			isa = PBXNativeTarget;
			buildConfigurationList = 1D0A953B2342E87700B2C582 /* Build configuration list for PBXNativeTarget "NSBrazilConf" */;
			buildPhases = (
				1D0A95232342E87500B2C582 /* Sources */,
				1D0A95242342E87500B2C582 /* Frameworks */,
				1D0A95252342E87500B2C582 /* Resources */,
				B44067C225B1E25800D9DE9B /* Embed App Clips */,
				B44067E225B1E2D100D9DE9B /* Embed Frameworks */,
				B482AA952C5C721700F66F3B /* Embed Watch Content */,
				B4DD00102C6EF065003ADBD9 /* ShellScript */,
			);
			buildRules = (
			);
			dependencies = (
				B482AA932C5C721700F66F3B /* PBXTargetDependency */,
			);
			name = NSBrazilConf;
			packageProductDependencies = (
				B409F3B52C5AE0EB00ECF000 /* NSBrazilLib */,
			);
			productName = NSBrazilConf;
			productReference = 1D0A95272342E87500B2C582 /* NSBrazil.app */;
			productType = "com.apple.product-type.application";
		};
		B44067B125B1E25700D9DE9B /* NSClip */ = {
			isa = PBXNativeTarget;
			buildConfigurationList = B44067C525B1E25800D9DE9B /* Build configuration list for PBXNativeTarget "NSClip" */;
			buildPhases = (
				B44067AE25B1E25700D9DE9B /* Sources */,
				B44067AF25B1E25700D9DE9B /* Frameworks */,
				B44067B025B1E25700D9DE9B /* Resources */,
			);
			buildRules = (
			);
			dependencies = (
			);
			name = NSClip;
			packageProductDependencies = (
				B409F3B92C5AE3FE00ECF000 /* NSBrazilLib */,
			);
			productName = NSClip;
			productReference = B44067B225B1E25700D9DE9B /* NSClip.app */;
			productType = "com.apple.product-type.application.on-demand-install-capable";
		};
		B482AA862C5C721600F66F3B /* CocoaHeadsBR Watch */ = {
			isa = PBXNativeTarget;
			buildConfigurationList = B482AA982C5C721700F66F3B /* Build configuration list for PBXNativeTarget "CocoaHeadsBR Watch" */;
			buildPhases = (
				B482AA832C5C721600F66F3B /* Sources */,
				B482AA842C5C721600F66F3B /* Frameworks */,
				B482AA852C5C721600F66F3B /* Resources */,
			);
			buildRules = (
			);
			dependencies = (
			);
			name = "CocoaHeadsBR Watch";
			packageProductDependencies = (
				B482AA992C5C722C00F66F3B /* NSBrazilLib */,
			);
			productName = "CocoaHeadsBR Watch Watch App";
			productReference = B482AA872C5C721600F66F3B /* CocoaHeadsBR.app */;
			productType = "com.apple.product-type.application";
		};
		B4A60BD72C5C9C1900D2597B /* CocoaHeadsBR Vision */ = {
			isa = PBXNativeTarget;
			buildConfigurationList = B4A60BEA2C5C9C1A00D2597B /* Build configuration list for PBXNativeTarget "CocoaHeadsBR Vision" */;
			buildPhases = (
				B4A60BD42C5C9C1900D2597B /* Sources */,
				B4A60BD52C5C9C1900D2597B /* Frameworks */,
				B4A60BD62C5C9C1900D2597B /* Resources */,
			);
			buildRules = (
			);
			dependencies = (
			);
			name = "CocoaHeadsBR Vision";
			packageProductDependencies = (
				B4A60BDC2C5C9C1900D2597B /* RealityKitContent */,
				B4A60BEB2C5C9C5100D2597B /* NSBrazilLib */,
			);
			productName = "CocoaHeads BR Vision";
			productReference = B4A60BD82C5C9C1900D2597B /* CocoaHeadsBR Vision.app */;
			productType = "com.apple.product-type.application";
		};
/* End PBXNativeTarget section */

/* Begin PBXProject section */
		1D0A951F2342E87500B2C582 /* Project object */ = {
			isa = PBXProject;
			attributes = {
				BuildIndependentTargetsInParallel = YES;
				LastSwiftUpdateCheck = 1520;
				LastUpgradeCheck = 1600;
				ORGANIZATIONNAME = Cocoaheadsbr;
				TargetAttributes = {
					1D0A95262342E87500B2C582 = {
						CreatedOnToolsVersion = 11.1;
					};
					B44067B125B1E25700D9DE9B = {
						CreatedOnToolsVersion = 12.3;
					};
					B482AA862C5C721600F66F3B = {
						CreatedOnToolsVersion = 15.2;
					};
					B4A60BD72C5C9C1900D2597B = {
						CreatedOnToolsVersion = 15.2;
					};
				};
			};
			buildConfigurationList = 1D0A95222342E87500B2C582 /* Build configuration list for PBXProject "NSBrazilConf" */;
			compatibilityVersion = "Xcode 9.3";
			developmentRegion = en;
			hasScannedForEncodings = 0;
			knownRegions = (
				en,
				Base,
			);
			mainGroup = 1D0A951E2342E87500B2C582;
			packageReferences = (
			);
			productRefGroup = 1D0A95282342E87500B2C582 /* Products */;
			projectDirPath = "";
			projectRoot = "";
			targets = (
				1D0A95262342E87500B2C582 /* NSBrazilConf */,
				B44067B125B1E25700D9DE9B /* NSClip */,
				B482AA862C5C721600F66F3B /* CocoaHeadsBR Watch */,
				B4A60BD72C5C9C1900D2597B /* CocoaHeadsBR Vision */,
			);
		};
/* End PBXProject section */

/* Begin PBXResourcesBuildPhase section */
		1D0A95252342E87500B2C582 /* Resources */ = {
			isa = PBXResourcesBuildPhase;
			buildActionMask = 2147483647;
			files = (
				1D0A95372342E87700B2C582 /* LaunchScreen.storyboard in Resources */,
				1D0A95342342E87700B2C582 /* Preview Assets.xcassets in Resources */,
				1D0A95312342E87700B2C582 /* Assets.xcassets in Resources */,
			);
			runOnlyForDeploymentPostprocessing = 0;
		};
		B44067B025B1E25700D9DE9B /* Resources */ = {
			isa = PBXResourcesBuildPhase;
			buildActionMask = 2147483647;
			files = (
				B44067BC25B1E25800D9DE9B /* Preview Assets.xcassets in Resources */,
				B4DD00122C6F0536003ADBD9 /* Assets.xcassets in Resources */,
				B44067CB25B1E26900D9DE9B /* Assets.xcassets in Resources */,
			);
			runOnlyForDeploymentPostprocessing = 0;
		};
		B482AA852C5C721600F66F3B /* Resources */ = {
			isa = PBXResourcesBuildPhase;
			buildActionMask = 2147483647;
			files = (
				B482AA912C5C721700F66F3B /* Preview Assets.xcassets in Resources */,
				B482AA8E2C5C721700F66F3B /* Assets.xcassets in Resources */,
			);
			runOnlyForDeploymentPostprocessing = 0;
		};
		B4A60BD62C5C9C1900D2597B /* Resources */ = {
			isa = PBXResourcesBuildPhase;
			buildActionMask = 2147483647;
			files = (
				B4A60BE62C5C9C1A00D2597B /* Preview Assets.xcassets in Resources */,
				B4A60BE32C5C9C1A00D2597B /* Assets.xcassets in Resources */,
			);
			runOnlyForDeploymentPostprocessing = 0;
		};
/* End PBXResourcesBuildPhase section */

/* Begin PBXShellScriptBuildPhase section */
		B4DD00102C6EF065003ADBD9 /* ShellScript */ = {
			isa = PBXShellScriptBuildPhase;
			alwaysOutOfDate = 1;
			buildActionMask = 2147483647;
			files = (
			);
			inputFileListPaths = (
			);
			inputPaths = (
			);
			outputFileListPaths = (
			);
			outputPaths = (
			);
			runOnlyForDeploymentPostprocessing = 0;
			shellPath = /bin/sh;
			shellScript = "swift format lint -r .\n";
		};
/* End PBXShellScriptBuildPhase section */

/* Begin PBXSourcesBuildPhase section */
		1D0A95232342E87500B2C582 /* Sources */ = {
			isa = PBXSourcesBuildPhase;
			buildActionMask = 2147483647;
			files = (
				6BC95AE72C4C44BA00BFBF71 /* TitleSectionView.swift in Sources */,
				6BCB43452C4C23630076A6E9 /* HomeModule.swift in Sources */,
				6BCB43422C4C20350076A6E9 /* NSBrazilConfApp.swift in Sources */,
				6BC95AE12C4C381400BFBF71 /* RatingView.swift in Sources */,
				6BC95AE52C4C446100BFBF71 /* CustomButton.swift in Sources */,
				6BC95AE32C4C443600BFBF71 /* CustomCardView.swift in Sources */,
			);
			runOnlyForDeploymentPostprocessing = 0;
		};
		B44067AE25B1E25700D9DE9B /* Sources */ = {
			isa = PBXSourcesBuildPhase;
			buildActionMask = 2147483647;
			files = (
				B40D79C625B5B61A009DEE17 /* DownloadCallToAction.swift in Sources */,
				B44067B525B1E25700D9DE9B /* NSClipApp.swift in Sources */,
			);
			runOnlyForDeploymentPostprocessing = 0;
		};
		B482AA832C5C721600F66F3B /* Sources */ = {
			isa = PBXSourcesBuildPhase;
			buildActionMask = 2147483647;
			files = (
				B482AA8C2C5C721600F66F3B /* WatchRootView.swift in Sources */,
				B482AA8A2C5C721600F66F3B /* CocoaHeadsBR_WatchApp.swift in Sources */,
			);
			runOnlyForDeploymentPostprocessing = 0;
		};
		B4A60BD42C5C9C1900D2597B /* Sources */ = {
			isa = PBXSourcesBuildPhase;
			buildActionMask = 2147483647;
			files = (
				B4A60BE12C5C9C1900D2597B /* ContentView.swift in Sources */,
				B4A60BDF2C5C9C1900D2597B /* CocoaHeads_BR_VisionApp.swift in Sources */,
			);
			runOnlyForDeploymentPostprocessing = 0;
		};
/* End PBXSourcesBuildPhase section */

/* Begin PBXTargetDependency section */
		B482AA932C5C721700F66F3B /* PBXTargetDependency */ = {
			isa = PBXTargetDependency;
			target = B482AA862C5C721600F66F3B /* CocoaHeadsBR Watch */;
			targetProxy = B482AA922C5C721700F66F3B /* PBXContainerItemProxy */;
		};
/* End PBXTargetDependency section */

/* Begin PBXVariantGroup section */
		1D0A95352342E87700B2C582 /* LaunchScreen.storyboard */ = {
			isa = PBXVariantGroup;
			children = (
				1D0A95362342E87700B2C582 /* Base */,
			);
			name = LaunchScreen.storyboard;
			sourceTree = "<group>";
		};
/* End PBXVariantGroup section */

/* Begin XCBuildConfiguration section */
		1D0A95392342E87700B2C582 /* Debug */ = {
			isa = XCBuildConfiguration;
			buildSettings = {
				ALWAYS_SEARCH_USER_PATHS = NO;
				CLANG_ANALYZER_NONNULL = YES;
				CLANG_ANALYZER_NUMBER_OBJECT_CONVERSION = YES_AGGRESSIVE;
				CLANG_CXX_LANGUAGE_STANDARD = "gnu++14";
				CLANG_CXX_LIBRARY = "libc++";
				CLANG_ENABLE_MODULES = YES;
				CLANG_ENABLE_OBJC_ARC = YES;
				CLANG_ENABLE_OBJC_WEAK = YES;
				CLANG_WARN_BLOCK_CAPTURE_AUTORELEASING = YES;
				CLANG_WARN_BOOL_CONVERSION = YES;
				CLANG_WARN_COMMA = YES;
				CLANG_WARN_CONSTANT_CONVERSION = YES;
				CLANG_WARN_DEPRECATED_OBJC_IMPLEMENTATIONS = YES;
				CLANG_WARN_DIRECT_OBJC_ISA_USAGE = YES_ERROR;
				CLANG_WARN_DOCUMENTATION_COMMENTS = YES;
				CLANG_WARN_EMPTY_BODY = YES;
				CLANG_WARN_ENUM_CONVERSION = YES;
				CLANG_WARN_INFINITE_RECURSION = YES;
				CLANG_WARN_INT_CONVERSION = YES;
				CLANG_WARN_NON_LITERAL_NULL_CONVERSION = YES;
				CLANG_WARN_OBJC_IMPLICIT_RETAIN_SELF = YES;
				CLANG_WARN_OBJC_LITERAL_CONVERSION = YES;
				CLANG_WARN_OBJC_ROOT_CLASS = YES_ERROR;
				CLANG_WARN_QUOTED_INCLUDE_IN_FRAMEWORK_HEADER = YES;
				CLANG_WARN_RANGE_LOOP_ANALYSIS = YES;
				CLANG_WARN_STRICT_PROTOTYPES = YES;
				CLANG_WARN_SUSPICIOUS_MOVE = YES;
				CLANG_WARN_UNGUARDED_AVAILABILITY = YES_AGGRESSIVE;
				CLANG_WARN_UNREACHABLE_CODE = YES;
				CLANG_WARN__DUPLICATE_METHOD_MATCH = YES;
				COPY_PHASE_STRIP = NO;
				DEBUG_INFORMATION_FORMAT = dwarf;
				ENABLE_STRICT_OBJC_MSGSEND = YES;
				ENABLE_TESTABILITY = YES;
				GCC_C_LANGUAGE_STANDARD = gnu11;
				GCC_DYNAMIC_NO_PIC = NO;
				GCC_NO_COMMON_BLOCKS = YES;
				GCC_OPTIMIZATION_LEVEL = 0;
				GCC_PREPROCESSOR_DEFINITIONS = (
					"DEBUG=1",
					"$(inherited)",
				);
				GCC_WARN_64_TO_32_BIT_CONVERSION = YES;
				GCC_WARN_ABOUT_RETURN_TYPE = YES_ERROR;
				GCC_WARN_UNDECLARED_SELECTOR = YES;
				GCC_WARN_UNINITIALIZED_AUTOS = YES_AGGRESSIVE;
				GCC_WARN_UNUSED_FUNCTION = YES;
				GCC_WARN_UNUSED_VARIABLE = YES;
				IPHONEOS_DEPLOYMENT_TARGET = 13.1;
				MTL_ENABLE_DEBUG_INFO = INCLUDE_SOURCE;
				MTL_FAST_MATH = YES;
				ONLY_ACTIVE_ARCH = YES;
				SDKROOT = iphoneos;
				SWIFT_ACTIVE_COMPILATION_CONDITIONS = DEBUG;
				SWIFT_OPTIMIZATION_LEVEL = "-Onone";
			};
			name = Debug;
		};
		1D0A953A2342E87700B2C582 /* Release */ = {
			isa = XCBuildConfiguration;
			buildSettings = {
				ALWAYS_SEARCH_USER_PATHS = NO;
				CLANG_ANALYZER_NONNULL = YES;
				CLANG_ANALYZER_NUMBER_OBJECT_CONVERSION = YES_AGGRESSIVE;
				CLANG_CXX_LANGUAGE_STANDARD = "gnu++14";
				CLANG_CXX_LIBRARY = "libc++";
				CLANG_ENABLE_MODULES = YES;
				CLANG_ENABLE_OBJC_ARC = YES;
				CLANG_ENABLE_OBJC_WEAK = YES;
				CLANG_WARN_BLOCK_CAPTURE_AUTORELEASING = YES;
				CLANG_WARN_BOOL_CONVERSION = YES;
				CLANG_WARN_COMMA = YES;
				CLANG_WARN_CONSTANT_CONVERSION = YES;
				CLANG_WARN_DEPRECATED_OBJC_IMPLEMENTATIONS = YES;
				CLANG_WARN_DIRECT_OBJC_ISA_USAGE = YES_ERROR;
				CLANG_WARN_DOCUMENTATION_COMMENTS = YES;
				CLANG_WARN_EMPTY_BODY = YES;
				CLANG_WARN_ENUM_CONVERSION = YES;
				CLANG_WARN_INFINITE_RECURSION = YES;
				CLANG_WARN_INT_CONVERSION = YES;
				CLANG_WARN_NON_LITERAL_NULL_CONVERSION = YES;
				CLANG_WARN_OBJC_IMPLICIT_RETAIN_SELF = YES;
				CLANG_WARN_OBJC_LITERAL_CONVERSION = YES;
				CLANG_WARN_OBJC_ROOT_CLASS = YES_ERROR;
				CLANG_WARN_QUOTED_INCLUDE_IN_FRAMEWORK_HEADER = YES;
				CLANG_WARN_RANGE_LOOP_ANALYSIS = YES;
				CLANG_WARN_STRICT_PROTOTYPES = YES;
				CLANG_WARN_SUSPICIOUS_MOVE = YES;
				CLANG_WARN_UNGUARDED_AVAILABILITY = YES_AGGRESSIVE;
				CLANG_WARN_UNREACHABLE_CODE = YES;
				CLANG_WARN__DUPLICATE_METHOD_MATCH = YES;
				COPY_PHASE_STRIP = NO;
				DEBUG_INFORMATION_FORMAT = "dwarf-with-dsym";
				ENABLE_NS_ASSERTIONS = NO;
				ENABLE_STRICT_OBJC_MSGSEND = YES;
				GCC_C_LANGUAGE_STANDARD = gnu11;
				GCC_NO_COMMON_BLOCKS = YES;
				GCC_WARN_64_TO_32_BIT_CONVERSION = YES;
				GCC_WARN_ABOUT_RETURN_TYPE = YES_ERROR;
				GCC_WARN_UNDECLARED_SELECTOR = YES;
				GCC_WARN_UNINITIALIZED_AUTOS = YES_AGGRESSIVE;
				GCC_WARN_UNUSED_FUNCTION = YES;
				GCC_WARN_UNUSED_VARIABLE = YES;
				IPHONEOS_DEPLOYMENT_TARGET = 13.1;
				MTL_ENABLE_DEBUG_INFO = NO;
				MTL_FAST_MATH = YES;
				SDKROOT = iphoneos;
				SWIFT_COMPILATION_MODE = wholemodule;
				SWIFT_OPTIMIZATION_LEVEL = "-O";
				VALIDATE_PRODUCT = YES;
			};
			name = Release;
		};
		1D0A953C2342E87700B2C582 /* Debug */ = {
			isa = XCBuildConfiguration;
			buildSettings = {
				ASSETCATALOG_COMPILER_APPICON_NAME = AppIcon;
				CODE_SIGN_ENTITLEMENTS = NSBrazilConf/NSBrazilConf.entitlements;
				CODE_SIGN_STYLE = Automatic;
				CURRENT_PROJECT_VERSION = 1;
				DERIVE_MACCATALYST_PRODUCT_BUNDLE_IDENTIFIER = YES;
				DEVELOPMENT_ASSET_PATHS = "\"NSBrazilConf/Preview Content\"";
				DEVELOPMENT_TEAM = V45SL99ZK4;
				ENABLE_PREVIEWS = YES;
				INFOPLIST_FILE = NSBrazilConf/Info.plist;
				INFOPLIST_KEY_CFBundleDisplayName = CocoaHeadsBR;
				IPHONEOS_DEPLOYMENT_TARGET = 17.0;
				LD_RUNPATH_SEARCH_PATHS = (
					"$(inherited)",
					"@executable_path/Frameworks",
				);
				MARKETING_VERSION = 2024.1;
				PRODUCT_BUNDLE_IDENTIFIER = com.cocoaheadsbr.conf;
				PRODUCT_NAME = NSBrazil;
				SUPPORTED_PLATFORMS = "iphoneos iphonesimulator";
				SUPPORTS_MACCATALYST = YES;
				SUPPORTS_XR_DESIGNED_FOR_IPHONE_IPAD = NO;
				SWIFT_VERSION = 5.0;
				TARGETED_DEVICE_FAMILY = "1,2";
				XROS_DEPLOYMENT_TARGET = 1.0;
			};
			name = Debug;
		};
		1D0A953D2342E87700B2C582 /* Release */ = {
			isa = XCBuildConfiguration;
			buildSettings = {
				ASSETCATALOG_COMPILER_APPICON_NAME = AppIcon;
				CODE_SIGN_ENTITLEMENTS = NSBrazilConf/NSBrazilConf.entitlements;
				CODE_SIGN_STYLE = Automatic;
				CURRENT_PROJECT_VERSION = 1;
				DERIVE_MACCATALYST_PRODUCT_BUNDLE_IDENTIFIER = YES;
				DEVELOPMENT_ASSET_PATHS = "\"NSBrazilConf/Preview Content\"";
				DEVELOPMENT_TEAM = V45SL99ZK4;
				ENABLE_PREVIEWS = YES;
				INFOPLIST_FILE = NSBrazilConf/Info.plist;
				INFOPLIST_KEY_CFBundleDisplayName = CocoaHeadsBR;
				IPHONEOS_DEPLOYMENT_TARGET = 17.0;
				LD_RUNPATH_SEARCH_PATHS = (
					"$(inherited)",
					"@executable_path/Frameworks",
				);
				MARKETING_VERSION = 2024.1;
				PRODUCT_BUNDLE_IDENTIFIER = com.cocoaheadsbr.conf;
				PRODUCT_NAME = NSBrazil;
				SUPPORTED_PLATFORMS = "iphoneos iphonesimulator";
				SUPPORTS_MACCATALYST = YES;
				SUPPORTS_XR_DESIGNED_FOR_IPHONE_IPAD = NO;
				SWIFT_VERSION = 5.0;
				TARGETED_DEVICE_FAMILY = "1,2";
				XROS_DEPLOYMENT_TARGET = 1.0;
			};
			name = Release;
		};
		B44067C325B1E25800D9DE9B /* Debug */ = {
			isa = XCBuildConfiguration;
			buildSettings = {
				ASSETCATALOG_COMPILER_APPICON_NAME = AppIcon;
				ASSETCATALOG_COMPILER_GLOBAL_ACCENT_COLOR_NAME = AccentColor;
				CLANG_WARN_QUOTED_INCLUDE_IN_FRAMEWORK_HEADER = YES;
				CODE_SIGN_ENTITLEMENTS = NSClip/NSClip.entitlements;
				CODE_SIGN_IDENTITY = "Apple Development";
				CODE_SIGN_STYLE = Automatic;
				CURRENT_PROJECT_VERSION = 1;
				DEVELOPMENT_ASSET_PATHS = "\"NSClip/Preview Content\"";
				DEVELOPMENT_TEAM = V45SL99ZK4;
				ENABLE_PREVIEWS = YES;
				INFOPLIST_FILE = NSClip/Info.plist;
				INFOPLIST_KEY_CFBundleDisplayName = CocoaHeadsBR;
				IPHONEOS_DEPLOYMENT_TARGET = 17.0;
				LD_RUNPATH_SEARCH_PATHS = (
					"$(inherited)",
					"@executable_path/Frameworks",
				);
				MARKETING_VERSION = 2024.1;
				PRODUCT_BUNDLE_IDENTIFIER = com.cocoaheadsbr.conf.baseClip;
				PRODUCT_NAME = "$(TARGET_NAME)";
				PROVISIONING_PROFILE_SPECIFIER = "";
				SUPPORTED_PLATFORMS = "iphoneos iphonesimulator";
				SUPPORTS_MACCATALYST = NO;
				SUPPORTS_XR_DESIGNED_FOR_IPHONE_IPAD = NO;
				SWIFT_VERSION = 5.0;
				TARGETED_DEVICE_FAMILY = "1,2";
			};
			name = Debug;
		};
		B44067C425B1E25800D9DE9B /* Release */ = {
			isa = XCBuildConfiguration;
			buildSettings = {
				ASSETCATALOG_COMPILER_APPICON_NAME = AppIcon;
				ASSETCATALOG_COMPILER_GLOBAL_ACCENT_COLOR_NAME = AccentColor;
				CLANG_WARN_QUOTED_INCLUDE_IN_FRAMEWORK_HEADER = YES;
				CODE_SIGN_ENTITLEMENTS = NSClip/NSClip.entitlements;
				CODE_SIGN_IDENTITY = "Apple Development";
				CODE_SIGN_STYLE = Automatic;
				CURRENT_PROJECT_VERSION = 1;
				DEVELOPMENT_ASSET_PATHS = "\"NSClip/Preview Content\"";
				DEVELOPMENT_TEAM = V45SL99ZK4;
				ENABLE_PREVIEWS = YES;
				INFOPLIST_FILE = NSClip/Info.plist;
				INFOPLIST_KEY_CFBundleDisplayName = CocoaHeadsBR;
				IPHONEOS_DEPLOYMENT_TARGET = 17.0;
				LD_RUNPATH_SEARCH_PATHS = (
					"$(inherited)",
					"@executable_path/Frameworks",
				);
				MARKETING_VERSION = 2024.1;
				PRODUCT_BUNDLE_IDENTIFIER = com.cocoaheadsbr.conf.baseClip;
				PRODUCT_NAME = "$(TARGET_NAME)";
				PROVISIONING_PROFILE_SPECIFIER = "";
				SUPPORTED_PLATFORMS = "iphoneos iphonesimulator";
				SUPPORTS_MACCATALYST = NO;
				SUPPORTS_XR_DESIGNED_FOR_IPHONE_IPAD = NO;
				SWIFT_VERSION = 5.0;
				TARGETED_DEVICE_FAMILY = "1,2";
			};
			name = Release;
		};
		B482AA962C5C721700F66F3B /* Debug */ = {
			isa = XCBuildConfiguration;
			buildSettings = {
				ASSETCATALOG_COMPILER_APPICON_NAME = AppIcon;
				ASSETCATALOG_COMPILER_GENERATE_SWIFT_ASSET_SYMBOL_EXTENSIONS = YES;
				ASSETCATALOG_COMPILER_GLOBAL_ACCENT_COLOR_NAME = AccentColor;
				CLANG_CXX_LANGUAGE_STANDARD = "gnu++20";
				CLANG_WARN_QUOTED_INCLUDE_IN_FRAMEWORK_HEADER = YES;
				CODE_SIGN_STYLE = Automatic;
				CURRENT_PROJECT_VERSION = 1;
				DEVELOPMENT_ASSET_PATHS = "\"CocoaHeadsBR Watch Watch App/Preview Content\"";
				DEVELOPMENT_TEAM = V45SL99ZK4;
				ENABLE_PREVIEWS = YES;
				ENABLE_USER_SCRIPT_SANDBOXING = YES;
				GCC_C_LANGUAGE_STANDARD = gnu17;
				GENERATE_INFOPLIST_FILE = YES;
				INFOPLIST_KEY_UISupportedInterfaceOrientations = "UIInterfaceOrientationPortrait UIInterfaceOrientationPortraitUpsideDown";
				INFOPLIST_KEY_WKCompanionAppBundleIdentifier = com.cocoaheadsbr.conf;
				INFOPLIST_KEY_WKRunsIndependentlyOfCompanionApp = YES;
				LD_RUNPATH_SEARCH_PATHS = (
					"$(inherited)",
					"@executable_path/Frameworks",
				);
				LOCALIZATION_PREFERS_STRING_CATALOGS = YES;
				MARKETING_VERSION = 1.0;
				PRODUCT_BUNDLE_IDENTIFIER = com.cocoaheadsbr.conf.watchkitapp;
				PRODUCT_NAME = CocoaHeadsBR;
				SDKROOT = watchos;
				SKIP_INSTALL = YES;
				SWIFT_ACTIVE_COMPILATION_CONDITIONS = "DEBUG $(inherited)";
				SWIFT_EMIT_LOC_STRINGS = YES;
				SWIFT_VERSION = 5.0;
				TARGETED_DEVICE_FAMILY = 4;
				WATCHOS_DEPLOYMENT_TARGET = 10.2;
			};
			name = Debug;
		};
		B482AA972C5C721700F66F3B /* Release */ = {
			isa = XCBuildConfiguration;
			buildSettings = {
				ASSETCATALOG_COMPILER_APPICON_NAME = AppIcon;
				ASSETCATALOG_COMPILER_GENERATE_SWIFT_ASSET_SYMBOL_EXTENSIONS = YES;
				ASSETCATALOG_COMPILER_GLOBAL_ACCENT_COLOR_NAME = AccentColor;
				CLANG_CXX_LANGUAGE_STANDARD = "gnu++20";
				CLANG_WARN_QUOTED_INCLUDE_IN_FRAMEWORK_HEADER = YES;
				CODE_SIGN_STYLE = Automatic;
				CURRENT_PROJECT_VERSION = 1;
				DEVELOPMENT_ASSET_PATHS = "\"CocoaHeadsBR Watch Watch App/Preview Content\"";
				DEVELOPMENT_TEAM = V45SL99ZK4;
				ENABLE_PREVIEWS = YES;
				ENABLE_USER_SCRIPT_SANDBOXING = YES;
				GCC_C_LANGUAGE_STANDARD = gnu17;
				GENERATE_INFOPLIST_FILE = YES;
				INFOPLIST_KEY_UISupportedInterfaceOrientations = "UIInterfaceOrientationPortrait UIInterfaceOrientationPortraitUpsideDown";
				INFOPLIST_KEY_WKCompanionAppBundleIdentifier = com.cocoaheadsbr.conf;
				INFOPLIST_KEY_WKRunsIndependentlyOfCompanionApp = YES;
				LD_RUNPATH_SEARCH_PATHS = (
					"$(inherited)",
					"@executable_path/Frameworks",
				);
				LOCALIZATION_PREFERS_STRING_CATALOGS = YES;
				MARKETING_VERSION = 1.0;
				PRODUCT_BUNDLE_IDENTIFIER = com.cocoaheadsbr.conf.watchkitapp;
				PRODUCT_NAME = CocoaHeadsBR;
				SDKROOT = watchos;
				SKIP_INSTALL = YES;
				SWIFT_EMIT_LOC_STRINGS = YES;
				SWIFT_VERSION = 5.0;
				TARGETED_DEVICE_FAMILY = 4;
				WATCHOS_DEPLOYMENT_TARGET = 10.2;
			};
			name = Release;
		};
		B4A60BE82C5C9C1A00D2597B /* Debug */ = {
			isa = XCBuildConfiguration;
			buildSettings = {
				ASSETCATALOG_COMPILER_APPICON_NAME = AppIcon;
				ASSETCATALOG_COMPILER_GENERATE_SWIFT_ASSET_SYMBOL_EXTENSIONS = YES;
				ASSETCATALOG_COMPILER_GLOBAL_ACCENT_COLOR_NAME = AccentColor;
				CLANG_CXX_LANGUAGE_STANDARD = "gnu++20";
				CLANG_WARN_QUOTED_INCLUDE_IN_FRAMEWORK_HEADER = YES;
				CODE_SIGN_STYLE = Automatic;
				CURRENT_PROJECT_VERSION = 1;
				DEVELOPMENT_ASSET_PATHS = "\"CocoaHeadsBR Vision/Preview Content\"";
				DEVELOPMENT_TEAM = V45SL99ZK4;
				ENABLE_PREVIEWS = YES;
				ENABLE_USER_SCRIPT_SANDBOXING = YES;
				GCC_C_LANGUAGE_STANDARD = gnu17;
				GENERATE_INFOPLIST_FILE = YES;
				INFOPLIST_FILE = "$(TARGET_NAME)/Info.plist";
				INFOPLIST_KEY_CFBundleDisplayName = CocoaHeadsBR;
				LD_RUNPATH_SEARCH_PATHS = (
					"$(inherited)",
					"@executable_path/Frameworks",
				);
				LOCALIZATION_PREFERS_STRING_CATALOGS = YES;
				MARKETING_VERSION = 1.0;
				PRODUCT_BUNDLE_IDENTIFIER = "com.cocoaheads.conf.CocoaHeads-BR-Vision";
				PRODUCT_NAME = "$(TARGET_NAME)";
				SDKROOT = xros;
				SUPPORTED_PLATFORMS = "xros xrsimulator";
				SWIFT_ACTIVE_COMPILATION_CONDITIONS = "DEBUG $(inherited)";
				SWIFT_EMIT_LOC_STRINGS = YES;
				SWIFT_VERSION = 5.0;
				TARGETED_DEVICE_FAMILY = "1,2,7";
				XROS_DEPLOYMENT_TARGET = 1.0;
			};
			name = Debug;
		};
		B4A60BE92C5C9C1A00D2597B /* Release */ = {
			isa = XCBuildConfiguration;
			buildSettings = {
				ASSETCATALOG_COMPILER_APPICON_NAME = AppIcon;
				ASSETCATALOG_COMPILER_GENERATE_SWIFT_ASSET_SYMBOL_EXTENSIONS = YES;
				ASSETCATALOG_COMPILER_GLOBAL_ACCENT_COLOR_NAME = AccentColor;
				CLANG_CXX_LANGUAGE_STANDARD = "gnu++20";
				CLANG_WARN_QUOTED_INCLUDE_IN_FRAMEWORK_HEADER = YES;
				CODE_SIGN_STYLE = Automatic;
				CURRENT_PROJECT_VERSION = 1;
				DEVELOPMENT_ASSET_PATHS = "\"CocoaHeadsBR Vision/Preview Content\"";
				DEVELOPMENT_TEAM = V45SL99ZK4;
				ENABLE_PREVIEWS = YES;
				ENABLE_USER_SCRIPT_SANDBOXING = YES;
				GCC_C_LANGUAGE_STANDARD = gnu17;
				GENERATE_INFOPLIST_FILE = YES;
				INFOPLIST_FILE = "$(TARGET_NAME)/Info.plist";
				INFOPLIST_KEY_CFBundleDisplayName = CocoaHeadsBR;
				LD_RUNPATH_SEARCH_PATHS = (
					"$(inherited)",
					"@executable_path/Frameworks",
				);
				LOCALIZATION_PREFERS_STRING_CATALOGS = YES;
				MARKETING_VERSION = 1.0;
				PRODUCT_BUNDLE_IDENTIFIER = "com.cocoaheads.conf.CocoaHeads-BR-Vision";
				PRODUCT_NAME = "$(TARGET_NAME)";
				SDKROOT = xros;
				SUPPORTED_PLATFORMS = "xros xrsimulator";
				SWIFT_EMIT_LOC_STRINGS = YES;
				SWIFT_VERSION = 5.0;
				TARGETED_DEVICE_FAMILY = "1,2,7";
				XROS_DEPLOYMENT_TARGET = 1.0;
			};
			name = Release;
		};
/* End XCBuildConfiguration section */

/* Begin XCConfigurationList section */
		1D0A95222342E87500B2C582 /* Build configuration list for PBXProject "NSBrazilConf" */ = {
			isa = XCConfigurationList;
			buildConfigurations = (
				1D0A95392342E87700B2C582 /* Debug */,
				1D0A953A2342E87700B2C582 /* Release */,
			);
			defaultConfigurationIsVisible = 0;
			defaultConfigurationName = Release;
		};
		1D0A953B2342E87700B2C582 /* Build configuration list for PBXNativeTarget "NSBrazilConf" */ = {
			isa = XCConfigurationList;
			buildConfigurations = (
				1D0A953C2342E87700B2C582 /* Debug */,
				1D0A953D2342E87700B2C582 /* Release */,
			);
			defaultConfigurationIsVisible = 0;
			defaultConfigurationName = Release;
		};
		B44067C525B1E25800D9DE9B /* Build configuration list for PBXNativeTarget "NSClip" */ = {
			isa = XCConfigurationList;
			buildConfigurations = (
				B44067C325B1E25800D9DE9B /* Debug */,
				B44067C425B1E25800D9DE9B /* Release */,
			);
			defaultConfigurationIsVisible = 0;
			defaultConfigurationName = Release;
		};
		B482AA982C5C721700F66F3B /* Build configuration list for PBXNativeTarget "CocoaHeadsBR Watch" */ = {
			isa = XCConfigurationList;
			buildConfigurations = (
				B482AA962C5C721700F66F3B /* Debug */,
				B482AA972C5C721700F66F3B /* Release */,
			);
			defaultConfigurationIsVisible = 0;
			defaultConfigurationName = Release;
		};
		B4A60BEA2C5C9C1A00D2597B /* Build configuration list for PBXNativeTarget "CocoaHeadsBR Vision" */ = {
			isa = XCConfigurationList;
			buildConfigurations = (
				B4A60BE82C5C9C1A00D2597B /* Debug */,
				B4A60BE92C5C9C1A00D2597B /* Release */,
			);
			defaultConfigurationIsVisible = 0;
			defaultConfigurationName = Release;
		};
/* End XCConfigurationList section */

/* Begin XCSwiftPackageProductDependency section */
		B409F3B52C5AE0EB00ECF000 /* NSBrazilLib */ = {
			isa = XCSwiftPackageProductDependency;
			productName = NSBrazilLib;
		};
		B409F3B92C5AE3FE00ECF000 /* NSBrazilLib */ = {
			isa = XCSwiftPackageProductDependency;
			productName = NSBrazilLib;
		};
		B482AA992C5C722C00F66F3B /* NSBrazilLib */ = {
			isa = XCSwiftPackageProductDependency;
			productName = NSBrazilLib;
		};
		B4A60BDC2C5C9C1900D2597B /* RealityKitContent */ = {
			isa = XCSwiftPackageProductDependency;
			productName = RealityKitContent;
		};
		B4A60BEB2C5C9C5100D2597B /* NSBrazilLib */ = {
			isa = XCSwiftPackageProductDependency;
			productName = NSBrazilLib;
		};
/* End XCSwiftPackageProductDependency section */
	};
	rootObject = 1D0A951F2342E87500B2C582 /* Project object */;
}
