// !$*UTF8*$!
{
	archiveVersion = 1;
	classes = {
	};
	objectVersion = 56;
	objects = {

/* Begin PBXBuildFile section */
		2F0D066C2B76030C00442618 /* App in Frameworks */ = {isa = PBXBuildFile; productRef = 2F0D066B2B76030C00442618 /* App */; };
		2F0D066E2B76035F00442618 /* ComposableArchitecture in Frameworks */ = {isa = PBXBuildFile; productRef = 2F0D066D2B76035F00442618 /* ComposableArchitecture */; };
		2F1CB98A291A097F0033C297 /* BuildConfiguration.plist in Resources */ = {isa = PBXBuildFile; fileRef = 2F1CB989291A097F0033C297 /* BuildConfiguration.plist */; };
		2F7B0E5A273AD7AC00C68B1F /* MainApp.swift in Sources */ = {isa = PBXBuildFile; fileRef = 2F7B0E59273AD7AC00C68B1F /* MainApp.swift */; };
		2F7B0E6B273AD7AD00C68B1F /* __cookiecutter_app_name__Tests.swift in Sources */ = {isa = PBXBuildFile; fileRef = 2F7B0E6A273AD7AD00C68B1F /* __cookiecutter_app_name__Tests.swift */; };
		2F7B0E75273AD7AD00C68B1F /* __cookiecutter_app_name__UITests.swift in Sources */ = {isa = PBXBuildFile; fileRef = 2F7B0E74273AD7AD00C68B1F /* __cookiecutter_app_name__UITests.swift */; };
		2F7B0E77273AD7AD00C68B1F /* __cookiecutter_app_name__UITestsLaunchTests.swift in Sources */ = {isa = PBXBuildFile; fileRef = 2F7B0E76273AD7AD00C68B1F /* __cookiecutter_app_name__UITestsLaunchTests.swift */; };
		6782D570291252700015FCBB /* Preview Assets.xcassets in Resources */ = {isa = PBXBuildFile; fileRef = 6782D5572912526F0015FCBB /* Preview Assets.xcassets */; };
		6782D571291252700015FCBB /* Assets.xcassets in Resources */ = {isa = PBXBuildFile; fileRef = 6782D558291252700015FCBB /* Assets.xcassets */; };
		67B2B5C529127D3A00B2E0AC /* Staging.xcconfig in Resources */ = {isa = PBXBuildFile; fileRef = 67B2B5BD29127D3A00B2E0AC /* Staging.xcconfig */; };
		67B2B5C729127D3A00B2E0AC /* Development.xcconfig in Resources */ = {isa = PBXBuildFile; fileRef = 67B2B5C029127D3A00B2E0AC /* Development.xcconfig */; };
		67B2B5CA29127D3A00B2E0AC /* Production.xcconfig in Resources */ = {isa = PBXBuildFile; fileRef = 67B2B5C429127D3A00B2E0AC /* Production.xcconfig */; };
		EA95515C2C3E195C00943445 /* Home in Resources */ = {isa = PBXBuildFile; fileRef = EA95515B2C3E195C00943445 /* Home */; };
/* End PBXBuildFile section */

/* Begin PBXContainerItemProxy section */
		2F7B0E67273AD7AD00C68B1F /* PBXContainerItemProxy */ = {
			isa = PBXContainerItemProxy;
			containerPortal = 2F7B0E4E273AD7AC00C68B1F /* Project object */;
			proxyType = 1;
			remoteGlobalIDString = 2F7B0E55273AD7AC00C68B1F;
			remoteInfo = CocoaHeadsApp;
		};
		2F7B0E71273AD7AD00C68B1F /* PBXContainerItemProxy */ = {
			isa = PBXContainerItemProxy;
			containerPortal = 2F7B0E4E273AD7AC00C68B1F /* Project object */;
			proxyType = 1;
			remoteGlobalIDString = 2F7B0E55273AD7AC00C68B1F;
			remoteInfo = CocoaHeadsApp;
		};
/* End PBXContainerItemProxy section */

/* Begin PBXCopyFilesBuildPhase section */
		2F7B0EA2273AD7DD00C68B1F /* Embed Frameworks */ = {
			isa = PBXCopyFilesBuildPhase;
			buildActionMask = 2147483647;
			dstPath = "";
			dstSubfolderSpec = 10;
			files = (
			);
			name = "Embed Frameworks";
			runOnlyForDeploymentPostprocessing = 0;
		};
/* End PBXCopyFilesBuildPhase section */

/* Begin PBXFileReference section */
		2F1CB989291A097F0033C297 /* BuildConfiguration.plist */ = {isa = PBXFileReference; fileEncoding = 4; lastKnownFileType = text.plist.xml; path = BuildConfiguration.plist; sourceTree = "<group>"; };
		2F28C5F82942162600B7E601 /* NetworkPlatform */ = {isa = PBXFileReference; lastKnownFileType = wrapper; path = NetworkPlatform; sourceTree = "<group>"; };
		2F4989C3298E8F470007A245 /* Domain */ = {isa = PBXFileReference; lastKnownFileType = wrapper; path = Domain; sourceTree = "<group>"; };
		2F4989C5298E8F9E0007A245 /* Features */ = {isa = PBXFileReference; lastKnownFileType = wrapper; path = Features; sourceTree = "<group>"; };
		2F7B0E56273AD7AC00C68B1F /* CocoaHeadsApp.app */ = {isa = PBXFileReference; explicitFileType = wrapper.application; includeInIndex = 0; path = CocoaHeadsApp.app; sourceTree = BUILT_PRODUCTS_DIR; };
		2F7B0E59273AD7AC00C68B1F /* MainApp.swift */ = {isa = PBXFileReference; lastKnownFileType = sourcecode.swift; path = MainApp.swift; sourceTree = "<group>"; };
		2F7B0E66273AD7AD00C68B1F /* CocoaHeadsAppTests.xctest */ = {isa = PBXFileReference; explicitFileType = wrapper.cfbundle; includeInIndex = 0; path = CocoaHeadsAppTests.xctest; sourceTree = BUILT_PRODUCTS_DIR; };
		2F7B0E6A273AD7AD00C68B1F /* __cookiecutter_app_name__Tests.swift */ = {isa = PBXFileReference; lastKnownFileType = sourcecode.swift; path = __cookiecutter_app_name__Tests.swift; sourceTree = "<group>"; };
		2F7B0E70273AD7AD00C68B1F /* CocoaHeadsAppUITests.xctest */ = {isa = PBXFileReference; explicitFileType = wrapper.cfbundle; includeInIndex = 0; path = CocoaHeadsAppUITests.xctest; sourceTree = BUILT_PRODUCTS_DIR; };
		2F7B0E74273AD7AD00C68B1F /* __cookiecutter_app_name__UITests.swift */ = {isa = PBXFileReference; lastKnownFileType = sourcecode.swift; path = __cookiecutter_app_name__UITests.swift; sourceTree = "<group>"; };
		2F7B0E76273AD7AD00C68B1F /* __cookiecutter_app_name__UITestsLaunchTests.swift */ = {isa = PBXFileReference; lastKnownFileType = sourcecode.swift; path = __cookiecutter_app_name__UITestsLaunchTests.swift; sourceTree = "<group>"; };
		2F88959D2B75F8FB0047F158 /* PersistentPlatform */ = {isa = PBXFileReference; lastKnownFileType = wrapper; path = PersistentPlatform; sourceTree = "<group>"; };
		2F9DFD462990EA1800611A47 /* Utilities */ = {isa = PBXFileReference; lastKnownFileType = wrapper; path = Utilities; sourceTree = "<group>"; };
		2FBF5D1D2A73C01B00527C7D /* Common */ = {isa = PBXFileReference; lastKnownFileType = wrapper; path = Common; sourceTree = "<group>"; };
		6782D5572912526F0015FCBB /* Preview Assets.xcassets */ = {isa = PBXFileReference; lastKnownFileType = folder.assetcatalog; path = "Preview Assets.xcassets"; sourceTree = "<group>"; };
		6782D558291252700015FCBB /* Assets.xcassets */ = {isa = PBXFileReference; lastKnownFileType = folder.assetcatalog; path = Assets.xcassets; sourceTree = "<group>"; };
		67B2B5BD29127D3A00B2E0AC /* Staging.xcconfig */ = {isa = PBXFileReference; fileEncoding = 4; lastKnownFileType = text.xcconfig; path = Staging.xcconfig; sourceTree = "<group>"; };
		67B2B5BE29127D3A00B2E0AC /* BuildConfiguration.plist */ = {isa = PBXFileReference; fileEncoding = 4; lastKnownFileType = text.plist.xml; path = BuildConfiguration.plist; sourceTree = "<group>"; };
		67B2B5C029127D3A00B2E0AC /* Development.xcconfig */ = {isa = PBXFileReference; fileEncoding = 4; lastKnownFileType = text.xcconfig; path = Development.xcconfig; sourceTree = "<group>"; };
		67B2B5C129127D3A00B2E0AC /* BuildConfiguration.plist */ = {isa = PBXFileReference; fileEncoding = 4; lastKnownFileType = text.plist.xml; path = BuildConfiguration.plist; sourceTree = "<group>"; };
		67B2B5C329127D3A00B2E0AC /* BuildConfiguration.plist */ = {isa = PBXFileReference; fileEncoding = 4; lastKnownFileType = text.plist.xml; path = BuildConfiguration.plist; sourceTree = "<group>"; };
		67B2B5C429127D3A00B2E0AC /* Production.xcconfig */ = {isa = PBXFileReference; fileEncoding = 4; lastKnownFileType = text.xcconfig; path = Production.xcconfig; sourceTree = "<group>"; };
		EA95515B2C3E195C00943445 /* Home */ = {isa = PBXFileReference; lastKnownFileType = folder; path = Home; sourceTree = "<group>"; };
/* End PBXFileReference section */

/* Begin PBXFrameworksBuildPhase section */
		2F7B0E53273AD7AC00C68B1F /* Frameworks */ = {
			isa = PBXFrameworksBuildPhase;
			buildActionMask = 2147483647;
			files = (
				2F0D066E2B76035F00442618 /* ComposableArchitecture in Frameworks */,
				2F0D066C2B76030C00442618 /* App in Frameworks */,
			);
			runOnlyForDeploymentPostprocessing = 0;
		};
		2F7B0E63273AD7AD00C68B1F /* Frameworks */ = {
			isa = PBXFrameworksBuildPhase;
			buildActionMask = 2147483647;
			files = (
			);
			runOnlyForDeploymentPostprocessing = 0;
		};
		2F7B0E6D273AD7AD00C68B1F /* Frameworks */ = {
			isa = PBXFrameworksBuildPhase;
			buildActionMask = 2147483647;
			files = (
			);
			runOnlyForDeploymentPostprocessing = 0;
		};
/* End PBXFrameworksBuildPhase section */

/* Begin PBXGroup section */
		2F1CB9802918B3230033C297 /* Application */ = {
			isa = PBXGroup;
			children = (
				2F7B0E59273AD7AC00C68B1F /* MainApp.swift */,
				EA95515B2C3E195C00943445 /* Home */,
			);
			path = Application;
			sourceTree = "<group>";
		};
		2F5AB7A12940BC1C008B0BAC /* Frameworks */ = {
			isa = PBXGroup;
			children = (
			);
			name = Frameworks;
			sourceTree = "<group>";
		};
		2F7B0E4D273AD7AC00C68B1F = {
			isa = PBXGroup;
			children = (
				2F88959D2B75F8FB0047F158 /* PersistentPlatform */,
				2FBF5D1D2A73C01B00527C7D /* Common */,
				2F4989C3298E8F470007A245 /* Domain */,
				2F4989C5298E8F9E0007A245 /* Features */,
				2F28C5F82942162600B7E601 /* NetworkPlatform */,
				2F9DFD462990EA1800611A47 /* Utilities */,
				2F7B0E58273AD7AC00C68B1F /* CocoaHeadsApp */,
				2F7B0E69273AD7AD00C68B1F /* CocoaHeadsAppTests */,
				2F7B0E73273AD7AD00C68B1F /* CocoaHeadsAppUITests */,
				2F5AB7A12940BC1C008B0BAC /* Frameworks */,
				2F7B0E57273AD7AC00C68B1F /* Products */,
			);
			sourceTree = "<group>";
		};
		2F7B0E57273AD7AC00C68B1F /* Products */ = {
			isa = PBXGroup;
			children = (
				2F7B0E56273AD7AC00C68B1F /* CocoaHeadsApp.app */,
				2F7B0E66273AD7AD00C68B1F /* CocoaHeadsAppTests.xctest */,
				2F7B0E70273AD7AD00C68B1F /* CocoaHeadsAppUITests.xctest */,
			);
			name = Products;
			sourceTree = "<group>";
		};
		2F7B0E58273AD7AC00C68B1F /* CocoaHeadsApp */ = {
			isa = PBXGroup;
			children = (
				2F1CB9802918B3230033C297 /* Application */,
				6782D5562912526F0015FCBB /* Preview Content */,
				67B2B5B329127CF800B2E0AC /* Resources */,
			);
			path = CocoaHeadsApp;
			sourceTree = "<group>";
		};
		2F7B0E69273AD7AD00C68B1F /* CocoaHeadsAppTests */ = {
			isa = PBXGroup;
			children = (
				2F7B0E6A273AD7AD00C68B1F /* __cookiecutter_app_name__Tests.swift */,
			);
			path = CocoaHeadsAppTests;
			sourceTree = "<group>";
		};
		2F7B0E73273AD7AD00C68B1F /* CocoaHeadsAppUITests */ = {
			isa = PBXGroup;
			children = (
				2F7B0E74273AD7AD00C68B1F /* __cookiecutter_app_name__UITests.swift */,
				2F7B0E76273AD7AD00C68B1F /* __cookiecutter_app_name__UITestsLaunchTests.swift */,
			);
			path = CocoaHeadsAppUITests;
			sourceTree = "<group>";
		};
		6782D5562912526F0015FCBB /* Preview Content */ = {
			isa = PBXGroup;
			children = (
				6782D5572912526F0015FCBB /* Preview Assets.xcassets */,
			);
			path = "Preview Content";
			sourceTree = "<group>";
		};
		67B2B5B329127CF800B2E0AC /* Resources */ = {
			isa = PBXGroup;
			children = (
				6782D558291252700015FCBB /* Assets.xcassets */,
				67B2B5BB29127D3A00B2E0AC /* Configurations */,
				67B2B5B429127CF800B2E0AC /* Generated */,
			);
			path = Resources;
			sourceTree = "<group>";
		};
		67B2B5B429127CF800B2E0AC /* Generated */ = {
			isa = PBXGroup;
			children = (
				2F1CB989291A097F0033C297 /* BuildConfiguration.plist */,
			);
			path = Generated;
			sourceTree = "<group>";
		};
		67B2B5BB29127D3A00B2E0AC /* Configurations */ = {
			isa = PBXGroup;
			children = (
				67B2B5BC29127D3A00B2E0AC /* Staging */,
				67B2B5BF29127D3A00B2E0AC /* Development */,
				67B2B5C229127D3A00B2E0AC /* Production */,
			);
			path = Configurations;
			sourceTree = "<group>";
		};
		67B2B5BC29127D3A00B2E0AC /* Staging */ = {
			isa = PBXGroup;
			children = (
				67B2B5BD29127D3A00B2E0AC /* Staging.xcconfig */,
				67B2B5BE29127D3A00B2E0AC /* BuildConfiguration.plist */,
			);
			path = Staging;
			sourceTree = "<group>";
		};
		67B2B5BF29127D3A00B2E0AC /* Development */ = {
			isa = PBXGroup;
			children = (
				67B2B5C029127D3A00B2E0AC /* Development.xcconfig */,
				67B2B5C129127D3A00B2E0AC /* BuildConfiguration.plist */,
			);
			path = Development;
			sourceTree = "<group>";
		};
		67B2B5C229127D3A00B2E0AC /* Production */ = {
			isa = PBXGroup;
			children = (
				67B2B5C329127D3A00B2E0AC /* BuildConfiguration.plist */,
				67B2B5C429127D3A00B2E0AC /* Production.xcconfig */,
			);
			path = Production;
			sourceTree = "<group>";
		};
/* End PBXGroup section */

/* Begin PBXNativeTarget section */
		2F7B0E55273AD7AC00C68B1F /* CocoaHeadsApp */ = {
			isa = PBXNativeTarget;
			buildConfigurationList = 2F7B0E7A273AD7AD00C68B1F /* Build configuration list for PBXNativeTarget "CocoaHeadsApp" */;
			buildPhases = (
				2F1CB988291A076B0033C297 /* Copy Build Configuration */,
				2F7B0E52273AD7AC00C68B1F /* Sources */,
				2F7B0E53273AD7AC00C68B1F /* Frameworks */,
				2F7B0E54273AD7AC00C68B1F /* Resources */,
				2F7B0EA2273AD7DD00C68B1F /* Embed Frameworks */,
			);
			buildRules = (
			);
			dependencies = (
			);
			name = CocoaHeadsApp;
			packageProductDependencies = (
				2F0D066B2B76030C00442618 /* App */,
				2F0D066D2B76035F00442618 /* ComposableArchitecture */,
			);
			productName = CocoaHeadsApp;
			productReference = 2F7B0E56273AD7AC00C68B1F /* CocoaHeadsApp.app */;
			productType = "com.apple.product-type.application";
		};
		2F7B0E65273AD7AD00C68B1F /* CocoaHeadsAppTests */ = {
			isa = PBXNativeTarget;
			buildConfigurationList = 2F7B0E7D273AD7AD00C68B1F /* Build configuration list for PBXNativeTarget "CocoaHeadsAppTests" */;
			buildPhases = (
				2F7B0E62273AD7AD00C68B1F /* Sources */,
				2F7B0E63273AD7AD00C68B1F /* Frameworks */,
				2F7B0E64273AD7AD00C68B1F /* Resources */,
			);
			buildRules = (
			);
			dependencies = (
				2F7B0E68273AD7AD00C68B1F /* PBXTargetDependency */,
			);
			name = CocoaHeadsAppTests;
			productName = CocoaHeadsAppTests;
			productReference = 2F7B0E66273AD7AD00C68B1F /* CocoaHeadsAppTests.xctest */;
			productType = "com.apple.product-type.bundle.unit-test";
		};
		2F7B0E6F273AD7AD00C68B1F /* CocoaHeadsAppUITests */ = {
			isa = PBXNativeTarget;
			buildConfigurationList = 2F7B0E80273AD7AD00C68B1F /* Build configuration list for PBXNativeTarget "CocoaHeadsAppUITests" */;
			buildPhases = (
				2F7B0E6C273AD7AD00C68B1F /* Sources */,
				2F7B0E6D273AD7AD00C68B1F /* Frameworks */,
				2F7B0E6E273AD7AD00C68B1F /* Resources */,
			);
			buildRules = (
			);
			dependencies = (
				2F7B0E72273AD7AD00C68B1F /* PBXTargetDependency */,
			);
			name = CocoaHeadsAppUITests;
			productName = CocoaHeadsAppUITests;
			productReference = 2F7B0E70273AD7AD00C68B1F /* CocoaHeadsAppUITests.xctest */;
			productType = "com.apple.product-type.bundle.ui-testing";
		};
/* End PBXNativeTarget section */

/* Begin PBXProject section */
		2F7B0E4E273AD7AC00C68B1F /* Project object */ = {
			isa = PBXProject;
			attributes = {
				BuildIndependentTargetsInParallel = 1;
				LastSwiftUpdateCheck = 1310;
				LastUpgradeCheck = 1310;
				ORGANIZATIONNAME = Monstarlab;
				TargetAttributes = {
					2F7B0E55273AD7AC00C68B1F = {
						CreatedOnToolsVersion = 13.1;
					};
					2F7B0E65273AD7AD00C68B1F = {
						CreatedOnToolsVersion = 13.1;
						TestTargetID = 2F7B0E55273AD7AC00C68B1F;
					};
					2F7B0E6F273AD7AD00C68B1F = {
						CreatedOnToolsVersion = 13.1;
						TestTargetID = 2F7B0E55273AD7AC00C68B1F;
					};
				};
			};
			buildConfigurationList = 2F7B0E51273AD7AC00C68B1F /* Build configuration list for PBXProject "CocoaHeadsApp" */;
			compatibilityVersion = "Xcode 14.0";
			developmentRegion = en;
			hasScannedForEncodings = 0;
			knownRegions = (
				en,
				Base,
			);
			mainGroup = 2F7B0E4D273AD7AC00C68B1F;
			packageReferences = (
				B20307492B207D4E00EBA314 /* XCRemoteSwiftPackageReference "swift-composable-architecture" */,
			);
			productRefGroup = 2F7B0E57273AD7AC00C68B1F /* Products */;
			projectDirPath = "";
			projectRoot = "";
			targets = (
				2F7B0E55273AD7AC00C68B1F /* CocoaHeadsApp */,
				2F7B0E65273AD7AD00C68B1F /* CocoaHeadsAppTests */,
				2F7B0E6F273AD7AD00C68B1F /* CocoaHeadsAppUITests */,
			);
		};
/* End PBXProject section */

/* Begin PBXResourcesBuildPhase section */
		2F7B0E54273AD7AC00C68B1F /* Resources */ = {
			isa = PBXResourcesBuildPhase;
			buildActionMask = 2147483647;
			files = (
				2F1CB98A291A097F0033C297 /* BuildConfiguration.plist in Resources */,
				67B2B5CA29127D3A00B2E0AC /* Production.xcconfig in Resources */,
				6782D570291252700015FCBB /* Preview Assets.xcassets in Resources */,
				67B2B5C529127D3A00B2E0AC /* Staging.xcconfig in Resources */,
				6782D571291252700015FCBB /* Assets.xcassets in Resources */,
				67B2B5C729127D3A00B2E0AC /* Development.xcconfig in Resources */,
				EA95515C2C3E195C00943445 /* Home in Resources */,
			);
			runOnlyForDeploymentPostprocessing = 0;
		};
		2F7B0E64273AD7AD00C68B1F /* Resources */ = {
			isa = PBXResourcesBuildPhase;
			buildActionMask = 2147483647;
			files = (
			);
			runOnlyForDeploymentPostprocessing = 0;
		};
		2F7B0E6E273AD7AD00C68B1F /* Resources */ = {
			isa = PBXResourcesBuildPhase;
			buildActionMask = 2147483647;
			files = (
			);
			runOnlyForDeploymentPostprocessing = 0;
		};
/* End PBXResourcesBuildPhase section */

/* Begin PBXShellScriptBuildPhase section */
		2F1CB988291A076B0033C297 /* Copy Build Configuration */ = {
			isa = PBXShellScriptBuildPhase;
			buildActionMask = 2147483647;
			files = (
			);
			inputFileListPaths = (
			);
			inputPaths = (
			);
			name = "Copy Build Configuration";
			outputFileListPaths = (
			);
			outputPaths = (
			);
			runOnlyForDeploymentPostprocessing = 0;
			shellPath = /bin/sh;
			shellScript = "cp -fp \"$SRCROOT/CocoaHeadsApp/Resources/Configurations/${XCC_CONFIG_PATH}\" \"$SRCROOT/CocoaHeadsApp/Resources/Generated/BuildConfiguration.plist\"\n";
		};
/* End PBXShellScriptBuildPhase section */

/* Begin PBXSourcesBuildPhase section */
		2F7B0E52273AD7AC00C68B1F /* Sources */ = {
			isa = PBXSourcesBuildPhase;
			buildActionMask = 2147483647;
			files = (
				2F7B0E5A273AD7AC00C68B1F /* MainApp.swift in Sources */,
			);
			runOnlyForDeploymentPostprocessing = 0;
		};
		2F7B0E62273AD7AD00C68B1F /* Sources */ = {
			isa = PBXSourcesBuildPhase;
			buildActionMask = 2147483647;
			files = (
				2F7B0E6B273AD7AD00C68B1F /* __cookiecutter_app_name__Tests.swift in Sources */,
			);
			runOnlyForDeploymentPostprocessing = 0;
		};
		2F7B0E6C273AD7AD00C68B1F /* Sources */ = {
			isa = PBXSourcesBuildPhase;
			buildActionMask = 2147483647;
			files = (
				2F7B0E77273AD7AD00C68B1F /* __cookiecutter_app_name__UITestsLaunchTests.swift in Sources */,
				2F7B0E75273AD7AD00C68B1F /* __cookiecutter_app_name__UITests.swift in Sources */,
			);
			runOnlyForDeploymentPostprocessing = 0;
		};
/* End PBXSourcesBuildPhase section */

/* Begin PBXTargetDependency section */
		2F7B0E68273AD7AD00C68B1F /* PBXTargetDependency */ = {
			isa = PBXTargetDependency;
			target = 2F7B0E55273AD7AC00C68B1F /* CocoaHeadsApp */;
			targetProxy = 2F7B0E67273AD7AD00C68B1F /* PBXContainerItemProxy */;
		};
		2F7B0E72273AD7AD00C68B1F /* PBXTargetDependency */ = {
			isa = PBXTargetDependency;
			target = 2F7B0E55273AD7AC00C68B1F /* CocoaHeadsApp */;
			targetProxy = 2F7B0E71273AD7AD00C68B1F /* PBXContainerItemProxy */;
		};
/* End PBXTargetDependency section */

/* Begin XCBuildConfiguration section */
		2FC8C28B2761CC620085F36E /* Debug Develop */ = {
			isa = XCBuildConfiguration;
			baseConfigurationReference = 67B2B5C029127D3A00B2E0AC /* Development.xcconfig */;
			buildSettings = {
				ALWAYS_SEARCH_USER_PATHS = NO;
				CLANG_ANALYZER_NONNULL = YES;
				CLANG_ANALYZER_NUMBER_OBJECT_CONVERSION = YES_AGGRESSIVE;
				CLANG_CXX_LANGUAGE_STANDARD = "gnu++17";
				CLANG_CXX_LIBRARY = "libc++";
				CLANG_ENABLE_MODULES = YES;
				CLANG_ENABLE_OBJC_ARC = YES;
				CLANG_ENABLE_OBJC_WEAK = YES;
				CLANG_WARN_BLOCK_CAPTURE_AUTORELEASING = YES;
				CLANG_WARN_BOOL_CONVERSION = YES;
				CLANG_WARN_COMMA = YES;
				CLANG_WARN_CONSTANT_CONVERSION = YES;
				CLANG_WARN_DEPRECATED_OBJC_IMPLEMENTATIONS = YES;
				CLANG_WARN_DIRECT_OBJC_ISA_USAGE = YES_ERROR;
				CLANG_WARN_DOCUMENTATION_COMMENTS = YES;
				CLANG_WARN_EMPTY_BODY = YES;
				CLANG_WARN_ENUM_CONVERSION = YES;
				CLANG_WARN_INFINITE_RECURSION = YES;
				CLANG_WARN_INT_CONVERSION = YES;
				CLANG_WARN_NON_LITERAL_NULL_CONVERSION = YES;
				CLANG_WARN_OBJC_IMPLICIT_RETAIN_SELF = YES;
				CLANG_WARN_OBJC_LITERAL_CONVERSION = YES;
				CLANG_WARN_OBJC_ROOT_CLASS = YES_ERROR;
				CLANG_WARN_QUOTED_INCLUDE_IN_FRAMEWORK_HEADER = YES;
				CLANG_WARN_RANGE_LOOP_ANALYSIS = YES;
				CLANG_WARN_STRICT_PROTOTYPES = YES;
				CLANG_WARN_SUSPICIOUS_MOVE = YES;
				CLANG_WARN_UNGUARDED_AVAILABILITY = YES_AGGRESSIVE;
				CLANG_WARN_UNREACHABLE_CODE = YES;
				CLANG_WARN__DUPLICATE_METHOD_MATCH = YES;
				COPY_PHASE_STRIP = NO;
				DEBUG_INFORMATION_FORMAT = dwarf;
				ENABLE_STRICT_OBJC_MSGSEND = YES;
				ENABLE_TESTABILITY = YES;
				GCC_C_LANGUAGE_STANDARD = gnu11;
				GCC_DYNAMIC_NO_PIC = NO;
				GCC_NO_COMMON_BLOCKS = YES;
				GCC_OPTIMIZATION_LEVEL = 0;
				GCC_PREPROCESSOR_DEFINITIONS = (
					"DEBUG=1",
					"$(inherited)",
				);
				GCC_WARN_64_TO_32_BIT_CONVERSION = YES;
				GCC_WARN_ABOUT_RETURN_TYPE = YES_ERROR;
				GCC_WARN_UNDECLARED_SELECTOR = YES;
				GCC_WARN_UNINITIALIZED_AUTOS = YES_AGGRESSIVE;
				GCC_WARN_UNUSED_FUNCTION = YES;
				GCC_WARN_UNUSED_VARIABLE = YES;
				IPHONEOS_DEPLOYMENT_TARGET = 15.0;
				MTL_ENABLE_DEBUG_INFO = INCLUDE_SOURCE;
				MTL_FAST_MATH = YES;
				ONLY_ACTIVE_ARCH = YES;
				SDKROOT = iphoneos;
				SWIFT_ACTIVE_COMPILATION_CONDITIONS = DEBUG;
				SWIFT_OPTIMIZATION_LEVEL = "-Onone";
			};
			name = "Debug Develop";
		};
		2FC8C28C2761CC620085F36E /* Debug Develop */ = {
			isa = XCBuildConfiguration;
			buildSettings = {
				ASSETCATALOG_COMPILER_APPICON_NAME = AppIcon;
				ASSETCATALOG_COMPILER_GLOBAL_ACCENT_COLOR_NAME = AccentColor;
				CODE_SIGN_IDENTITY = "Apple Development";
				CODE_SIGN_STYLE = Manual;
				CURRENT_PROJECT_VERSION = 1;
				DEVELOPMENT_ASSET_PATHS = "\"CocoaHeadsApp/Preview Content\"";
				DEVELOPMENT_TEAM = "";
				ENABLE_PREVIEWS = YES;
				GENERATE_INFOPLIST_FILE = YES;
				INFOPLIST_KEY_UIApplicationSceneManifest_Generation = YES;
				INFOPLIST_KEY_UIApplicationSupportsIndirectInputEvents = YES;
				INFOPLIST_KEY_UILaunchScreen_Generation = YES;
				INFOPLIST_KEY_UISupportedInterfaceOrientations_iPad = "UIInterfaceOrientationPortrait UIInterfaceOrientationPortraitUpsideDown UIInterfaceOrientationLandscapeLeft UIInterfaceOrientationLandscapeRight";
				INFOPLIST_KEY_UISupportedInterfaceOrientations_iPhone = "UIInterfaceOrientationPortrait UIInterfaceOrientationLandscapeLeft UIInterfaceOrientationLandscapeRight";
				IPHONEOS_DEPLOYMENT_TARGET = 16.0;
				LD_RUNPATH_SEARCH_PATHS = (
					"$(inherited)",
					"@executable_path/Frameworks",
				);
				MARKETING_VERSION = 1.0;
				PRODUCT_BUNDLE_IDENTIFIER = "bd.com.monstarlab.--cookiecutter-app-name--";
				PRODUCT_NAME = "$(TARGET_NAME)";
				PROVISIONING_PROFILE_SPECIFIER = "";
				SWIFT_EMIT_LOC_STRINGS = YES;
				SWIFT_VERSION = 5.0;
				TARGETED_DEVICE_FAMILY = "1,2";
			};
			name = "Debug Develop";
		};
		2FC8C28D2761CC620085F36E /* Debug Develop */ = {
			isa = XCBuildConfiguration;
			buildSettings = {
				ALWAYS_EMBED_SWIFT_STANDARD_LIBRARIES = YES;
				BUNDLE_LOADER = "$(TEST_HOST)";
				CODE_SIGN_STYLE = Automatic;
				CURRENT_PROJECT_VERSION = 1;
				DEVELOPMENT_TEAM = Y42MGDVV9X;
				GENERATE_INFOPLIST_FILE = YES;
				IPHONEOS_DEPLOYMENT_TARGET = 15.0;
				LD_RUNPATH_SEARCH_PATHS = (
					"$(inherited)",
					"@executable_path/Frameworks",
					"@loader_path/Frameworks",
				);
				MARKETING_VERSION = 1.0;
				PRODUCT_BUNDLE_IDENTIFIER = "bd.com.rokon..--cookiecutter-app-name--Tests";
				PRODUCT_NAME = "$(TARGET_NAME)";
				SWIFT_EMIT_LOC_STRINGS = NO;
				SWIFT_VERSION = 5.0;
				TARGETED_DEVICE_FAMILY = "1,2";
				TEST_HOST = "$(BUILT_PRODUCTS_DIR)/CocoaHeadsApp.app/CocoaHeadsApp";
			};
			name = "Debug Develop";
		};
		2FC8C28E2761CC620085F36E /* Debug Develop */ = {
			isa = XCBuildConfiguration;
			buildSettings = {
				ALWAYS_EMBED_SWIFT_STANDARD_LIBRARIES = YES;
				CODE_SIGN_STYLE = Automatic;
				CURRENT_PROJECT_VERSION = 1;
				DEVELOPMENT_TEAM = Y42MGDVV9X;
				GENERATE_INFOPLIST_FILE = YES;
				LD_RUNPATH_SEARCH_PATHS = (
					"$(inherited)",
					"@executable_path/Frameworks",
					"@loader_path/Frameworks",
				);
				MARKETING_VERSION = 1.0;
				PRODUCT_BUNDLE_IDENTIFIER = "bd.com.rokon..--cookiecutter-app-name--UITests";
				PRODUCT_NAME = "$(TARGET_NAME)";
				SWIFT_EMIT_LOC_STRINGS = NO;
				SWIFT_VERSION = 5.0;
				TARGETED_DEVICE_FAMILY = "1,2";
				TEST_TARGET_NAME = CocoaHeadsApp;
			};
			name = "Debug Develop";
		};
		2FC8C2A32761CC970085F36E /* Debug Staging */ = {
			isa = XCBuildConfiguration;
			baseConfigurationReference = 67B2B5BD29127D3A00B2E0AC /* Staging.xcconfig */;
			buildSettings = {
				ALWAYS_SEARCH_USER_PATHS = NO;
				CLANG_ANALYZER_NONNULL = YES;
				CLANG_ANALYZER_NUMBER_OBJECT_CONVERSION = YES_AGGRESSIVE;
				CLANG_CXX_LANGUAGE_STANDARD = "gnu++17";
				CLANG_CXX_LIBRARY = "libc++";
				CLANG_ENABLE_MODULES = YES;
				CLANG_ENABLE_OBJC_ARC = YES;
				CLANG_ENABLE_OBJC_WEAK = YES;
				CLANG_WARN_BLOCK_CAPTURE_AUTORELEASING = YES;
				CLANG_WARN_BOOL_CONVERSION = YES;
				CLANG_WARN_COMMA = YES;
				CLANG_WARN_CONSTANT_CONVERSION = YES;
				CLANG_WARN_DEPRECATED_OBJC_IMPLEMENTATIONS = YES;
				CLANG_WARN_DIRECT_OBJC_ISA_USAGE = YES_ERROR;
				CLANG_WARN_DOCUMENTATION_COMMENTS = YES;
				CLANG_WARN_EMPTY_BODY = YES;
				CLANG_WARN_ENUM_CONVERSION = YES;
				CLANG_WARN_INFINITE_RECURSION = YES;
				CLANG_WARN_INT_CONVERSION = YES;
				CLANG_WARN_NON_LITERAL_NULL_CONVERSION = YES;
				CLANG_WARN_OBJC_IMPLICIT_RETAIN_SELF = YES;
				CLANG_WARN_OBJC_LITERAL_CONVERSION = YES;
				CLANG_WARN_OBJC_ROOT_CLASS = YES_ERROR;
				CLANG_WARN_QUOTED_INCLUDE_IN_FRAMEWORK_HEADER = YES;
				CLANG_WARN_RANGE_LOOP_ANALYSIS = YES;
				CLANG_WARN_STRICT_PROTOTYPES = YES;
				CLANG_WARN_SUSPICIOUS_MOVE = YES;
				CLANG_WARN_UNGUARDED_AVAILABILITY = YES_AGGRESSIVE;
				CLANG_WARN_UNREACHABLE_CODE = YES;
				CLANG_WARN__DUPLICATE_METHOD_MATCH = YES;
				COPY_PHASE_STRIP = NO;
				DEBUG_INFORMATION_FORMAT = dwarf;
				ENABLE_STRICT_OBJC_MSGSEND = YES;
				ENABLE_TESTABILITY = YES;
				GCC_C_LANGUAGE_STANDARD = gnu11;
				GCC_DYNAMIC_NO_PIC = NO;
				GCC_NO_COMMON_BLOCKS = YES;
				GCC_OPTIMIZATION_LEVEL = 0;
				GCC_PREPROCESSOR_DEFINITIONS = (
					"DEBUG=1",
					"$(inherited)",
				);
				GCC_WARN_64_TO_32_BIT_CONVERSION = YES;
				GCC_WARN_ABOUT_RETURN_TYPE = YES_ERROR;
				GCC_WARN_UNDECLARED_SELECTOR = YES;
				GCC_WARN_UNINITIALIZED_AUTOS = YES_AGGRESSIVE;
				GCC_WARN_UNUSED_FUNCTION = YES;
				GCC_WARN_UNUSED_VARIABLE = YES;
				IPHONEOS_DEPLOYMENT_TARGET = 15.0;
				MTL_ENABLE_DEBUG_INFO = INCLUDE_SOURCE;
				MTL_FAST_MATH = YES;
				ONLY_ACTIVE_ARCH = YES;
				SDKROOT = iphoneos;
				SWIFT_ACTIVE_COMPILATION_CONDITIONS = DEBUG;
				SWIFT_OPTIMIZATION_LEVEL = "-Onone";
			};
			name = "Debug Staging";
		};
		2FC8C2A42761CC970085F36E /* Debug Staging */ = {
			isa = XCBuildConfiguration;
			buildSettings = {
				ASSETCATALOG_COMPILER_APPICON_NAME = AppIcon;
				ASSETCATALOG_COMPILER_GLOBAL_ACCENT_COLOR_NAME = AccentColor;
				CODE_SIGN_IDENTITY = "Apple Development";
				CODE_SIGN_STYLE = Manual;
				CURRENT_PROJECT_VERSION = 1;
				DEVELOPMENT_ASSET_PATHS = "\"CocoaHeadsApp/Preview Content\"";
				DEVELOPMENT_TEAM = "";
				ENABLE_PREVIEWS = YES;
				GENERATE_INFOPLIST_FILE = YES;
				INFOPLIST_KEY_UIApplicationSceneManifest_Generation = YES;
				INFOPLIST_KEY_UIApplicationSupportsIndirectInputEvents = YES;
				INFOPLIST_KEY_UILaunchScreen_Generation = YES;
				INFOPLIST_KEY_UISupportedInterfaceOrientations_iPad = "UIInterfaceOrientationPortrait UIInterfaceOrientationPortraitUpsideDown UIInterfaceOrientationLandscapeLeft UIInterfaceOrientationLandscapeRight";
				INFOPLIST_KEY_UISupportedInterfaceOrientations_iPhone = "UIInterfaceOrientationPortrait UIInterfaceOrientationLandscapeLeft UIInterfaceOrientationLandscapeRight";
				IPHONEOS_DEPLOYMENT_TARGET = 16.0;
				LD_RUNPATH_SEARCH_PATHS = (
					"$(inherited)",
					"@executable_path/Frameworks",
				);
				MARKETING_VERSION = 1.0;
				PRODUCT_BUNDLE_IDENTIFIER = "bd.com.monstarlab.--cookiecutter-app-name--";
				PRODUCT_NAME = "$(TARGET_NAME)";
				PROVISIONING_PROFILE_SPECIFIER = "";
				SWIFT_EMIT_LOC_STRINGS = YES;
				SWIFT_VERSION = 5.0;
				TARGETED_DEVICE_FAMILY = "1,2";
			};
			name = "Debug Staging";
		};
		2FC8C2A52761CC970085F36E /* Debug Staging */ = {
			isa = XCBuildConfiguration;
			buildSettings = {
				ALWAYS_EMBED_SWIFT_STANDARD_LIBRARIES = YES;
				BUNDLE_LOADER = "$(TEST_HOST)";
				CODE_SIGN_STYLE = Automatic;
				CURRENT_PROJECT_VERSION = 1;
				DEVELOPMENT_TEAM = Y42MGDVV9X;
				GENERATE_INFOPLIST_FILE = YES;
				IPHONEOS_DEPLOYMENT_TARGET = 15.0;
				LD_RUNPATH_SEARCH_PATHS = (
					"$(inherited)",
					"@executable_path/Frameworks",
					"@loader_path/Frameworks",
				);
				MARKETING_VERSION = 1.0;
				PRODUCT_BUNDLE_IDENTIFIER = "bd.com.rokon..--cookiecutter-app-name--Tests";
				PRODUCT_NAME = "$(TARGET_NAME)";
				SWIFT_EMIT_LOC_STRINGS = NO;
				SWIFT_VERSION = 5.0;
				TARGETED_DEVICE_FAMILY = "1,2";
				TEST_HOST = "$(BUILT_PRODUCTS_DIR)/CocoaHeadsApp.app/CocoaHeadsApp";
			};
			name = "Debug Staging";
		};
		2FC8C2A62761CC970085F36E /* Debug Staging */ = {
			isa = XCBuildConfiguration;
			buildSettings = {
				ALWAYS_EMBED_SWIFT_STANDARD_LIBRARIES = YES;
				CODE_SIGN_STYLE = Automatic;
				CURRENT_PROJECT_VERSION = 1;
				DEVELOPMENT_TEAM = Y42MGDVV9X;
				GENERATE_INFOPLIST_FILE = YES;
				LD_RUNPATH_SEARCH_PATHS = (
					"$(inherited)",
					"@executable_path/Frameworks",
					"@loader_path/Frameworks",
				);
				MARKETING_VERSION = 1.0;
				PRODUCT_BUNDLE_IDENTIFIER = "bd.com.rokon..--cookiecutter-app-name--UITests";
				PRODUCT_NAME = "$(TARGET_NAME)";
				SWIFT_EMIT_LOC_STRINGS = NO;
				SWIFT_VERSION = 5.0;
				TARGETED_DEVICE_FAMILY = "1,2";
				TEST_TARGET_NAME = CocoaHeadsApp;
			};
			name = "Debug Staging";
		};
		2FC8C2AB2761CCA90085F36E /* Debug Production */ = {
			isa = XCBuildConfiguration;
			baseConfigurationReference = 67B2B5C429127D3A00B2E0AC /* Production.xcconfig */;
			buildSettings = {
				ALWAYS_SEARCH_USER_PATHS = NO;
				CLANG_ANALYZER_NONNULL = YES;
				CLANG_ANALYZER_NUMBER_OBJECT_CONVERSION = YES_AGGRESSIVE;
				CLANG_CXX_LANGUAGE_STANDARD = "gnu++17";
				CLANG_CXX_LIBRARY = "libc++";
				CLANG_ENABLE_MODULES = YES;
				CLANG_ENABLE_OBJC_ARC = YES;
				CLANG_ENABLE_OBJC_WEAK = YES;
				CLANG_WARN_BLOCK_CAPTURE_AUTORELEASING = YES;
				CLANG_WARN_BOOL_CONVERSION = YES;
				CLANG_WARN_COMMA = YES;
				CLANG_WARN_CONSTANT_CONVERSION = YES;
				CLANG_WARN_DEPRECATED_OBJC_IMPLEMENTATIONS = YES;
				CLANG_WARN_DIRECT_OBJC_ISA_USAGE = YES_ERROR;
				CLANG_WARN_DOCUMENTATION_COMMENTS = YES;
				CLANG_WARN_EMPTY_BODY = YES;
				CLANG_WARN_ENUM_CONVERSION = YES;
				CLANG_WARN_INFINITE_RECURSION = YES;
				CLANG_WARN_INT_CONVERSION = YES;
				CLANG_WARN_NON_LITERAL_NULL_CONVERSION = YES;
				CLANG_WARN_OBJC_IMPLICIT_RETAIN_SELF = YES;
				CLANG_WARN_OBJC_LITERAL_CONVERSION = YES;
				CLANG_WARN_OBJC_ROOT_CLASS = YES_ERROR;
				CLANG_WARN_QUOTED_INCLUDE_IN_FRAMEWORK_HEADER = YES;
				CLANG_WARN_RANGE_LOOP_ANALYSIS = YES;
				CLANG_WARN_STRICT_PROTOTYPES = YES;
				CLANG_WARN_SUSPICIOUS_MOVE = YES;
				CLANG_WARN_UNGUARDED_AVAILABILITY = YES_AGGRESSIVE;
				CLANG_WARN_UNREACHABLE_CODE = YES;
				CLANG_WARN__DUPLICATE_METHOD_MATCH = YES;
				COPY_PHASE_STRIP = NO;
				DEBUG_INFORMATION_FORMAT = dwarf;
				ENABLE_STRICT_OBJC_MSGSEND = YES;
				ENABLE_TESTABILITY = YES;
				GCC_C_LANGUAGE_STANDARD = gnu11;
				GCC_DYNAMIC_NO_PIC = NO;
				GCC_NO_COMMON_BLOCKS = YES;
				GCC_OPTIMIZATION_LEVEL = 0;
				GCC_PREPROCESSOR_DEFINITIONS = (
					"DEBUG=1",
					"$(inherited)",
				);
				GCC_WARN_64_TO_32_BIT_CONVERSION = YES;
				GCC_WARN_ABOUT_RETURN_TYPE = YES_ERROR;
				GCC_WARN_UNDECLARED_SELECTOR = YES;
				GCC_WARN_UNINITIALIZED_AUTOS = YES_AGGRESSIVE;
				GCC_WARN_UNUSED_FUNCTION = YES;
				GCC_WARN_UNUSED_VARIABLE = YES;
				IPHONEOS_DEPLOYMENT_TARGET = 15.0;
				MTL_ENABLE_DEBUG_INFO = INCLUDE_SOURCE;
				MTL_FAST_MATH = YES;
				ONLY_ACTIVE_ARCH = YES;
				SDKROOT = iphoneos;
				SWIFT_ACTIVE_COMPILATION_CONDITIONS = DEBUG;
				SWIFT_OPTIMIZATION_LEVEL = "-Onone";
			};
			name = "Debug Production";
		};
		2FC8C2AC2761CCA90085F36E /* Debug Production */ = {
			isa = XCBuildConfiguration;
			buildSettings = {
				ASSETCATALOG_COMPILER_APPICON_NAME = AppIcon;
				ASSETCATALOG_COMPILER_GLOBAL_ACCENT_COLOR_NAME = AccentColor;
				CODE_SIGN_IDENTITY = "Apple Development";
				CODE_SIGN_STYLE = Manual;
				CURRENT_PROJECT_VERSION = 1;
				DEVELOPMENT_ASSET_PATHS = "\"CocoaHeadsApp/Preview Content\"";
				DEVELOPMENT_TEAM = "";
				ENABLE_PREVIEWS = YES;
				GENERATE_INFOPLIST_FILE = YES;
				INFOPLIST_KEY_UIApplicationSceneManifest_Generation = YES;
				INFOPLIST_KEY_UIApplicationSupportsIndirectInputEvents = YES;
				INFOPLIST_KEY_UILaunchScreen_Generation = YES;
				INFOPLIST_KEY_UISupportedInterfaceOrientations_iPad = "UIInterfaceOrientationPortrait UIInterfaceOrientationPortraitUpsideDown UIInterfaceOrientationLandscapeLeft UIInterfaceOrientationLandscapeRight";
				INFOPLIST_KEY_UISupportedInterfaceOrientations_iPhone = "UIInterfaceOrientationPortrait UIInterfaceOrientationLandscapeLeft UIInterfaceOrientationLandscapeRight";
				IPHONEOS_DEPLOYMENT_TARGET = 16.0;
				LD_RUNPATH_SEARCH_PATHS = (
					"$(inherited)",
					"@executable_path/Frameworks",
				);
				MARKETING_VERSION = 1.0;
				PRODUCT_BUNDLE_IDENTIFIER = "bd.com.monstarlab.--cookiecutter-app-name--";
				PRODUCT_NAME = "$(TARGET_NAME)";
				PROVISIONING_PROFILE_SPECIFIER = "";
				SWIFT_EMIT_LOC_STRINGS = YES;
				SWIFT_VERSION = 5.0;
				TARGETED_DEVICE_FAMILY = "1,2";
			};
			name = "Debug Production";
		};
		2FC8C2AD2761CCA90085F36E /* Debug Production */ = {
			isa = XCBuildConfiguration;
			buildSettings = {
				ALWAYS_EMBED_SWIFT_STANDARD_LIBRARIES = YES;
				BUNDLE_LOADER = "$(TEST_HOST)";
				CODE_SIGN_STYLE = Automatic;
				CURRENT_PROJECT_VERSION = 1;
				DEVELOPMENT_TEAM = Y42MGDVV9X;
				GENERATE_INFOPLIST_FILE = YES;
				IPHONEOS_DEPLOYMENT_TARGET = 15.0;
				LD_RUNPATH_SEARCH_PATHS = (
					"$(inherited)",
					"@executable_path/Frameworks",
					"@loader_path/Frameworks",
				);
				MARKETING_VERSION = 1.0;
				PRODUCT_BUNDLE_IDENTIFIER = "bd.com.rokon..--cookiecutter-app-name--Tests";
				PRODUCT_NAME = "$(TARGET_NAME)";
				SWIFT_EMIT_LOC_STRINGS = NO;
				SWIFT_VERSION = 5.0;
				TARGETED_DEVICE_FAMILY = "1,2";
				TEST_HOST = "$(BUILT_PRODUCTS_DIR)/CocoaHeadsApp.app/CocoaHeadsApp";
			};
			name = "Debug Production";
		};
		2FC8C2AE2761CCA90085F36E /* Debug Production */ = {
			isa = XCBuildConfiguration;
			buildSettings = {
				ALWAYS_EMBED_SWIFT_STANDARD_LIBRARIES = YES;
				CODE_SIGN_STYLE = Automatic;
				CURRENT_PROJECT_VERSION = 1;
				DEVELOPMENT_TEAM = Y42MGDVV9X;
				GENERATE_INFOPLIST_FILE = YES;
				LD_RUNPATH_SEARCH_PATHS = (
					"$(inherited)",
					"@executable_path/Frameworks",
					"@loader_path/Frameworks",
				);
				MARKETING_VERSION = 1.0;
				PRODUCT_BUNDLE_IDENTIFIER = "bd.com.rokon..--cookiecutter-app-name--UITests";
				PRODUCT_NAME = "$(TARGET_NAME)";
				SWIFT_EMIT_LOC_STRINGS = NO;
				SWIFT_VERSION = 5.0;
				TARGETED_DEVICE_FAMILY = "1,2";
				TEST_TARGET_NAME = CocoaHeadsApp;
			};
			name = "Debug Production";
		};
		2FC8C2B32761CCBE0085F36E /* Release Develop */ = {
			isa = XCBuildConfiguration;
			baseConfigurationReference = 67B2B5C029127D3A00B2E0AC /* Development.xcconfig */;
			buildSettings = {
				ALWAYS_SEARCH_USER_PATHS = NO;
				CLANG_ANALYZER_NONNULL = YES;
				CLANG_ANALYZER_NUMBER_OBJECT_CONVERSION = YES_AGGRESSIVE;
				CLANG_CXX_LANGUAGE_STANDARD = "gnu++17";
				CLANG_CXX_LIBRARY = "libc++";
				CLANG_ENABLE_MODULES = YES;
				CLANG_ENABLE_OBJC_ARC = YES;
				CLANG_ENABLE_OBJC_WEAK = YES;
				CLANG_WARN_BLOCK_CAPTURE_AUTORELEASING = YES;
				CLANG_WARN_BOOL_CONVERSION = YES;
				CLANG_WARN_COMMA = YES;
				CLANG_WARN_CONSTANT_CONVERSION = YES;
				CLANG_WARN_DEPRECATED_OBJC_IMPLEMENTATIONS = YES;
				CLANG_WARN_DIRECT_OBJC_ISA_USAGE = YES_ERROR;
				CLANG_WARN_DOCUMENTATION_COMMENTS = YES;
				CLANG_WARN_EMPTY_BODY = YES;
				CLANG_WARN_ENUM_CONVERSION = YES;
				CLANG_WARN_INFINITE_RECURSION = YES;
				CLANG_WARN_INT_CONVERSION = YES;
				CLANG_WARN_NON_LITERAL_NULL_CONVERSION = YES;
				CLANG_WARN_OBJC_IMPLICIT_RETAIN_SELF = YES;
				CLANG_WARN_OBJC_LITERAL_CONVERSION = YES;
				CLANG_WARN_OBJC_ROOT_CLASS = YES_ERROR;
				CLANG_WARN_QUOTED_INCLUDE_IN_FRAMEWORK_HEADER = YES;
				CLANG_WARN_RANGE_LOOP_ANALYSIS = YES;
				CLANG_WARN_STRICT_PROTOTYPES = YES;
				CLANG_WARN_SUSPICIOUS_MOVE = YES;
				CLANG_WARN_UNGUARDED_AVAILABILITY = YES_AGGRESSIVE;
				CLANG_WARN_UNREACHABLE_CODE = YES;
				CLANG_WARN__DUPLICATE_METHOD_MATCH = YES;
				COPY_PHASE_STRIP = NO;
				DEBUG_INFORMATION_FORMAT = "dwarf-with-dsym";
				ENABLE_NS_ASSERTIONS = NO;
				ENABLE_STRICT_OBJC_MSGSEND = YES;
				GCC_C_LANGUAGE_STANDARD = gnu11;
				GCC_NO_COMMON_BLOCKS = YES;
				GCC_WARN_64_TO_32_BIT_CONVERSION = YES;
				GCC_WARN_ABOUT_RETURN_TYPE = YES_ERROR;
				GCC_WARN_UNDECLARED_SELECTOR = YES;
				GCC_WARN_UNINITIALIZED_AUTOS = YES_AGGRESSIVE;
				GCC_WARN_UNUSED_FUNCTION = YES;
				GCC_WARN_UNUSED_VARIABLE = YES;
				IPHONEOS_DEPLOYMENT_TARGET = 15.0;
				MTL_ENABLE_DEBUG_INFO = NO;
				MTL_FAST_MATH = YES;
				SDKROOT = iphoneos;
				SWIFT_COMPILATION_MODE = wholemodule;
				SWIFT_OPTIMIZATION_LEVEL = "-O";
				VALIDATE_PRODUCT = YES;
			};
			name = "Release Develop";
		};
		2FC8C2B42761CCBE0085F36E /* Release Develop */ = {
			isa = XCBuildConfiguration;
			buildSettings = {
				ASSETCATALOG_COMPILER_APPICON_NAME = AppIcon;
				ASSETCATALOG_COMPILER_GLOBAL_ACCENT_COLOR_NAME = AccentColor;
				CODE_SIGN_IDENTITY = "Apple Development";
				CODE_SIGN_STYLE = Manual;
				CURRENT_PROJECT_VERSION = 1;
				DEVELOPMENT_ASSET_PATHS = "\"CocoaHeadsApp/Preview Content\"";
				DEVELOPMENT_TEAM = "";
				ENABLE_PREVIEWS = YES;
				GENERATE_INFOPLIST_FILE = YES;
				INFOPLIST_KEY_UIApplicationSceneManifest_Generation = YES;
				INFOPLIST_KEY_UIApplicationSupportsIndirectInputEvents = YES;
				INFOPLIST_KEY_UILaunchScreen_Generation = YES;
				INFOPLIST_KEY_UISupportedInterfaceOrientations_iPad = "UIInterfaceOrientationPortrait UIInterfaceOrientationPortraitUpsideDown UIInterfaceOrientationLandscapeLeft UIInterfaceOrientationLandscapeRight";
				INFOPLIST_KEY_UISupportedInterfaceOrientations_iPhone = "UIInterfaceOrientationPortrait UIInterfaceOrientationLandscapeLeft UIInterfaceOrientationLandscapeRight";
				IPHONEOS_DEPLOYMENT_TARGET = 16.0;
				LD_RUNPATH_SEARCH_PATHS = (
					"$(inherited)",
					"@executable_path/Frameworks",
				);
				MARKETING_VERSION = 1.0;
				PRODUCT_BUNDLE_IDENTIFIER = "bd.com.monstarlab.--cookiecutter-app-name--";
				PRODUCT_NAME = "$(TARGET_NAME)";
				PROVISIONING_PROFILE_SPECIFIER = "";
				SWIFT_EMIT_LOC_STRINGS = YES;
				SWIFT_VERSION = 5.0;
				TARGETED_DEVICE_FAMILY = "1,2";
			};
			name = "Release Develop";
		};
		2FC8C2B52761CCBE0085F36E /* Release Develop */ = {
			isa = XCBuildConfiguration;
			buildSettings = {
				ALWAYS_EMBED_SWIFT_STANDARD_LIBRARIES = YES;
				BUNDLE_LOADER = "$(TEST_HOST)";
				CODE_SIGN_STYLE = Automatic;
				CURRENT_PROJECT_VERSION = 1;
				DEVELOPMENT_TEAM = Y42MGDVV9X;
				GENERATE_INFOPLIST_FILE = YES;
				IPHONEOS_DEPLOYMENT_TARGET = 15.0;
				LD_RUNPATH_SEARCH_PATHS = (
					"$(inherited)",
					"@executable_path/Frameworks",
					"@loader_path/Frameworks",
				);
				MARKETING_VERSION = 1.0;
				PRODUCT_BUNDLE_IDENTIFIER = "bd.com.rokon..--cookiecutter-app-name--Tests";
				PRODUCT_NAME = "$(TARGET_NAME)";
				SWIFT_EMIT_LOC_STRINGS = NO;
				SWIFT_VERSION = 5.0;
				TARGETED_DEVICE_FAMILY = "1,2";
				TEST_HOST = "$(BUILT_PRODUCTS_DIR)/CocoaHeadsApp.app/CocoaHeadsApp";
			};
			name = "Release Develop";
		};
		2FC8C2B62761CCBE0085F36E /* Release Develop */ = {
			isa = XCBuildConfiguration;
			buildSettings = {
				ALWAYS_EMBED_SWIFT_STANDARD_LIBRARIES = YES;
				CODE_SIGN_STYLE = Automatic;
				CURRENT_PROJECT_VERSION = 1;
				DEVELOPMENT_TEAM = Y42MGDVV9X;
				GENERATE_INFOPLIST_FILE = YES;
				LD_RUNPATH_SEARCH_PATHS = (
					"$(inherited)",
					"@executable_path/Frameworks",
					"@loader_path/Frameworks",
				);
				MARKETING_VERSION = 1.0;
				PRODUCT_BUNDLE_IDENTIFIER = "bd.com.rokon..--cookiecutter-app-name--UITests";
				PRODUCT_NAME = "$(TARGET_NAME)";
				SWIFT_EMIT_LOC_STRINGS = NO;
				SWIFT_VERSION = 5.0;
				TARGETED_DEVICE_FAMILY = "1,2";
				TEST_TARGET_NAME = CocoaHeadsApp;
			};
			name = "Release Develop";
		};
		2FC8C2BB2761CCD70085F36E /* Release Staging */ = {
			isa = XCBuildConfiguration;
			baseConfigurationReference = 67B2B5BD29127D3A00B2E0AC /* Staging.xcconfig */;
			buildSettings = {
				ALWAYS_SEARCH_USER_PATHS = NO;
				CLANG_ANALYZER_NONNULL = YES;
				CLANG_ANALYZER_NUMBER_OBJECT_CONVERSION = YES_AGGRESSIVE;
				CLANG_CXX_LANGUAGE_STANDARD = "gnu++17";
				CLANG_CXX_LIBRARY = "libc++";
				CLANG_ENABLE_MODULES = YES;
				CLANG_ENABLE_OBJC_ARC = YES;
				CLANG_ENABLE_OBJC_WEAK = YES;
				CLANG_WARN_BLOCK_CAPTURE_AUTORELEASING = YES;
				CLANG_WARN_BOOL_CONVERSION = YES;
				CLANG_WARN_COMMA = YES;
				CLANG_WARN_CONSTANT_CONVERSION = YES;
				CLANG_WARN_DEPRECATED_OBJC_IMPLEMENTATIONS = YES;
				CLANG_WARN_DIRECT_OBJC_ISA_USAGE = YES_ERROR;
				CLANG_WARN_DOCUMENTATION_COMMENTS = YES;
				CLANG_WARN_EMPTY_BODY = YES;
				CLANG_WARN_ENUM_CONVERSION = YES;
				CLANG_WARN_INFINITE_RECURSION = YES;
				CLANG_WARN_INT_CONVERSION = YES;
				CLANG_WARN_NON_LITERAL_NULL_CONVERSION = YES;
				CLANG_WARN_OBJC_IMPLICIT_RETAIN_SELF = YES;
				CLANG_WARN_OBJC_LITERAL_CONVERSION = YES;
				CLANG_WARN_OBJC_ROOT_CLASS = YES_ERROR;
				CLANG_WARN_QUOTED_INCLUDE_IN_FRAMEWORK_HEADER = YES;
				CLANG_WARN_RANGE_LOOP_ANALYSIS = YES;
				CLANG_WARN_STRICT_PROTOTYPES = YES;
				CLANG_WARN_SUSPICIOUS_MOVE = YES;
				CLANG_WARN_UNGUARDED_AVAILABILITY = YES_AGGRESSIVE;
				CLANG_WARN_UNREACHABLE_CODE = YES;
				CLANG_WARN__DUPLICATE_METHOD_MATCH = YES;
				COPY_PHASE_STRIP = NO;
				DEBUG_INFORMATION_FORMAT = "dwarf-with-dsym";
				ENABLE_NS_ASSERTIONS = NO;
				ENABLE_STRICT_OBJC_MSGSEND = YES;
				GCC_C_LANGUAGE_STANDARD = gnu11;
				GCC_NO_COMMON_BLOCKS = YES;
				GCC_WARN_64_TO_32_BIT_CONVERSION = YES;
				GCC_WARN_ABOUT_RETURN_TYPE = YES_ERROR;
				GCC_WARN_UNDECLARED_SELECTOR = YES;
				GCC_WARN_UNINITIALIZED_AUTOS = YES_AGGRESSIVE;
				GCC_WARN_UNUSED_FUNCTION = YES;
				GCC_WARN_UNUSED_VARIABLE = YES;
				IPHONEOS_DEPLOYMENT_TARGET = 15.0;
				MTL_ENABLE_DEBUG_INFO = NO;
				MTL_FAST_MATH = YES;
				SDKROOT = iphoneos;
				SWIFT_COMPILATION_MODE = wholemodule;
				SWIFT_OPTIMIZATION_LEVEL = "-O";
				VALIDATE_PRODUCT = YES;
			};
			name = "Release Staging";
		};
		2FC8C2BC2761CCD70085F36E /* Release Staging */ = {
			isa = XCBuildConfiguration;
			buildSettings = {
				ASSETCATALOG_COMPILER_APPICON_NAME = AppIcon;
				ASSETCATALOG_COMPILER_GLOBAL_ACCENT_COLOR_NAME = AccentColor;
				CODE_SIGN_IDENTITY = "Apple Development";
				CODE_SIGN_STYLE = Manual;
				CURRENT_PROJECT_VERSION = 1;
				DEVELOPMENT_ASSET_PATHS = "\"CocoaHeadsApp/Preview Content\"";
				DEVELOPMENT_TEAM = "";
				ENABLE_PREVIEWS = YES;
				GENERATE_INFOPLIST_FILE = YES;
				INFOPLIST_KEY_UIApplicationSceneManifest_Generation = YES;
				INFOPLIST_KEY_UIApplicationSupportsIndirectInputEvents = YES;
				INFOPLIST_KEY_UILaunchScreen_Generation = YES;
				INFOPLIST_KEY_UISupportedInterfaceOrientations_iPad = "UIInterfaceOrientationPortrait UIInterfaceOrientationPortraitUpsideDown UIInterfaceOrientationLandscapeLeft UIInterfaceOrientationLandscapeRight";
				INFOPLIST_KEY_UISupportedInterfaceOrientations_iPhone = "UIInterfaceOrientationPortrait UIInterfaceOrientationLandscapeLeft UIInterfaceOrientationLandscapeRight";
				IPHONEOS_DEPLOYMENT_TARGET = 16.0;
				LD_RUNPATH_SEARCH_PATHS = (
					"$(inherited)",
					"@executable_path/Frameworks",
				);
				MARKETING_VERSION = 1.0;
				PRODUCT_BUNDLE_IDENTIFIER = "bd.com.monstarlab.--cookiecutter-app-name--";
				PRODUCT_NAME = "$(TARGET_NAME)";
				PROVISIONING_PROFILE_SPECIFIER = "";
				SWIFT_EMIT_LOC_STRINGS = YES;
				SWIFT_VERSION = 5.0;
				TARGETED_DEVICE_FAMILY = "1,2";
			};
			name = "Release Staging";
		};
		2FC8C2BD2761CCD70085F36E /* Release Staging */ = {
			isa = XCBuildConfiguration;
			buildSettings = {
				ALWAYS_EMBED_SWIFT_STANDARD_LIBRARIES = YES;
				BUNDLE_LOADER = "$(TEST_HOST)";
				CODE_SIGN_STYLE = Automatic;
				CURRENT_PROJECT_VERSION = 1;
				DEVELOPMENT_TEAM = Y42MGDVV9X;
				GENERATE_INFOPLIST_FILE = YES;
				IPHONEOS_DEPLOYMENT_TARGET = 15.0;
				LD_RUNPATH_SEARCH_PATHS = (
					"$(inherited)",
					"@executable_path/Frameworks",
					"@loader_path/Frameworks",
				);
				MARKETING_VERSION = 1.0;
				PRODUCT_BUNDLE_IDENTIFIER = "bd.com.rokon..--cookiecutter-app-name--Tests";
				PRODUCT_NAME = "$(TARGET_NAME)";
				SWIFT_EMIT_LOC_STRINGS = NO;
				SWIFT_VERSION = 5.0;
				TARGETED_DEVICE_FAMILY = "1,2";
				TEST_HOST = "$(BUILT_PRODUCTS_DIR)/CocoaHeadsApp.app/CocoaHeadsApp";
			};
			name = "Release Staging";
		};
		2FC8C2BE2761CCD70085F36E /* Release Staging */ = {
			isa = XCBuildConfiguration;
			buildSettings = {
				ALWAYS_EMBED_SWIFT_STANDARD_LIBRARIES = YES;
				CODE_SIGN_STYLE = Automatic;
				CURRENT_PROJECT_VERSION = 1;
				DEVELOPMENT_TEAM = Y42MGDVV9X;
				GENERATE_INFOPLIST_FILE = YES;
				LD_RUNPATH_SEARCH_PATHS = (
					"$(inherited)",
					"@executable_path/Frameworks",
					"@loader_path/Frameworks",
				);
				MARKETING_VERSION = 1.0;
				PRODUCT_BUNDLE_IDENTIFIER = "bd.com.rokon..--cookiecutter-app-name--UITests";
				PRODUCT_NAME = "$(TARGET_NAME)";
				SWIFT_EMIT_LOC_STRINGS = NO;
				SWIFT_VERSION = 5.0;
				TARGETED_DEVICE_FAMILY = "1,2";
				TEST_TARGET_NAME = CocoaHeadsApp;
			};
			name = "Release Staging";
		};
		2FC8C2C32761CCE40085F36E /* Release Production */ = {
			isa = XCBuildConfiguration;
			baseConfigurationReference = 67B2B5C429127D3A00B2E0AC /* Production.xcconfig */;
			buildSettings = {
				ALWAYS_SEARCH_USER_PATHS = NO;
				CLANG_ANALYZER_NONNULL = YES;
				CLANG_ANALYZER_NUMBER_OBJECT_CONVERSION = YES_AGGRESSIVE;
				CLANG_CXX_LANGUAGE_STANDARD = "gnu++17";
				CLANG_CXX_LIBRARY = "libc++";
				CLANG_ENABLE_MODULES = YES;
				CLANG_ENABLE_OBJC_ARC = YES;
				CLANG_ENABLE_OBJC_WEAK = YES;
				CLANG_WARN_BLOCK_CAPTURE_AUTORELEASING = YES;
				CLANG_WARN_BOOL_CONVERSION = YES;
				CLANG_WARN_COMMA = YES;
				CLANG_WARN_CONSTANT_CONVERSION = YES;
				CLANG_WARN_DEPRECATED_OBJC_IMPLEMENTATIONS = YES;
				CLANG_WARN_DIRECT_OBJC_ISA_USAGE = YES_ERROR;
				CLANG_WARN_DOCUMENTATION_COMMENTS = YES;
				CLANG_WARN_EMPTY_BODY = YES;
				CLANG_WARN_ENUM_CONVERSION = YES;
				CLANG_WARN_INFINITE_RECURSION = YES;
				CLANG_WARN_INT_CONVERSION = YES;
				CLANG_WARN_NON_LITERAL_NULL_CONVERSION = YES;
				CLANG_WARN_OBJC_IMPLICIT_RETAIN_SELF = YES;
				CLANG_WARN_OBJC_LITERAL_CONVERSION = YES;
				CLANG_WARN_OBJC_ROOT_CLASS = YES_ERROR;
				CLANG_WARN_QUOTED_INCLUDE_IN_FRAMEWORK_HEADER = YES;
				CLANG_WARN_RANGE_LOOP_ANALYSIS = YES;
				CLANG_WARN_STRICT_PROTOTYPES = YES;
				CLANG_WARN_SUSPICIOUS_MOVE = YES;
				CLANG_WARN_UNGUARDED_AVAILABILITY = YES_AGGRESSIVE;
				CLANG_WARN_UNREACHABLE_CODE = YES;
				CLANG_WARN__DUPLICATE_METHOD_MATCH = YES;
				COPY_PHASE_STRIP = NO;
				DEBUG_INFORMATION_FORMAT = "dwarf-with-dsym";
				ENABLE_NS_ASSERTIONS = NO;
				ENABLE_STRICT_OBJC_MSGSEND = YES;
				GCC_C_LANGUAGE_STANDARD = gnu11;
				GCC_NO_COMMON_BLOCKS = YES;
				GCC_WARN_64_TO_32_BIT_CONVERSION = YES;
				GCC_WARN_ABOUT_RETURN_TYPE = YES_ERROR;
				GCC_WARN_UNDECLARED_SELECTOR = YES;
				GCC_WARN_UNINITIALIZED_AUTOS = YES_AGGRESSIVE;
				GCC_WARN_UNUSED_FUNCTION = YES;
				GCC_WARN_UNUSED_VARIABLE = YES;
				IPHONEOS_DEPLOYMENT_TARGET = 15.0;
				MTL_ENABLE_DEBUG_INFO = NO;
				MTL_FAST_MATH = YES;
				SDKROOT = iphoneos;
				SWIFT_COMPILATION_MODE = wholemodule;
				SWIFT_OPTIMIZATION_LEVEL = "-O";
				VALIDATE_PRODUCT = YES;
			};
			name = "Release Production";
		};
		2FC8C2C42761CCE40085F36E /* Release Production */ = {
			isa = XCBuildConfiguration;
			buildSettings = {
				ASSETCATALOG_COMPILER_APPICON_NAME = AppIcon;
				ASSETCATALOG_COMPILER_GLOBAL_ACCENT_COLOR_NAME = AccentColor;
				CODE_SIGN_IDENTITY = "Apple Development";
				CODE_SIGN_STYLE = Manual;
				CURRENT_PROJECT_VERSION = 1;
				DEVELOPMENT_ASSET_PATHS = "\"CocoaHeadsApp/Preview Content\"";
				DEVELOPMENT_TEAM = "";
				ENABLE_PREVIEWS = YES;
				GENERATE_INFOPLIST_FILE = YES;
				INFOPLIST_KEY_UIApplicationSceneManifest_Generation = YES;
				INFOPLIST_KEY_UIApplicationSupportsIndirectInputEvents = YES;
				INFOPLIST_KEY_UILaunchScreen_Generation = YES;
				INFOPLIST_KEY_UISupportedInterfaceOrientations_iPad = "UIInterfaceOrientationPortrait UIInterfaceOrientationPortraitUpsideDown UIInterfaceOrientationLandscapeLeft UIInterfaceOrientationLandscapeRight";
				INFOPLIST_KEY_UISupportedInterfaceOrientations_iPhone = "UIInterfaceOrientationPortrait UIInterfaceOrientationLandscapeLeft UIInterfaceOrientationLandscapeRight";
				IPHONEOS_DEPLOYMENT_TARGET = 16.0;
				LD_RUNPATH_SEARCH_PATHS = (
					"$(inherited)",
					"@executable_path/Frameworks",
				);
				MARKETING_VERSION = 1.0;
				PRODUCT_BUNDLE_IDENTIFIER = "bd.com.monstarlab.--cookiecutter-app-name--";
				PRODUCT_NAME = "$(TARGET_NAME)";
				PROVISIONING_PROFILE_SPECIFIER = "";
				SWIFT_EMIT_LOC_STRINGS = YES;
				SWIFT_VERSION = 5.0;
				TARGETED_DEVICE_FAMILY = "1,2";
			};
			name = "Release Production";
		};
		2FC8C2C52761CCE40085F36E /* Release Production */ = {
			isa = XCBuildConfiguration;
			buildSettings = {
				ALWAYS_EMBED_SWIFT_STANDARD_LIBRARIES = YES;
				BUNDLE_LOADER = "$(TEST_HOST)";
				CODE_SIGN_STYLE = Automatic;
				CURRENT_PROJECT_VERSION = 1;
				DEVELOPMENT_TEAM = Y42MGDVV9X;
				GENERATE_INFOPLIST_FILE = YES;
				IPHONEOS_DEPLOYMENT_TARGET = 15.0;
				LD_RUNPATH_SEARCH_PATHS = (
					"$(inherited)",
					"@executable_path/Frameworks",
					"@loader_path/Frameworks",
				);
				MARKETING_VERSION = 1.0;
				PRODUCT_BUNDLE_IDENTIFIER = "bd.com.rokon..--cookiecutter-app-name--Tests";
				PRODUCT_NAME = "$(TARGET_NAME)";
				SWIFT_EMIT_LOC_STRINGS = NO;
				SWIFT_VERSION = 5.0;
				TARGETED_DEVICE_FAMILY = "1,2";
				TEST_HOST = "$(BUILT_PRODUCTS_DIR)/CocoaHeadsApp.app/CocoaHeadsApp";
			};
			name = "Release Production";
		};
		2FC8C2C62761CCE40085F36E /* Release Production */ = {
			isa = XCBuildConfiguration;
			buildSettings = {
				ALWAYS_EMBED_SWIFT_STANDARD_LIBRARIES = YES;
				CODE_SIGN_STYLE = Automatic;
				CURRENT_PROJECT_VERSION = 1;
				DEVELOPMENT_TEAM = Y42MGDVV9X;
				GENERATE_INFOPLIST_FILE = YES;
				LD_RUNPATH_SEARCH_PATHS = (
					"$(inherited)",
					"@executable_path/Frameworks",
					"@loader_path/Frameworks",
				);
				MARKETING_VERSION = 1.0;
				PRODUCT_BUNDLE_IDENTIFIER = "bd.com.rokon..--cookiecutter-app-name--UITests";
				PRODUCT_NAME = "$(TARGET_NAME)";
				SWIFT_EMIT_LOC_STRINGS = NO;
				SWIFT_VERSION = 5.0;
				TARGETED_DEVICE_FAMILY = "1,2";
				TEST_TARGET_NAME = CocoaHeadsApp;
			};
			name = "Release Production";
		};
/* End XCBuildConfiguration section */

/* Begin XCConfigurationList section */
		2F7B0E51273AD7AC00C68B1F /* Build configuration list for PBXProject "CocoaHeadsApp" */ = {
			isa = XCConfigurationList;
			buildConfigurations = (
				2FC8C28B2761CC620085F36E /* Debug Develop */,
				2FC8C2A32761CC970085F36E /* Debug Staging */,
				2FC8C2AB2761CCA90085F36E /* Debug Production */,
				2FC8C2B32761CCBE0085F36E /* Release Develop */,
				2FC8C2BB2761CCD70085F36E /* Release Staging */,
				2FC8C2C32761CCE40085F36E /* Release Production */,
			);
			defaultConfigurationIsVisible = 0;
			defaultConfigurationName = "Debug Develop";
		};
		2F7B0E7A273AD7AD00C68B1F /* Build configuration list for PBXNativeTarget "CocoaHeadsApp" */ = {
			isa = XCConfigurationList;
			buildConfigurations = (
				2FC8C28C2761CC620085F36E /* Debug Develop */,
				2FC8C2A42761CC970085F36E /* Debug Staging */,
				2FC8C2AC2761CCA90085F36E /* Debug Production */,
				2FC8C2B42761CCBE0085F36E /* Release Develop */,
				2FC8C2BC2761CCD70085F36E /* Release Staging */,
				2FC8C2C42761CCE40085F36E /* Release Production */,
			);
			defaultConfigurationIsVisible = 0;
			defaultConfigurationName = "Debug Develop";
		};
		2F7B0E7D273AD7AD00C68B1F /* Build configuration list for PBXNativeTarget "CocoaHeadsAppTests" */ = {
			isa = XCConfigurationList;
			buildConfigurations = (
				2FC8C28D2761CC620085F36E /* Debug Develop */,
				2FC8C2A52761CC970085F36E /* Debug Staging */,
				2FC8C2AD2761CCA90085F36E /* Debug Production */,
				2FC8C2B52761CCBE0085F36E /* Release Develop */,
				2FC8C2BD2761CCD70085F36E /* Release Staging */,
				2FC8C2C52761CCE40085F36E /* Release Production */,
			);
			defaultConfigurationIsVisible = 0;
			defaultConfigurationName = "Debug Develop";
		};
		2F7B0E80273AD7AD00C68B1F /* Build configuration list for PBXNativeTarget "CocoaHeadsAppUITests" */ = {
			isa = XCConfigurationList;
			buildConfigurations = (
				2FC8C28E2761CC620085F36E /* Debug Develop */,
				2FC8C2A62761CC970085F36E /* Debug Staging */,
				2FC8C2AE2761CCA90085F36E /* Debug Production */,
				2FC8C2B62761CCBE0085F36E /* Release Develop */,
				2FC8C2BE2761CCD70085F36E /* Release Staging */,
				2FC8C2C62761CCE40085F36E /* Release Production */,
			);
			defaultConfigurationIsVisible = 0;
			defaultConfigurationName = "Debug Develop";
		};
/* End XCConfigurationList section */

/* Begin XCRemoteSwiftPackageReference section */
		B20307492B207D4E00EBA314 /* XCRemoteSwiftPackageReference "swift-composable-architecture" */ = {
			isa = XCRemoteSwiftPackageReference;
			repositoryURL = "git@github.com:pointfreeco/swift-composable-architecture.git";
			requirement = {
				kind = upToNextMajorVersion;
				minimumVersion = 1.8.0;
			};
		};
/* End XCRemoteSwiftPackageReference section */

/* Begin XCSwiftPackageProductDependency section */
		2F0D066B2B76030C00442618 /* App */ = {
			isa = XCSwiftPackageProductDependency;
			productName = App;
		};
		2F0D066D2B76035F00442618 /* ComposableArchitecture */ = {
			isa = XCSwiftPackageProductDependency;
			productName = ComposableArchitecture;
		};
/* End XCSwiftPackageProductDependency section */
	};
	rootObject = 2F7B0E4E273AD7AC00C68B1F /* Project object */;
}
